// !$*UTF8*$!
{
	archiveVersion = 1;
	classes = {
	};
	objectVersion = 50;
	objects = {

/* Begin PBXBuildFile section */
		4AFA7E9925B5E54F006D1AD7 /* co_http_url.c in Sources */ = {isa = PBXBuildFile; fileRef = 4AFA7E8D25B5E54E006D1AD7 /* co_http_url.c */; };
		4AFA7E9A25B5E54F006D1AD7 /* co_http_response.c in Sources */ = {isa = PBXBuildFile; fileRef = 4AFA7E8E25B5E54E006D1AD7 /* co_http_response.c */; };
		4AFA7E9B25B5E54F006D1AD7 /* co_base64.c in Sources */ = {isa = PBXBuildFile; fileRef = 4AFA7E8F25B5E54E006D1AD7 /* co_base64.c */; };
		4AFA7E9C25B5E54F006D1AD7 /* co_http_header.c in Sources */ = {isa = PBXBuildFile; fileRef = 4AFA7E9025B5E54E006D1AD7 /* co_http_header.c */; };
		4AFA7E9D25B5E54F006D1AD7 /* co_http_content_receiver.c in Sources */ = {isa = PBXBuildFile; fileRef = 4AFA7E9125B5E54E006D1AD7 /* co_http_content_receiver.c */; };
		4AFA7E9E25B5E54F006D1AD7 /* co_http_client.c in Sources */ = {isa = PBXBuildFile; fileRef = 4AFA7E9225B5E54E006D1AD7 /* co_http_client.c */; };
		4AFA7E9F25B5E54F006D1AD7 /* co_http_cookie.c in Sources */ = {isa = PBXBuildFile; fileRef = 4AFA7E9325B5E54E006D1AD7 /* co_http_cookie.c */; };
		4AFA7EA025B5E54F006D1AD7 /* co_http_server.c in Sources */ = {isa = PBXBuildFile; fileRef = 4AFA7E9425B5E54E006D1AD7 /* co_http_server.c */; };
		4AFA7EA125B5E54F006D1AD7 /* co_http_string_list.c in Sources */ = {isa = PBXBuildFile; fileRef = 4AFA7E9525B5E54F006D1AD7 /* co_http_string_list.c */; };
		4AFA7EA225B5E54F006D1AD7 /* co_http_message.c in Sources */ = {isa = PBXBuildFile; fileRef = 4AFA7E9625B5E54F006D1AD7 /* co_http_message.c */; };
		4AFA7EA325B5E54F006D1AD7 /* co_http_request.c in Sources */ = {isa = PBXBuildFile; fileRef = 4AFA7E9725B5E54F006D1AD7 /* co_http_request.c */; };
		4AFA7EA425B5E54F006D1AD7 /* co_http.c in Sources */ = {isa = PBXBuildFile; fileRef = 4AFA7E9825B5E54F006D1AD7 /* co_http.c */; };
/* End PBXBuildFile section */

/* Begin PBXFileReference section */
		4AFA7E8325B5E500006D1AD7 /* libco_http.a */ = {isa = PBXFileReference; explicitFileType = archive.ar; includeInIndex = 0; path = libco_http.a; sourceTree = BUILT_PRODUCTS_DIR; };
		4AFA7E8D25B5E54E006D1AD7 /* co_http_url.c */ = {isa = PBXFileReference; fileEncoding = 4; lastKnownFileType = sourcecode.c.c; name = co_http_url.c; path = ../../../src/http/co_http_url.c; sourceTree = "<group>"; };
		4AFA7E8E25B5E54E006D1AD7 /* co_http_response.c */ = {isa = PBXFileReference; fileEncoding = 4; lastKnownFileType = sourcecode.c.c; name = co_http_response.c; path = ../../../src/http/co_http_response.c; sourceTree = "<group>"; };
		4AFA7E8F25B5E54E006D1AD7 /* co_base64.c */ = {isa = PBXFileReference; fileEncoding = 4; lastKnownFileType = sourcecode.c.c; name = co_base64.c; path = ../../../src/http/co_base64.c; sourceTree = "<group>"; };
		4AFA7E9025B5E54E006D1AD7 /* co_http_header.c */ = {isa = PBXFileReference; fileEncoding = 4; lastKnownFileType = sourcecode.c.c; name = co_http_header.c; path = ../../../src/http/co_http_header.c; sourceTree = "<group>"; };
		4AFA7E9125B5E54E006D1AD7 /* co_http_content_receiver.c */ = {isa = PBXFileReference; fileEncoding = 4; lastKnownFileType = sourcecode.c.c; name = co_http_content_receiver.c; path = ../../../src/http/co_http_content_receiver.c; sourceTree = "<group>"; };
		4AFA7E9225B5E54E006D1AD7 /* co_http_client.c */ = {isa = PBXFileReference; fileEncoding = 4; lastKnownFileType = sourcecode.c.c; name = co_http_client.c; path = ../../../src/http/co_http_client.c; sourceTree = "<group>"; };
		4AFA7E9325B5E54E006D1AD7 /* co_http_cookie.c */ = {isa = PBXFileReference; fileEncoding = 4; lastKnownFileType = sourcecode.c.c; name = co_http_cookie.c; path = ../../../src/http/co_http_cookie.c; sourceTree = "<group>"; };
		4AFA7E9425B5E54E006D1AD7 /* co_http_server.c */ = {isa = PBXFileReference; fileEncoding = 4; lastKnownFileType = sourcecode.c.c; name = co_http_server.c; path = ../../../src/http/co_http_server.c; sourceTree = "<group>"; };
		4AFA7E9525B5E54F006D1AD7 /* co_http_string_list.c */ = {isa = PBXFileReference; fileEncoding = 4; lastKnownFileType = sourcecode.c.c; name = co_http_string_list.c; path = ../../../src/http/co_http_string_list.c; sourceTree = "<group>"; };
		4AFA7E9625B5E54F006D1AD7 /* co_http_message.c */ = {isa = PBXFileReference; fileEncoding = 4; lastKnownFileType = sourcecode.c.c; name = co_http_message.c; path = ../../../src/http/co_http_message.c; sourceTree = "<group>"; };
		4AFA7E9725B5E54F006D1AD7 /* co_http_request.c */ = {isa = PBXFileReference; fileEncoding = 4; lastKnownFileType = sourcecode.c.c; name = co_http_request.c; path = ../../../src/http/co_http_request.c; sourceTree = "<group>"; };
		4AFA7E9825B5E54F006D1AD7 /* co_http.c */ = {isa = PBXFileReference; fileEncoding = 4; lastKnownFileType = sourcecode.c.c; name = co_http.c; path = ../../../src/http/co_http.c; sourceTree = "<group>"; };
		4AFA7EA625B5E563006D1AD7 /* http */ = {isa = PBXFileReference; lastKnownFileType = folder; name = http; path = ../../../inc/coldforce/http; sourceTree = "<group>"; };
/* End PBXFileReference section */

/* Begin PBXFrameworksBuildPhase section */
		4AFA7E8125B5E500006D1AD7 /* Frameworks */ = {
			isa = PBXFrameworksBuildPhase;
			buildActionMask = 2147483647;
			files = (
			);
			runOnlyForDeploymentPostprocessing = 0;
		};
/* End PBXFrameworksBuildPhase section */

/* Begin PBXGroup section */
		4AFA7E7A25B5E500006D1AD7 = {
			isa = PBXGroup;
			children = (
				4AFA7E8C25B5E52A006D1AD7 /* Source Files */,
				4AFA7E8B25B5E519006D1AD7 /* Header Files */,
				4AFA7E8425B5E500006D1AD7 /* Products */,
			);
			sourceTree = "<group>";
		};
		4AFA7E8425B5E500006D1AD7 /* Products */ = {
			isa = PBXGroup;
			children = (
				4AFA7E8325B5E500006D1AD7 /* libco_http.a */,
			);
			name = Products;
			sourceTree = "<group>";
		};
		4AFA7E8B25B5E519006D1AD7 /* Header Files */ = {
			isa = PBXGroup;
			children = (
				4AFA7EA625B5E563006D1AD7 /* http */,
			);
			name = "Header Files";
			sourceTree = "<group>";
		};
		4AFA7E8C25B5E52A006D1AD7 /* Source Files */ = {
			isa = PBXGroup;
			children = (
				4AFA7E8F25B5E54E006D1AD7 /* co_base64.c */,
				4AFA7E9225B5E54E006D1AD7 /* co_http_client.c */,
				4AFA7E9125B5E54E006D1AD7 /* co_http_content_receiver.c */,
				4AFA7E9325B5E54E006D1AD7 /* co_http_cookie.c */,
				4AFA7E9025B5E54E006D1AD7 /* co_http_header.c */,
				4AFA7E9625B5E54F006D1AD7 /* co_http_message.c */,
				4AFA7E9725B5E54F006D1AD7 /* co_http_request.c */,
				4AFA7E8E25B5E54E006D1AD7 /* co_http_response.c */,
				4AFA7E9425B5E54E006D1AD7 /* co_http_server.c */,
				4AFA7E9525B5E54F006D1AD7 /* co_http_string_list.c */,
				4AFA7E8D25B5E54E006D1AD7 /* co_http_url.c */,
				4AFA7E9825B5E54F006D1AD7 /* co_http.c */,
			);
			name = "Source Files";
			sourceTree = "<group>";
		};
/* End PBXGroup section */

/* Begin PBXHeadersBuildPhase section */
		4AFA7E7F25B5E500006D1AD7 /* Headers */ = {
			isa = PBXHeadersBuildPhase;
			buildActionMask = 2147483647;
			files = (
			);
			runOnlyForDeploymentPostprocessing = 0;
		};
/* End PBXHeadersBuildPhase section */

/* Begin PBXNativeTarget section */
		4AFA7E8225B5E500006D1AD7 /* co_http */ = {
			isa = PBXNativeTarget;
			buildConfigurationList = 4AFA7E8725B5E500006D1AD7 /* Build configuration list for PBXNativeTarget "co_http" */;
			buildPhases = (
				4AFA7E7F25B5E500006D1AD7 /* Headers */,
				4AFA7E8025B5E500006D1AD7 /* Sources */,
				4AFA7E8125B5E500006D1AD7 /* Frameworks */,
			);
			buildRules = (
			);
			dependencies = (
			);
			name = co_http;
			productName = co_http;
			productReference = 4AFA7E8325B5E500006D1AD7 /* libco_http.a */;
			productType = "com.apple.product-type.library.static";
		};
/* End PBXNativeTarget section */

/* Begin PBXProject section */
		4AFA7E7B25B5E500006D1AD7 /* Project object */ = {
			isa = PBXProject;
			attributes = {
				LastUpgradeCheck = 1200;
				TargetAttributes = {
					4AFA7E8225B5E500006D1AD7 = {
						CreatedOnToolsVersion = 12.0.1;
					};
				};
			};
			buildConfigurationList = 4AFA7E7E25B5E500006D1AD7 /* Build configuration list for PBXProject "co_http" */;
			compatibilityVersion = "Xcode 9.3";
			developmentRegion = en;
			hasScannedForEncodings = 0;
			knownRegions = (
				en,
				Base,
			);
			mainGroup = 4AFA7E7A25B5E500006D1AD7;
			productRefGroup = 4AFA7E8425B5E500006D1AD7 /* Products */;
			projectDirPath = "";
			projectRoot = "";
			targets = (
				4AFA7E8225B5E500006D1AD7 /* co_http */,
			);
		};
/* End PBXProject section */

/* Begin PBXSourcesBuildPhase section */
		4AFA7E8025B5E500006D1AD7 /* Sources */ = {
			isa = PBXSourcesBuildPhase;
			buildActionMask = 2147483647;
			files = (
				4AFA7EA125B5E54F006D1AD7 /* co_http_string_list.c in Sources */,
				4AFA7EA225B5E54F006D1AD7 /* co_http_message.c in Sources */,
				4AFA7EA025B5E54F006D1AD7 /* co_http_server.c in Sources */,
				4AFA7EA425B5E54F006D1AD7 /* co_http.c in Sources */,
				4AFA7E9A25B5E54F006D1AD7 /* co_http_response.c in Sources */,
				4AFA7EA325B5E54F006D1AD7 /* co_http_request.c in Sources */,
				4AFA7E9B25B5E54F006D1AD7 /* co_base64.c in Sources */,
				4AFA7E9C25B5E54F006D1AD7 /* co_http_header.c in Sources */,
				4AFA7E9925B5E54F006D1AD7 /* co_http_url.c in Sources */,
				4AFA7E9E25B5E54F006D1AD7 /* co_http_client.c in Sources */,
				4AFA7E9F25B5E54F006D1AD7 /* co_http_cookie.c in Sources */,
				4AFA7E9D25B5E54F006D1AD7 /* co_http_content_receiver.c in Sources */,
			);
			runOnlyForDeploymentPostprocessing = 0;
		};
/* End PBXSourcesBuildPhase section */

/* Begin XCBuildConfiguration section */
		4AFA7E8525B5E500006D1AD7 /* Debug */ = {
			isa = XCBuildConfiguration;
			buildSettings = {
				ALWAYS_SEARCH_USER_PATHS = NO;
				CLANG_ANALYZER_NONNULL = YES;
				CLANG_ANALYZER_NUMBER_OBJECT_CONVERSION = YES_AGGRESSIVE;
				CLANG_CXX_LANGUAGE_STANDARD = "gnu++14";
				CLANG_CXX_LIBRARY = "libc++";
				CLANG_ENABLE_MODULES = YES;
				CLANG_ENABLE_OBJC_ARC = YES;
				CLANG_ENABLE_OBJC_WEAK = YES;
				CLANG_WARN_BLOCK_CAPTURE_AUTORELEASING = YES;
				CLANG_WARN_BOOL_CONVERSION = YES;
				CLANG_WARN_COMMA = YES;
				CLANG_WARN_CONSTANT_CONVERSION = YES;
				CLANG_WARN_DEPRECATED_OBJC_IMPLEMENTATIONS = YES;
				CLANG_WARN_DIRECT_OBJC_ISA_USAGE = YES_ERROR;
				CLANG_WARN_DOCUMENTATION_COMMENTS = YES;
				CLANG_WARN_EMPTY_BODY = YES;
				CLANG_WARN_ENUM_CONVERSION = YES;
				CLANG_WARN_INFINITE_RECURSION = YES;
				CLANG_WARN_INT_CONVERSION = YES;
				CLANG_WARN_NON_LITERAL_NULL_CONVERSION = YES;
				CLANG_WARN_OBJC_IMPLICIT_RETAIN_SELF = YES;
				CLANG_WARN_OBJC_LITERAL_CONVERSION = YES;
				CLANG_WARN_OBJC_ROOT_CLASS = YES_ERROR;
				CLANG_WARN_QUOTED_INCLUDE_IN_FRAMEWORK_HEADER = YES;
				CLANG_WARN_RANGE_LOOP_ANALYSIS = YES;
				CLANG_WARN_STRICT_PROTOTYPES = YES;
				CLANG_WARN_SUSPICIOUS_MOVE = YES;
				CLANG_WARN_UNGUARDED_AVAILABILITY = YES_AGGRESSIVE;
				CLANG_WARN_UNREACHABLE_CODE = YES;
				CLANG_WARN__DUPLICATE_METHOD_MATCH = YES;
				COPY_PHASE_STRIP = NO;
				DEBUG_INFORMATION_FORMAT = dwarf;
				ENABLE_STRICT_OBJC_MSGSEND = YES;
				ENABLE_TESTABILITY = YES;
				GCC_C_LANGUAGE_STANDARD = gnu11;
				GCC_DYNAMIC_NO_PIC = NO;
				GCC_NO_COMMON_BLOCKS = YES;
				GCC_OPTIMIZATION_LEVEL = 0;
				GCC_PREPROCESSOR_DEFINITIONS = (
					"DEBUG=1",
					"$(inherited)",
				);
				GCC_WARN_64_TO_32_BIT_CONVERSION = YES;
				GCC_WARN_ABOUT_RETURN_TYPE = YES_ERROR;
				GCC_WARN_UNDECLARED_SELECTOR = YES;
				GCC_WARN_UNINITIALIZED_AUTOS = YES_AGGRESSIVE;
				GCC_WARN_UNUSED_FUNCTION = YES;
				GCC_WARN_UNUSED_VARIABLE = YES;
				MACOSX_DEPLOYMENT_TARGET = 10.15;
				MTL_ENABLE_DEBUG_INFO = INCLUDE_SOURCE;
				MTL_FAST_MATH = YES;
				ONLY_ACTIVE_ARCH = YES;
				SDKROOT = macosx;
			};
			name = Debug;
		};
		4AFA7E8625B5E500006D1AD7 /* Release */ = {
			isa = XCBuildConfiguration;
			buildSettings = {
				ALWAYS_SEARCH_USER_PATHS = NO;
				CLANG_ANALYZER_NONNULL = YES;
				CLANG_ANALYZER_NUMBER_OBJECT_CONVERSION = YES_AGGRESSIVE;
				CLANG_CXX_LANGUAGE_STANDARD = "gnu++14";
				CLANG_CXX_LIBRARY = "libc++";
				CLANG_ENABLE_MODULES = YES;
				CLANG_ENABLE_OBJC_ARC = YES;
				CLANG_ENABLE_OBJC_WEAK = YES;
				CLANG_WARN_BLOCK_CAPTURE_AUTORELEASING = YES;
				CLANG_WARN_BOOL_CONVERSION = YES;
				CLANG_WARN_COMMA = YES;
				CLANG_WARN_CONSTANT_CONVERSION = YES;
				CLANG_WARN_DEPRECATED_OBJC_IMPLEMENTATIONS = YES;
				CLANG_WARN_DIRECT_OBJC_ISA_USAGE = YES_ERROR;
				CLANG_WARN_DOCUMENTATION_COMMENTS = YES;
				CLANG_WARN_EMPTY_BODY = YES;
				CLANG_WARN_ENUM_CONVERSION = YES;
				CLANG_WARN_INFINITE_RECURSION = YES;
				CLANG_WARN_INT_CONVERSION = YES;
				CLANG_WARN_NON_LITERAL_NULL_CONVERSION = YES;
				CLANG_WARN_OBJC_IMPLICIT_RETAIN_SELF = YES;
				CLANG_WARN_OBJC_LITERAL_CONVERSION = YES;
				CLANG_WARN_OBJC_ROOT_CLASS = YES_ERROR;
				CLANG_WARN_QUOTED_INCLUDE_IN_FRAMEWORK_HEADER = YES;
				CLANG_WARN_RANGE_LOOP_ANALYSIS = YES;
				CLANG_WARN_STRICT_PROTOTYPES = YES;
				CLANG_WARN_SUSPICIOUS_MOVE = YES;
				CLANG_WARN_UNGUARDED_AVAILABILITY = YES_AGGRESSIVE;
				CLANG_WARN_UNREACHABLE_CODE = YES;
				CLANG_WARN__DUPLICATE_METHOD_MATCH = YES;
				COPY_PHASE_STRIP = NO;
				DEBUG_INFORMATION_FORMAT = "dwarf-with-dsym";
				ENABLE_NS_ASSERTIONS = NO;
				ENABLE_STRICT_OBJC_MSGSEND = YES;
				GCC_C_LANGUAGE_STANDARD = gnu11;
				GCC_NO_COMMON_BLOCKS = YES;
				GCC_WARN_64_TO_32_BIT_CONVERSION = YES;
				GCC_WARN_ABOUT_RETURN_TYPE = YES_ERROR;
				GCC_WARN_UNDECLARED_SELECTOR = YES;
				GCC_WARN_UNINITIALIZED_AUTOS = YES_AGGRESSIVE;
				GCC_WARN_UNUSED_FUNCTION = YES;
				GCC_WARN_UNUSED_VARIABLE = YES;
				MACOSX_DEPLOYMENT_TARGET = 10.15;
				MTL_ENABLE_DEBUG_INFO = NO;
				MTL_FAST_MATH = YES;
				SDKROOT = macosx;
			};
			name = Release;
		};
		4AFA7E8825B5E500006D1AD7 /* Debug */ = {
			isa = XCBuildConfiguration;
			buildSettings = {
				CODE_SIGN_STYLE = Automatic;
				EXECUTABLE_PREFIX = lib;
				HEADER_SEARCH_PATHS = (
					"../../../inc/**",
					"/usr/local/opt/openssl/include/**",
				);
				PRODUCT_NAME = "$(TARGET_NAME)";
				SKIP_INSTALL = YES;
			};
			name = Debug;
		};
		4AFA7E8925B5E500006D1AD7 /* Release */ = {
			isa = XCBuildConfiguration;
			buildSettings = {
				CODE_SIGN_STYLE = Automatic;
				EXECUTABLE_PREFIX = lib;
				HEADER_SEARCH_PATHS = (
					"../../../inc/**",
					"/usr/local/opt/openssl/include/**",
				);
				PRODUCT_NAME = "$(TARGET_NAME)";
				SKIP_INSTALL = YES;
			};
			name = Release;
		};
/* End XCBuildConfiguration section */

/* Begin XCConfigurationList section */
		4AFA7E7E25B5E500006D1AD7 /* Build configuration list for PBXProject "co_http" */ = {
			isa = XCConfigurationList;
			buildConfigurations = (
				4AFA7E8525B5E500006D1AD7 /* Debug */,
				4AFA7E8625B5E500006D1AD7 /* Release */,
			);
			defaultConfigurationIsVisible = 0;
			defaultConfigurationName = Release;
		};
		4AFA7E8725B5E500006D1AD7 /* Build configuration list for PBXNativeTarget "co_http" */ = {
			isa = XCConfigurationList;
			buildConfigurations = (
				4AFA7E8825B5E500006D1AD7 /* Debug */,
				4AFA7E8925B5E500006D1AD7 /* Release */,
			);
			defaultConfigurationIsVisible = 0;
			defaultConfigurationName = Release;
		};
/* End XCConfigurationList section */
	};
	rootObject = 4AFA7E7B25B5E500006D1AD7 /* Project object */;
}
