// !$*UTF8*$!
{
	archiveVersion = 1;
	classes = {
	};
	objectVersion = 50;
	objects = {

/* Begin PBXBuildFile section */
		4A7C9C5725E6793600B178AA /* main.c in Sources */ = {isa = PBXBuildFile; fileRef = 4A7C9C5625E6793600B178AA /* main.c */; };
		4A7C9C7B25E67A2000B178AA /* libco_core.a in Frameworks */ = {isa = PBXBuildFile; fileRef = 4A7C9C5E25E6797000B178AA /* libco_core.a */; };
		4A7C9C7C25E67A2000B178AA /* libco_http.a in Frameworks */ = {isa = PBXBuildFile; fileRef = 4A7C9C6625E6798400B178AA /* libco_http.a */; };
		4A7C9C7D25E67A2000B178AA /* libco_net.a in Frameworks */ = {isa = PBXBuildFile; fileRef = 4A7C9C6E25E679A500B178AA /* libco_net.a */; };
		4A7C9C7E25E67A2000B178AA /* libco_tls.a in Frameworks */ = {isa = PBXBuildFile; fileRef = 4A7C9C7625E679BC00B178AA /* libco_tls.a */; };
/* End PBXBuildFile section */

/* Begin PBXContainerItemProxy section */
		4A7C9C5D25E6797000B178AA /* PBXContainerItemProxy */ = {
			isa = PBXContainerItemProxy;
			containerPortal = 4A7C9C5925E6797000B178AA /* co_core.xcodeproj */;
			proxyType = 2;
			remoteGlobalIDString = 4AFA7EDE25B5E88F006D1AD7;
			remoteInfo = co_core;
		};
		4A7C9C6525E6798400B178AA /* PBXContainerItemProxy */ = {
			isa = PBXContainerItemProxy;
			containerPortal = 4A7C9C6125E6798400B178AA /* co_http.xcodeproj */;
			proxyType = 2;
			remoteGlobalIDString = 4AFA7E8325B5E500006D1AD7;
			remoteInfo = co_http;
		};
		4A7C9C6D25E679A500B178AA /* PBXContainerItemProxy */ = {
			isa = PBXContainerItemProxy;
			containerPortal = 4A7C9C6925E679A500B178AA /* co_net.xcodeproj */;
			proxyType = 2;
			remoteGlobalIDString = 4A09F3DB25AABEA100AC987D;
			remoteInfo = co_net;
		};
		4A7C9C7525E679BC00B178AA /* PBXContainerItemProxy */ = {
			isa = PBXContainerItemProxy;
			containerPortal = 4A7C9C7125E679BC00B178AA /* co_tls.xcodeproj */;
			proxyType = 2;
			remoteGlobalIDString = 4ACE0B0C25B5D1BC00674D6C;
			remoteInfo = co_tls;
		};
/* End PBXContainerItemProxy section */

/* Begin PBXCopyFilesBuildPhase section */
		4A7C9C4825E6790300B178AA /* CopyFiles */ = {
			isa = PBXCopyFilesBuildPhase;
			buildActionMask = 2147483647;
			dstPath = /usr/share/man/man1/;
			dstSubfolderSpec = 0;
			files = (
			);
			runOnlyForDeploymentPostprocessing = 1;
		};
/* End PBXCopyFilesBuildPhase section */

/* Begin PBXFileReference section */
		4A7C9C4A25E6790300B178AA /* https_server */ = {isa = PBXFileReference; explicitFileType = "compiled.mach-o.executable"; includeInIndex = 0; path = https_server; sourceTree = BUILT_PRODUCTS_DIR; };
		4A7C9C5625E6793600B178AA /* main.c */ = {isa = PBXFileReference; fileEncoding = 4; lastKnownFileType = sourcecode.c.c; name = main.c; path = ../../main.c; sourceTree = "<group>"; };
		4A7C9C5925E6797000B178AA /* co_core.xcodeproj */ = {isa = PBXFileReference; lastKnownFileType = "wrapper.pb-project"; name = co_core.xcodeproj; path = ../../../../prj/xcode/co_core/co_core.xcodeproj; sourceTree = "<group>"; };
		4A7C9C6125E6798400B178AA /* co_http.xcodeproj */ = {isa = PBXFileReference; lastKnownFileType = "wrapper.pb-project"; name = co_http.xcodeproj; path = ../../../../prj/xcode/co_http/co_http.xcodeproj; sourceTree = "<group>"; };
		4A7C9C6925E679A500B178AA /* co_net.xcodeproj */ = {isa = PBXFileReference; lastKnownFileType = "wrapper.pb-project"; name = co_net.xcodeproj; path = ../../../../prj/xcode/co_net/co_net.xcodeproj; sourceTree = "<group>"; };
		4A7C9C7125E679BC00B178AA /* co_tls.xcodeproj */ = {isa = PBXFileReference; lastKnownFileType = "wrapper.pb-project"; name = co_tls.xcodeproj; path = ../../../../prj/xcode/co_tls/co_tls.xcodeproj; sourceTree = "<group>"; };
		4A7C9C7925E679CA00B178AA /* example_openssl.xcconfig */ = {isa = PBXFileReference; fileEncoding = 4; lastKnownFileType = text.xcconfig; name = example_openssl.xcconfig; path = ../../../example_openssl.xcconfig; sourceTree = "<group>"; };
/* End PBXFileReference section */

/* Begin PBXFrameworksBuildPhase section */
		4A7C9C4725E6790300B178AA /* Frameworks */ = {
			isa = PBXFrameworksBuildPhase;
			buildActionMask = 2147483647;
			files = (
				4A7C9C7D25E67A2000B178AA /* libco_net.a in Frameworks */,
				4A7C9C7E25E67A2000B178AA /* libco_tls.a in Frameworks */,
				4A7C9C7B25E67A2000B178AA /* libco_core.a in Frameworks */,
				4A7C9C7C25E67A2000B178AA /* libco_http.a in Frameworks */,
			);
			runOnlyForDeploymentPostprocessing = 0;
		};
/* End PBXFrameworksBuildPhase section */

/* Begin PBXGroup section */
		4A7C9C4125E6790300B178AA = {
			isa = PBXGroup;
			children = (
				4A7C9C7925E679CA00B178AA /* example_openssl.xcconfig */,
				4A7C9C7125E679BC00B178AA /* co_tls.xcodeproj */,
				4A7C9C6925E679A500B178AA /* co_net.xcodeproj */,
				4A7C9C6125E6798400B178AA /* co_http.xcodeproj */,
				4A7C9C5925E6797000B178AA /* co_core.xcodeproj */,
				4A7C9C5625E6793600B178AA /* main.c */,
				4A7C9C4B25E6790300B178AA /* Products */,
				4A7C9C7A25E67A2000B178AA /* Frameworks */,
			);
			sourceTree = "<group>";
		};
		4A7C9C4B25E6790300B178AA /* Products */ = {
			isa = PBXGroup;
			children = (
				4A7C9C4A25E6790300B178AA /* https_server */,
			);
			name = Products;
			sourceTree = "<group>";
		};
		4A7C9C5A25E6797000B178AA /* Products */ = {
			isa = PBXGroup;
			children = (
				4A7C9C5E25E6797000B178AA /* libco_core.a */,
			);
			name = Products;
			sourceTree = "<group>";
		};
		4A7C9C6225E6798400B178AA /* Products */ = {
			isa = PBXGroup;
			children = (
				4A7C9C6625E6798400B178AA /* libco_http.a */,
			);
			name = Products;
			sourceTree = "<group>";
		};
		4A7C9C6A25E679A500B178AA /* Products */ = {
			isa = PBXGroup;
			children = (
				4A7C9C6E25E679A500B178AA /* libco_net.a */,
			);
			name = Products;
			sourceTree = "<group>";
		};
		4A7C9C7225E679BC00B178AA /* Products */ = {
			isa = PBXGroup;
			children = (
				4A7C9C7625E679BC00B178AA /* libco_tls.a */,
			);
			name = Products;
			sourceTree = "<group>";
		};
		4A7C9C7A25E67A2000B178AA /* Frameworks */ = {
			isa = PBXGroup;
			children = (
			);
			name = Frameworks;
			sourceTree = "<group>";
		};
/* End PBXGroup section */

/* Begin PBXNativeTarget section */
		4A7C9C4925E6790300B178AA /* https_server */ = {
			isa = PBXNativeTarget;
			buildConfigurationList = 4A7C9C5125E6790300B178AA /* Build configuration list for PBXNativeTarget "https_server" */;
			buildPhases = (
				4A7C9C4625E6790300B178AA /* Sources */,
				4A7C9C4725E6790300B178AA /* Frameworks */,
				4A7C9C4825E6790300B178AA /* CopyFiles */,
			);
			buildRules = (
			);
			dependencies = (
			);
			name = https_server;
			productName = https_server;
			productReference = 4A7C9C4A25E6790300B178AA /* https_server */;
			productType = "com.apple.product-type.tool";
		};
/* End PBXNativeTarget section */

/* Begin PBXProject section */
		4A7C9C4225E6790300B178AA /* Project object */ = {
			isa = PBXProject;
			attributes = {
				LastUpgradeCheck = 1200;
				TargetAttributes = {
					4A7C9C4925E6790300B178AA = {
						CreatedOnToolsVersion = 12.0.1;
					};
				};
			};
			buildConfigurationList = 4A7C9C4525E6790300B178AA /* Build configuration list for PBXProject "https_server" */;
			compatibilityVersion = "Xcode 9.3";
			developmentRegion = en;
			hasScannedForEncodings = 0;
			knownRegions = (
				en,
				Base,
			);
			mainGroup = 4A7C9C4125E6790300B178AA;
			productRefGroup = 4A7C9C4B25E6790300B178AA /* Products */;
			projectDirPath = "";
			projectReferences = (
				{
					ProductGroup = 4A7C9C5A25E6797000B178AA /* Products */;
					ProjectRef = 4A7C9C5925E6797000B178AA /* co_core.xcodeproj */;
				},
				{
					ProductGroup = 4A7C9C6225E6798400B178AA /* Products */;
					ProjectRef = 4A7C9C6125E6798400B178AA /* co_http.xcodeproj */;
				},
				{
					ProductGroup = 4A7C9C6A25E679A500B178AA /* Products */;
					ProjectRef = 4A7C9C6925E679A500B178AA /* co_net.xcodeproj */;
				},
				{
					ProductGroup = 4A7C9C7225E679BC00B178AA /* Products */;
					ProjectRef = 4A7C9C7125E679BC00B178AA /* co_tls.xcodeproj */;
				},
			);
			projectRoot = "";
			targets = (
				4A7C9C4925E6790300B178AA /* https_server */,
			);
		};
/* End PBXProject section */

/* Begin PBXReferenceProxy section */
		4A7C9C5E25E6797000B178AA /* libco_core.a */ = {
			isa = PBXReferenceProxy;
			fileType = archive.ar;
			path = libco_core.a;
			remoteRef = 4A7C9C5D25E6797000B178AA /* PBXContainerItemProxy */;
			sourceTree = BUILT_PRODUCTS_DIR;
		};
		4A7C9C6625E6798400B178AA /* libco_http.a */ = {
			isa = PBXReferenceProxy;
			fileType = archive.ar;
			path = libco_http.a;
			remoteRef = 4A7C9C6525E6798400B178AA /* PBXContainerItemProxy */;
			sourceTree = BUILT_PRODUCTS_DIR;
		};
		4A7C9C6E25E679A500B178AA /* libco_net.a */ = {
			isa = PBXReferenceProxy;
			fileType = archive.ar;
			path = libco_net.a;
			remoteRef = 4A7C9C6D25E679A500B178AA /* PBXContainerItemProxy */;
			sourceTree = BUILT_PRODUCTS_DIR;
		};
		4A7C9C7625E679BC00B178AA /* libco_tls.a */ = {
			isa = PBXReferenceProxy;
			fileType = archive.ar;
			path = libco_tls.a;
			remoteRef = 4A7C9C7525E679BC00B178AA /* PBXContainerItemProxy */;
			sourceTree = BUILT_PRODUCTS_DIR;
		};
/* End PBXReferenceProxy section */

/* Begin PBXSourcesBuildPhase section */
		4A7C9C4625E6790300B178AA /* Sources */ = {
			isa = PBXSourcesBuildPhase;
			buildActionMask = 2147483647;
			files = (
				4A7C9C5725E6793600B178AA /* main.c in Sources */,
			);
			runOnlyForDeploymentPostprocessing = 0;
		};
/* End PBXSourcesBuildPhase section */

/* Begin XCBuildConfiguration section */
		4A7C9C4F25E6790300B178AA /* Debug */ = {
			isa = XCBuildConfiguration;
			buildSettings = {
				ALWAYS_SEARCH_USER_PATHS = NO;
				CLANG_ANALYZER_NONNULL = YES;
				CLANG_ANALYZER_NUMBER_OBJECT_CONVERSION = YES_AGGRESSIVE;
				CLANG_CXX_LANGUAGE_STANDARD = "gnu++14";
				CLANG_CXX_LIBRARY = "libc++";
				CLANG_ENABLE_MODULES = YES;
				CLANG_ENABLE_OBJC_ARC = YES;
				CLANG_ENABLE_OBJC_WEAK = YES;
				CLANG_WARN_BLOCK_CAPTURE_AUTORELEASING = YES;
				CLANG_WARN_BOOL_CONVERSION = YES;
				CLANG_WARN_COMMA = YES;
				CLANG_WARN_CONSTANT_CONVERSION = YES;
				CLANG_WARN_DEPRECATED_OBJC_IMPLEMENTATIONS = YES;
				CLANG_WARN_DIRECT_OBJC_ISA_USAGE = YES_ERROR;
				CLANG_WARN_DOCUMENTATION_COMMENTS = YES;
				CLANG_WARN_EMPTY_BODY = YES;
				CLANG_WARN_ENUM_CONVERSION = YES;
				CLANG_WARN_INFINITE_RECURSION = YES;
				CLANG_WARN_INT_CONVERSION = YES;
				CLANG_WARN_NON_LITERAL_NULL_CONVERSION = YES;
				CLANG_WARN_OBJC_IMPLICIT_RETAIN_SELF = YES;
				CLANG_WARN_OBJC_LITERAL_CONVERSION = YES;
				CLANG_WARN_OBJC_ROOT_CLASS = YES_ERROR;
				CLANG_WARN_QUOTED_INCLUDE_IN_FRAMEWORK_HEADER = YES;
				CLANG_WARN_RANGE_LOOP_ANALYSIS = YES;
				CLANG_WARN_STRICT_PROTOTYPES = YES;
				CLANG_WARN_SUSPICIOUS_MOVE = YES;
				CLANG_WARN_UNGUARDED_AVAILABILITY = YES_AGGRESSIVE;
				CLANG_WARN_UNREACHABLE_CODE = YES;
				CLANG_WARN__DUPLICATE_METHOD_MATCH = YES;
				COPY_PHASE_STRIP = NO;
				DEBUG_INFORMATION_FORMAT = dwarf;
				ENABLE_STRICT_OBJC_MSGSEND = YES;
				ENABLE_TESTABILITY = YES;
				GCC_C_LANGUAGE_STANDARD = gnu11;
				GCC_DYNAMIC_NO_PIC = NO;
				GCC_NO_COMMON_BLOCKS = YES;
				GCC_OPTIMIZATION_LEVEL = 0;
				GCC_PREPROCESSOR_DEFINITIONS = (
					"DEBUG=1",
					"$(inherited)",
				);
				GCC_WARN_64_TO_32_BIT_CONVERSION = YES;
				GCC_WARN_ABOUT_RETURN_TYPE = YES_ERROR;
				GCC_WARN_UNDECLARED_SELECTOR = YES;
				GCC_WARN_UNINITIALIZED_AUTOS = YES_AGGRESSIVE;
				GCC_WARN_UNUSED_FUNCTION = YES;
				GCC_WARN_UNUSED_VARIABLE = YES;
				MACOSX_DEPLOYMENT_TARGET = 10.15;
				MTL_ENABLE_DEBUG_INFO = INCLUDE_SOURCE;
				MTL_FAST_MATH = YES;
				ONLY_ACTIVE_ARCH = YES;
				SDKROOT = macosx;
			};
			name = Debug;
		};
		4A7C9C5025E6790300B178AA /* Release */ = {
			isa = XCBuildConfiguration;
			buildSettings = {
				ALWAYS_SEARCH_USER_PATHS = NO;
				CLANG_ANALYZER_NONNULL = YES;
				CLANG_ANALYZER_NUMBER_OBJECT_CONVERSION = YES_AGGRESSIVE;
				CLANG_CXX_LANGUAGE_STANDARD = "gnu++14";
				CLANG_CXX_LIBRARY = "libc++";
				CLANG_ENABLE_MODULES = YES;
				CLANG_ENABLE_OBJC_ARC = YES;
				CLANG_ENABLE_OBJC_WEAK = YES;
				CLANG_WARN_BLOCK_CAPTURE_AUTORELEASING = YES;
				CLANG_WARN_BOOL_CONVERSION = YES;
				CLANG_WARN_COMMA = YES;
				CLANG_WARN_CONSTANT_CONVERSION = YES;
				CLANG_WARN_DEPRECATED_OBJC_IMPLEMENTATIONS = YES;
				CLANG_WARN_DIRECT_OBJC_ISA_USAGE = YES_ERROR;
				CLANG_WARN_DOCUMENTATION_COMMENTS = YES;
				CLANG_WARN_EMPTY_BODY = YES;
				CLANG_WARN_ENUM_CONVERSION = YES;
				CLANG_WARN_INFINITE_RECURSION = YES;
				CLANG_WARN_INT_CONVERSION = YES;
				CLANG_WARN_NON_LITERAL_NULL_CONVERSION = YES;
				CLANG_WARN_OBJC_IMPLICIT_RETAIN_SELF = YES;
				CLANG_WARN_OBJC_LITERAL_CONVERSION = YES;
				CLANG_WARN_OBJC_ROOT_CLASS = YES_ERROR;
				CLANG_WARN_QUOTED_INCLUDE_IN_FRAMEWORK_HEADER = YES;
				CLANG_WARN_RANGE_LOOP_ANALYSIS = YES;
				CLANG_WARN_STRICT_PROTOTYPES = YES;
				CLANG_WARN_SUSPICIOUS_MOVE = YES;
				CLANG_WARN_UNGUARDED_AVAILABILITY = YES_AGGRESSIVE;
				CLANG_WARN_UNREACHABLE_CODE = YES;
				CLANG_WARN__DUPLICATE_METHOD_MATCH = YES;
				COPY_PHASE_STRIP = NO;
				DEBUG_INFORMATION_FORMAT = "dwarf-with-dsym";
				ENABLE_NS_ASSERTIONS = NO;
				ENABLE_STRICT_OBJC_MSGSEND = YES;
				GCC_C_LANGUAGE_STANDARD = gnu11;
				GCC_NO_COMMON_BLOCKS = YES;
				GCC_WARN_64_TO_32_BIT_CONVERSION = YES;
				GCC_WARN_ABOUT_RETURN_TYPE = YES_ERROR;
				GCC_WARN_UNDECLARED_SELECTOR = YES;
				GCC_WARN_UNINITIALIZED_AUTOS = YES_AGGRESSIVE;
				GCC_WARN_UNUSED_FUNCTION = YES;
				GCC_WARN_UNUSED_VARIABLE = YES;
				MACOSX_DEPLOYMENT_TARGET = 10.15;
				MTL_ENABLE_DEBUG_INFO = NO;
				MTL_FAST_MATH = YES;
				SDKROOT = macosx;
			};
			name = Release;
		};
		4A7C9C5225E6790300B178AA /* Debug */ = {
			isa = XCBuildConfiguration;
			baseConfigurationReference = 4A7C9C7925E679CA00B178AA /* example_openssl.xcconfig */;
			buildSettings = {
				CODE_SIGN_STYLE = Automatic;
				PRODUCT_NAME = "$(TARGET_NAME)";
			};
			name = Debug;
		};
		4A7C9C5325E6790300B178AA /* Release */ = {
			isa = XCBuildConfiguration;
			baseConfigurationReference = 4A7C9C7925E679CA00B178AA /* example_openssl.xcconfig */;
			buildSettings = {
				CODE_SIGN_STYLE = Automatic;
				PRODUCT_NAME = "$(TARGET_NAME)";
			};
			name = Release;
		};
/* End XCBuildConfiguration section */

/* Begin XCConfigurationList section */
		4A7C9C4525E6790300B178AA /* Build configuration list for PBXProject "https_server" */ = {
			isa = XCConfigurationList;
			buildConfigurations = (
				4A7C9C4F25E6790300B178AA /* Debug */,
				4A7C9C5025E6790300B178AA /* Release */,
			);
			defaultConfigurationIsVisible = 0;
			defaultConfigurationName = Release;
		};
		4A7C9C5125E6790300B178AA /* Build configuration list for PBXNativeTarget "https_server" */ = {
			isa = XCConfigurationList;
			buildConfigurations = (
				4A7C9C5225E6790300B178AA /* Debug */,
				4A7C9C5325E6790300B178AA /* Release */,
			);
			defaultConfigurationIsVisible = 0;
			defaultConfigurationName = Release;
		};
/* End XCConfigurationList section */
	};
	rootObject = 4A7C9C4225E6790300B178AA /* Project object */;
}
