// !$*UTF8*$!
{
	archiveVersion = 1;
	classes = {
	};
	objectVersion = 50;
	objects = {

/* Begin PBXBuildFile section */
		4ADA381425F49C9400F99319 /* main.c in Sources */ = {isa = PBXBuildFile; fileRef = 4ADA381325F49C9300F99319 /* main.c */; };
		4ADA383025F49CF600F99319 /* libco_core.a in Frameworks */ = {isa = PBXBuildFile; fileRef = 4ADA381B25F49CAF00F99319 /* libco_core.a */; };
		4ADA383125F49CF600F99319 /* libco_net.a in Frameworks */ = {isa = PBXBuildFile; fileRef = 4ADA382325F49CC200F99319 /* libco_net.a */; };
		4ADA383225F49CF600F99319 /* libco_tls.a in Frameworks */ = {isa = PBXBuildFile; fileRef = 4ADA382B25F49CD500F99319 /* libco_tls.a */; };
/* End PBXBuildFile section */

/* Begin PBXContainerItemProxy section */
		4ADA381A25F49CAF00F99319 /* PBXContainerItemProxy */ = {
			isa = PBXContainerItemProxy;
			containerPortal = 4ADA381625F49CAF00F99319 /* co_core.xcodeproj */;
			proxyType = 2;
			remoteGlobalIDString = 4AFA7EDE25B5E88F006D1AD7;
			remoteInfo = co_core;
		};
		4ADA382225F49CC200F99319 /* PBXContainerItemProxy */ = {
			isa = PBXContainerItemProxy;
			containerPortal = 4ADA381E25F49CC200F99319 /* co_net.xcodeproj */;
			proxyType = 2;
			remoteGlobalIDString = 4A09F3DB25AABEA100AC987D;
			remoteInfo = co_net;
		};
		4ADA382A25F49CD500F99319 /* PBXContainerItemProxy */ = {
			isa = PBXContainerItemProxy;
			containerPortal = 4ADA382625F49CD500F99319 /* co_tls.xcodeproj */;
			proxyType = 2;
			remoteGlobalIDString = 4ACE0B0C25B5D1BC00674D6C;
			remoteInfo = co_tls;
		};
/* End PBXContainerItemProxy section */

/* Begin PBXCopyFilesBuildPhase section */
		4ADA380525F49C4C00F99319 /* CopyFiles */ = {
			isa = PBXCopyFilesBuildPhase;
			buildActionMask = 2147483647;
			dstPath = /usr/share/man/man1/;
			dstSubfolderSpec = 0;
			files = (
			);
			runOnlyForDeploymentPostprocessing = 1;
		};
/* End PBXCopyFilesBuildPhase section */

/* Begin PBXFileReference section */
		4ADA380725F49C4C00F99319 /* tls_echo_server */ = {isa = PBXFileReference; explicitFileType = "compiled.mach-o.executable"; includeInIndex = 0; path = tls_echo_server; sourceTree = BUILT_PRODUCTS_DIR; };
		4ADA381325F49C9300F99319 /* main.c */ = {isa = PBXFileReference; fileEncoding = 4; lastKnownFileType = sourcecode.c.c; name = main.c; path = ../../main.c; sourceTree = "<group>"; };
		4ADA381625F49CAF00F99319 /* co_core.xcodeproj */ = {isa = PBXFileReference; lastKnownFileType = "wrapper.pb-project"; name = co_core.xcodeproj; path = ../../../../prj/xcode/co_core/co_core.xcodeproj; sourceTree = "<group>"; };
		4ADA381E25F49CC200F99319 /* co_net.xcodeproj */ = {isa = PBXFileReference; lastKnownFileType = "wrapper.pb-project"; name = co_net.xcodeproj; path = ../../../../prj/xcode/co_net/co_net.xcodeproj; sourceTree = "<group>"; };
		4ADA382625F49CD500F99319 /* co_tls.xcodeproj */ = {isa = PBXFileReference; lastKnownFileType = "wrapper.pb-project"; name = co_tls.xcodeproj; path = ../../../../prj/xcode/co_tls/co_tls.xcodeproj; sourceTree = "<group>"; };
		4ADA382E25F49CE400F99319 /* example_openssl.xcconfig */ = {isa = PBXFileReference; fileEncoding = 4; lastKnownFileType = text.xcconfig; name = example_openssl.xcconfig; path = ../../../example_openssl.xcconfig; sourceTree = "<group>"; };
/* End PBXFileReference section */

/* Begin PBXFrameworksBuildPhase section */
		4ADA380425F49C4C00F99319 /* Frameworks */ = {
			isa = PBXFrameworksBuildPhase;
			buildActionMask = 2147483647;
			files = (
				4ADA383225F49CF600F99319 /* libco_tls.a in Frameworks */,
				4ADA383025F49CF600F99319 /* libco_core.a in Frameworks */,
				4ADA383125F49CF600F99319 /* libco_net.a in Frameworks */,
			);
			runOnlyForDeploymentPostprocessing = 0;
		};
/* End PBXFrameworksBuildPhase section */

/* Begin PBXGroup section */
		4ADA37FE25F49C4C00F99319 = {
			isa = PBXGroup;
			children = (
				4ADA382E25F49CE400F99319 /* example_openssl.xcconfig */,
				4ADA382625F49CD500F99319 /* co_tls.xcodeproj */,
				4ADA381E25F49CC200F99319 /* co_net.xcodeproj */,
				4ADA381625F49CAF00F99319 /* co_core.xcodeproj */,
				4ADA381325F49C9300F99319 /* main.c */,
				4ADA380825F49C4C00F99319 /* Products */,
				4ADA382F25F49CF600F99319 /* Frameworks */,
			);
			sourceTree = "<group>";
		};
		4ADA380825F49C4C00F99319 /* Products */ = {
			isa = PBXGroup;
			children = (
				4ADA380725F49C4C00F99319 /* tls_echo_server */,
			);
			name = Products;
			sourceTree = "<group>";
		};
		4ADA381725F49CAF00F99319 /* Products */ = {
			isa = PBXGroup;
			children = (
				4ADA381B25F49CAF00F99319 /* libco_core.a */,
			);
			name = Products;
			sourceTree = "<group>";
		};
		4ADA381F25F49CC200F99319 /* Products */ = {
			isa = PBXGroup;
			children = (
				4ADA382325F49CC200F99319 /* libco_net.a */,
			);
			name = Products;
			sourceTree = "<group>";
		};
		4ADA382725F49CD500F99319 /* Products */ = {
			isa = PBXGroup;
			children = (
				4ADA382B25F49CD500F99319 /* libco_tls.a */,
			);
			name = Products;
			sourceTree = "<group>";
		};
		4ADA382F25F49CF600F99319 /* Frameworks */ = {
			isa = PBXGroup;
			children = (
			);
			name = Frameworks;
			sourceTree = "<group>";
		};
/* End PBXGroup section */

/* Begin PBXNativeTarget section */
		4ADA380625F49C4C00F99319 /* tls_echo_server */ = {
			isa = PBXNativeTarget;
			buildConfigurationList = 4ADA380E25F49C4C00F99319 /* Build configuration list for PBXNativeTarget "tls_echo_server" */;
			buildPhases = (
				4ADA380325F49C4C00F99319 /* Sources */,
				4ADA380425F49C4C00F99319 /* Frameworks */,
				4ADA380525F49C4C00F99319 /* CopyFiles */,
			);
			buildRules = (
			);
			dependencies = (
			);
			name = tls_echo_server;
			productName = tls_echo_server;
			productReference = 4ADA380725F49C4C00F99319 /* tls_echo_server */;
			productType = "com.apple.product-type.tool";
		};
/* End PBXNativeTarget section */

/* Begin PBXProject section */
		4ADA37FF25F49C4C00F99319 /* Project object */ = {
			isa = PBXProject;
			attributes = {
				LastUpgradeCheck = 1240;
				TargetAttributes = {
					4ADA380625F49C4C00F99319 = {
						CreatedOnToolsVersion = 12.4;
					};
				};
			};
			buildConfigurationList = 4ADA380225F49C4C00F99319 /* Build configuration list for PBXProject "tls_echo_server" */;
			compatibilityVersion = "Xcode 9.3";
			developmentRegion = en;
			hasScannedForEncodings = 0;
			knownRegions = (
				en,
				Base,
			);
			mainGroup = 4ADA37FE25F49C4C00F99319;
			productRefGroup = 4ADA380825F49C4C00F99319 /* Products */;
			projectDirPath = "";
			projectReferences = (
				{
					ProductGroup = 4ADA381725F49CAF00F99319 /* Products */;
					ProjectRef = 4ADA381625F49CAF00F99319 /* co_core.xcodeproj */;
				},
				{
					ProductGroup = 4ADA381F25F49CC200F99319 /* Products */;
					ProjectRef = 4ADA381E25F49CC200F99319 /* co_net.xcodeproj */;
				},
				{
					ProductGroup = 4ADA382725F49CD500F99319 /* Products */;
					ProjectRef = 4ADA382625F49CD500F99319 /* co_tls.xcodeproj */;
				},
			);
			projectRoot = "";
			targets = (
				4ADA380625F49C4C00F99319 /* tls_echo_server */,
			);
		};
/* End PBXProject section */

/* Begin PBXReferenceProxy section */
		4ADA381B25F49CAF00F99319 /* libco_core.a */ = {
			isa = PBXReferenceProxy;
			fileType = archive.ar;
			path = libco_core.a;
			remoteRef = 4ADA381A25F49CAF00F99319 /* PBXContainerItemProxy */;
			sourceTree = BUILT_PRODUCTS_DIR;
		};
		4ADA382325F49CC200F99319 /* libco_net.a */ = {
			isa = PBXReferenceProxy;
			fileType = archive.ar;
			path = libco_net.a;
			remoteRef = 4ADA382225F49CC200F99319 /* PBXContainerItemProxy */;
			sourceTree = BUILT_PRODUCTS_DIR;
		};
		4ADA382B25F49CD500F99319 /* libco_tls.a */ = {
			isa = PBXReferenceProxy;
			fileType = archive.ar;
			path = libco_tls.a;
			remoteRef = 4ADA382A25F49CD500F99319 /* PBXContainerItemProxy */;
			sourceTree = BUILT_PRODUCTS_DIR;
		};
/* End PBXReferenceProxy section */

/* Begin PBXSourcesBuildPhase section */
		4ADA380325F49C4C00F99319 /* Sources */ = {
			isa = PBXSourcesBuildPhase;
			buildActionMask = 2147483647;
			files = (
				4ADA381425F49C9400F99319 /* main.c in Sources */,
			);
			runOnlyForDeploymentPostprocessing = 0;
		};
/* End PBXSourcesBuildPhase section */

/* Begin XCBuildConfiguration section */
		4ADA380C25F49C4C00F99319 /* Debug */ = {
			isa = XCBuildConfiguration;
			buildSettings = {
				ALWAYS_SEARCH_USER_PATHS = NO;
				CLANG_ANALYZER_NONNULL = YES;
				CLANG_ANALYZER_NUMBER_OBJECT_CONVERSION = YES_AGGRESSIVE;
				CLANG_CXX_LANGUAGE_STANDARD = "gnu++14";
				CLANG_CXX_LIBRARY = "libc++";
				CLANG_ENABLE_MODULES = YES;
				CLANG_ENABLE_OBJC_ARC = YES;
				CLANG_ENABLE_OBJC_WEAK = YES;
				CLANG_WARN_BLOCK_CAPTURE_AUTORELEASING = YES;
				CLANG_WARN_BOOL_CONVERSION = YES;
				CLANG_WARN_COMMA = YES;
				CLANG_WARN_CONSTANT_CONVERSION = YES;
				CLANG_WARN_DEPRECATED_OBJC_IMPLEMENTATIONS = YES;
				CLANG_WARN_DIRECT_OBJC_ISA_USAGE = YES_ERROR;
				CLANG_WARN_DOCUMENTATION_COMMENTS = YES;
				CLANG_WARN_EMPTY_BODY = YES;
				CLANG_WARN_ENUM_CONVERSION = YES;
				CLANG_WARN_INFINITE_RECURSION = YES;
				CLANG_WARN_INT_CONVERSION = YES;
				CLANG_WARN_NON_LITERAL_NULL_CONVERSION = YES;
				CLANG_WARN_OBJC_IMPLICIT_RETAIN_SELF = YES;
				CLANG_WARN_OBJC_LITERAL_CONVERSION = YES;
				CLANG_WARN_OBJC_ROOT_CLASS = YES_ERROR;
				CLANG_WARN_QUOTED_INCLUDE_IN_FRAMEWORK_HEADER = YES;
				CLANG_WARN_RANGE_LOOP_ANALYSIS = YES;
				CLANG_WARN_STRICT_PROTOTYPES = YES;
				CLANG_WARN_SUSPICIOUS_MOVE = YES;
				CLANG_WARN_UNGUARDED_AVAILABILITY = YES_AGGRESSIVE;
				CLANG_WARN_UNREACHABLE_CODE = YES;
				CLANG_WARN__DUPLICATE_METHOD_MATCH = YES;
				COPY_PHASE_STRIP = NO;
				DEBUG_INFORMATION_FORMAT = dwarf;
				ENABLE_STRICT_OBJC_MSGSEND = YES;
				ENABLE_TESTABILITY = YES;
				GCC_C_LANGUAGE_STANDARD = gnu11;
				GCC_DYNAMIC_NO_PIC = NO;
				GCC_NO_COMMON_BLOCKS = YES;
				GCC_OPTIMIZATION_LEVEL = 0;
				GCC_PREPROCESSOR_DEFINITIONS = (
					"DEBUG=1",
					"$(inherited)",
				);
				GCC_WARN_64_TO_32_BIT_CONVERSION = YES;
				GCC_WARN_ABOUT_RETURN_TYPE = YES_ERROR;
				GCC_WARN_UNDECLARED_SELECTOR = YES;
				GCC_WARN_UNINITIALIZED_AUTOS = YES_AGGRESSIVE;
				GCC_WARN_UNUSED_FUNCTION = YES;
				GCC_WARN_UNUSED_VARIABLE = YES;
				MACOSX_DEPLOYMENT_TARGET = 11.1;
				MTL_ENABLE_DEBUG_INFO = INCLUDE_SOURCE;
				MTL_FAST_MATH = YES;
				ONLY_ACTIVE_ARCH = YES;
				SDKROOT = macosx;
			};
			name = Debug;
		};
		4ADA380D25F49C4C00F99319 /* Release */ = {
			isa = XCBuildConfiguration;
			buildSettings = {
				ALWAYS_SEARCH_USER_PATHS = NO;
				CLANG_ANALYZER_NONNULL = YES;
				CLANG_ANALYZER_NUMBER_OBJECT_CONVERSION = YES_AGGRESSIVE;
				CLANG_CXX_LANGUAGE_STANDARD = "gnu++14";
				CLANG_CXX_LIBRARY = "libc++";
				CLANG_ENABLE_MODULES = YES;
				CLANG_ENABLE_OBJC_ARC = YES;
				CLANG_ENABLE_OBJC_WEAK = YES;
				CLANG_WARN_BLOCK_CAPTURE_AUTORELEASING = YES;
				CLANG_WARN_BOOL_CONVERSION = YES;
				CLANG_WARN_COMMA = YES;
				CLANG_WARN_CONSTANT_CONVERSION = YES;
				CLANG_WARN_DEPRECATED_OBJC_IMPLEMENTATIONS = YES;
				CLANG_WARN_DIRECT_OBJC_ISA_USAGE = YES_ERROR;
				CLANG_WARN_DOCUMENTATION_COMMENTS = YES;
				CLANG_WARN_EMPTY_BODY = YES;
				CLANG_WARN_ENUM_CONVERSION = YES;
				CLANG_WARN_INFINITE_RECURSION = YES;
				CLANG_WARN_INT_CONVERSION = YES;
				CLANG_WARN_NON_LITERAL_NULL_CONVERSION = YES;
				CLANG_WARN_OBJC_IMPLICIT_RETAIN_SELF = YES;
				CLANG_WARN_OBJC_LITERAL_CONVERSION = YES;
				CLANG_WARN_OBJC_ROOT_CLASS = YES_ERROR;
				CLANG_WARN_QUOTED_INCLUDE_IN_FRAMEWORK_HEADER = YES;
				CLANG_WARN_RANGE_LOOP_ANALYSIS = YES;
				CLANG_WARN_STRICT_PROTOTYPES = YES;
				CLANG_WARN_SUSPICIOUS_MOVE = YES;
				CLANG_WARN_UNGUARDED_AVAILABILITY = YES_AGGRESSIVE;
				CLANG_WARN_UNREACHABLE_CODE = YES;
				CLANG_WARN__DUPLICATE_METHOD_MATCH = YES;
				COPY_PHASE_STRIP = NO;
				DEBUG_INFORMATION_FORMAT = "dwarf-with-dsym";
				ENABLE_NS_ASSERTIONS = NO;
				ENABLE_STRICT_OBJC_MSGSEND = YES;
				GCC_C_LANGUAGE_STANDARD = gnu11;
				GCC_NO_COMMON_BLOCKS = YES;
				GCC_WARN_64_TO_32_BIT_CONVERSION = YES;
				GCC_WARN_ABOUT_RETURN_TYPE = YES_ERROR;
				GCC_WARN_UNDECLARED_SELECTOR = YES;
				GCC_WARN_UNINITIALIZED_AUTOS = YES_AGGRESSIVE;
				GCC_WARN_UNUSED_FUNCTION = YES;
				GCC_WARN_UNUSED_VARIABLE = YES;
				MACOSX_DEPLOYMENT_TARGET = 11.1;
				MTL_ENABLE_DEBUG_INFO = NO;
				MTL_FAST_MATH = YES;
				SDKROOT = macosx;
			};
			name = Release;
		};
		4ADA380F25F49C4C00F99319 /* Debug */ = {
			isa = XCBuildConfiguration;
			baseConfigurationReference = 4ADA382E25F49CE400F99319 /* example_openssl.xcconfig */;
			buildSettings = {
				CODE_SIGN_STYLE = Automatic;
				PRODUCT_NAME = "$(TARGET_NAME)";
			};
			name = Debug;
		};
		4ADA381025F49C4C00F99319 /* Release */ = {
			isa = XCBuildConfiguration;
			baseConfigurationReference = 4ADA382E25F49CE400F99319 /* example_openssl.xcconfig */;
			buildSettings = {
				CODE_SIGN_STYLE = Automatic;
				PRODUCT_NAME = "$(TARGET_NAME)";
			};
			name = Release;
		};
/* End XCBuildConfiguration section */

/* Begin XCConfigurationList section */
		4ADA380225F49C4C00F99319 /* Build configuration list for PBXProject "tls_echo_server" */ = {
			isa = XCConfigurationList;
			buildConfigurations = (
				4ADA380C25F49C4C00F99319 /* Debug */,
				4ADA380D25F49C4C00F99319 /* Release */,
			);
			defaultConfigurationIsVisible = 0;
			defaultConfigurationName = Release;
		};
		4ADA380E25F49C4C00F99319 /* Build configuration list for PBXNativeTarget "tls_echo_server" */ = {
			isa = XCConfigurationList;
			buildConfigurations = (
				4ADA380F25F49C4C00F99319 /* Debug */,
				4ADA381025F49C4C00F99319 /* Release */,
			);
			defaultConfigurationIsVisible = 0;
			defaultConfigurationName = Release;
		};
/* End XCConfigurationList section */
	};
	rootObject = 4ADA37FF25F49C4C00F99319 /* Project object */;
}
