
Microsoft Visual Studio Solution File, Format Version 12.00
# Visual Studio Version 16
VisualStudioVersion = 16.0.30717.126
MinimumVisualStudioVersion = 10.0.40219.1
Project("{8BC9CEB8-8B4A-11D0-8D11-00A0C91BC942}") = "tcp_client", "..\..\..\tcp_client\prj\vs19\tcp_client.vcxproj", "{A095C8A8-22E8-41D1-BF78-CC5517AF612A}"
EndProject
Project("{8BC9CEB8-8B4A-11D0-8D11-00A0C91BC942}") = "tcp_echo_server", "..\..\..\tcp_echo_server\prj\vs19\tcp_echo_server.vcxproj", "{630D4BCF-9EF5-4589-8A80-60587040157F}"
EndProject
Project("{8BC9CEB8-8B4A-11D0-8D11-00A0C91BC942}") = "udp_echo_server", "..\..\..\udp_echo_server\prj\vs19\udp_echo_server.vcxproj", "{300717B8-7FC1-4AF6-B425-97126D9C6F47}"
EndProject
Project("{8BC9CEB8-8B4A-11D0-8D11-00A0C91BC942}") = "udp_sender", "..\..\..\udp_sender\prj\vs19\udp_sender.vcxproj", "{98240ABF-1A8D-4F70-A875-0372EC13CC4C}"
EndProject
Project("{8BC9CEB8-8B4A-11D0-8D11-00A0C91BC942}") = "co", "..\..\..\..\prj\vs19\co_core\co.vcxproj", "{35F9BC66-C08B-46C0-BFDE-C9B42DEDAE15}"
EndProject
Project("{8BC9CEB8-8B4A-11D0-8D11-00A0C91BC942}") = "co_net", "..\..\..\..\prj\vs19\co_net\co_net.vcxproj", "{BC7AFCD0-9685-4D50-949C-FC7A194E972F}"
EndProject
Project("{8BC9CEB8-8B4A-11D0-8D11-00A0C91BC942}") = "co_tls", "..\..\..\..\prj\vs19\co_tls\co_tls.vcxproj", "{325FD737-E9F2-4528-B106-E009D03B0788}"
EndProject
Project("{8BC9CEB8-8B4A-11D0-8D11-00A0C91BC942}") = "tls_tcp_client", "..\..\..\tls_tcp_client\prj\vs19\tls_tcp_client.vcxproj", "{753B06D8-26A9-445D-BC4E-2999584F15D7}"
EndProject
Project("{8BC9CEB8-8B4A-11D0-8D11-00A0C91BC942}") = "tls_tcp_echo_server", "..\..\..\tls_tcp_echo_server\prj\vs19\tls_tcp_echo_server.vcxproj", "{6B8F4D2F-26D8-412F-A521-933200033419}"
EndProject
Project("{8BC9CEB8-8B4A-11D0-8D11-00A0C91BC942}") = "tcp_server_multi_thread", "..\..\..\tcp_server_multi_thread\prj\vs19\tcp_server_multi_thread.vcxproj", "{7E014DD6-AB4C-46CD-B381-1E3A66EAE7E8}"
EndProject
Project("{8BC9CEB8-8B4A-11D0-8D11-00A0C91BC942}") = "co_http", "..\..\..\..\prj\vs19\co_http\co_http.vcxproj", "{702988B4-8828-46E5-951F-AB5267DB3B38}"
EndProject
Project("{8BC9CEB8-8B4A-11D0-8D11-00A0C91BC942}") = "http_client", "..\..\..\http_client\prj\vs19\http_client.vcxproj", "{7436428B-CFF1-4302-A9A4-A40DAB79699A}"
EndProject
Project("{8BC9CEB8-8B4A-11D0-8D11-00A0C91BC942}") = "http_server", "..\..\..\http_server\prj\vs19\http_server.vcxproj", "{77DC11B7-EC8F-4732-9DB9-70F2DE1E04F8}"
EndProject
Project("{8BC9CEB8-8B4A-11D0-8D11-00A0C91BC942}") = "https_server", "..\..\..\https_server\prj\vs19\https_server.vcxproj", "{9F8A5C8E-5A45-47D6-9BBE-0E5FF3F90699}"
EndProject
Project("{8BC9CEB8-8B4A-11D0-8D11-00A0C91BC942}") = "co_http2", "..\..\..\..\prj\vs19\co_http2\co_http2.vcxproj", "{C026F32C-B005-436B-9F8F-48C7EA25D333}"
EndProject
Project("{8BC9CEB8-8B4A-11D0-8D11-00A0C91BC942}") = "http2_client", "..\..\..\http2_client\prj\vs19\http2_client.vcxproj", "{041D007C-81E7-4DC5-B9AF-152BD7F8B002}"
EndProject
Project("{8BC9CEB8-8B4A-11D0-8D11-00A0C91BC942}") = "http2_server", "..\..\..\http2_server\prj\vs19\http2_server.vcxproj", "{8F9C1318-DA44-43CE-8080-A3DB5CFFC0BA}"
EndProject
Project("{8BC9CEB8-8B4A-11D0-8D11-00A0C91BC942}") = "http1_http2_server", "..\..\..\http1_http2_server\prj\vs19\http1_http2_server.vcxproj", "{CC036510-BBB4-4B6E-8F64-C3AA6CAF7791}"
EndProject
Global
	GlobalSection(SolutionConfigurationPlatforms) = preSolution
		Debug|x64 = Debug|x64
		Debug|x86 = Debug|x86
		Release|x64 = Release|x64
		Release|x86 = Release|x86
	EndGlobalSection
	GlobalSection(ProjectConfigurationPlatforms) = postSolution
		{A095C8A8-22E8-41D1-BF78-CC5517AF612A}.Debug|x64.ActiveCfg = Debug|x64
		{A095C8A8-22E8-41D1-BF78-CC5517AF612A}.Debug|x64.Build.0 = Debug|x64
		{A095C8A8-22E8-41D1-BF78-CC5517AF612A}.Debug|x86.ActiveCfg = Debug|Win32
		{A095C8A8-22E8-41D1-BF78-CC5517AF612A}.Debug|x86.Build.0 = Debug|Win32
		{A095C8A8-22E8-41D1-BF78-CC5517AF612A}.Release|x64.ActiveCfg = Release|x64
		{A095C8A8-22E8-41D1-BF78-CC5517AF612A}.Release|x64.Build.0 = Release|x64
		{A095C8A8-22E8-41D1-BF78-CC5517AF612A}.Release|x86.ActiveCfg = Release|Win32
		{A095C8A8-22E8-41D1-BF78-CC5517AF612A}.Release|x86.Build.0 = Release|Win32
		{630D4BCF-9EF5-4589-8A80-60587040157F}.Debug|x64.ActiveCfg = Debug|x64
		{630D4BCF-9EF5-4589-8A80-60587040157F}.Debug|x64.Build.0 = Debug|x64
		{630D4BCF-9EF5-4589-8A80-60587040157F}.Debug|x86.ActiveCfg = Debug|Win32
		{630D4BCF-9EF5-4589-8A80-60587040157F}.Debug|x86.Build.0 = Debug|Win32
		{630D4BCF-9EF5-4589-8A80-60587040157F}.Release|x64.ActiveCfg = Release|x64
		{630D4BCF-9EF5-4589-8A80-60587040157F}.Release|x64.Build.0 = Release|x64
		{630D4BCF-9EF5-4589-8A80-60587040157F}.Release|x86.ActiveCfg = Release|Win32
		{630D4BCF-9EF5-4589-8A80-60587040157F}.Release|x86.Build.0 = Release|Win32
		{300717B8-7FC1-4AF6-B425-97126D9C6F47}.Debug|x64.ActiveCfg = Debug|x64
		{300717B8-7FC1-4AF6-B425-97126D9C6F47}.Debug|x64.Build.0 = Debug|x64
		{300717B8-7FC1-4AF6-B425-97126D9C6F47}.Debug|x86.ActiveCfg = Debug|Win32
		{300717B8-7FC1-4AF6-B425-97126D9C6F47}.Debug|x86.Build.0 = Debug|Win32
		{300717B8-7FC1-4AF6-B425-97126D9C6F47}.Release|x64.ActiveCfg = Release|x64
		{300717B8-7FC1-4AF6-B425-97126D9C6F47}.Release|x64.Build.0 = Release|x64
		{300717B8-7FC1-4AF6-B425-97126D9C6F47}.Release|x86.ActiveCfg = Release|Win32
		{300717B8-7FC1-4AF6-B425-97126D9C6F47}.Release|x86.Build.0 = Release|Win32
		{98240ABF-1A8D-4F70-A875-0372EC13CC4C}.Debug|x64.ActiveCfg = Debug|x64
		{98240ABF-1A8D-4F70-A875-0372EC13CC4C}.Debug|x64.Build.0 = Debug|x64
		{98240ABF-1A8D-4F70-A875-0372EC13CC4C}.Debug|x86.ActiveCfg = Debug|Win32
		{98240ABF-1A8D-4F70-A875-0372EC13CC4C}.Debug|x86.Build.0 = Debug|Win32
		{98240ABF-1A8D-4F70-A875-0372EC13CC4C}.Release|x64.ActiveCfg = Release|x64
		{98240ABF-1A8D-4F70-A875-0372EC13CC4C}.Release|x64.Build.0 = Release|x64
		{98240ABF-1A8D-4F70-A875-0372EC13CC4C}.Release|x86.ActiveCfg = Release|Win32
		{98240ABF-1A8D-4F70-A875-0372EC13CC4C}.Release|x86.Build.0 = Release|Win32
		{35F9BC66-C08B-46C0-BFDE-C9B42DEDAE15}.Debug|x64.ActiveCfg = Debug|x64
		{35F9BC66-C08B-46C0-BFDE-C9B42DEDAE15}.Debug|x64.Build.0 = Debug|x64
		{35F9BC66-C08B-46C0-BFDE-C9B42DEDAE15}.Debug|x86.ActiveCfg = Debug|Win32
		{35F9BC66-C08B-46C0-BFDE-C9B42DEDAE15}.Debug|x86.Build.0 = Debug|Win32
		{35F9BC66-C08B-46C0-BFDE-C9B42DEDAE15}.Release|x64.ActiveCfg = Release|x64
		{35F9BC66-C08B-46C0-BFDE-C9B42DEDAE15}.Release|x64.Build.0 = Release|x64
		{35F9BC66-C08B-46C0-BFDE-C9B42DEDAE15}.Release|x86.ActiveCfg = Release|Win32
		{35F9BC66-C08B-46C0-BFDE-C9B42DEDAE15}.Release|x86.Build.0 = Release|Win32
		{BC7AFCD0-9685-4D50-949C-FC7A194E972F}.Debug|x64.ActiveCfg = Debug|x64
		{BC7AFCD0-9685-4D50-949C-FC7A194E972F}.Debug|x64.Build.0 = Debug|x64
		{BC7AFCD0-9685-4D50-949C-FC7A194E972F}.Debug|x86.ActiveCfg = Debug|Win32
		{BC7AFCD0-9685-4D50-949C-FC7A194E972F}.Debug|x86.Build.0 = Debug|Win32
		{BC7AFCD0-9685-4D50-949C-FC7A194E972F}.Release|x64.ActiveCfg = Release|x64
		{BC7AFCD0-9685-4D50-949C-FC7A194E972F}.Release|x64.Build.0 = Release|x64
		{BC7AFCD0-9685-4D50-949C-FC7A194E972F}.Release|x86.ActiveCfg = Release|Win32
		{BC7AFCD0-9685-4D50-949C-FC7A194E972F}.Release|x86.Build.0 = Release|Win32
		{325FD737-E9F2-4528-B106-E009D03B0788}.Debug|x64.ActiveCfg = Debug|x64
		{325FD737-E9F2-4528-B106-E009D03B0788}.Debug|x64.Build.0 = Debug|x64
		{325FD737-E9F2-4528-B106-E009D03B0788}.Debug|x86.ActiveCfg = Debug|Win32
		{325FD737-E9F2-4528-B106-E009D03B0788}.Debug|x86.Build.0 = Debug|Win32
		{325FD737-E9F2-4528-B106-E009D03B0788}.Release|x64.ActiveCfg = Release|x64
		{325FD737-E9F2-4528-B106-E009D03B0788}.Release|x64.Build.0 = Release|x64
		{325FD737-E9F2-4528-B106-E009D03B0788}.Release|x86.ActiveCfg = Release|Win32
		{325FD737-E9F2-4528-B106-E009D03B0788}.Release|x86.Build.0 = Release|Win32
		{753B06D8-26A9-445D-BC4E-2999584F15D7}.Debug|x64.ActiveCfg = Debug|x64
		{753B06D8-26A9-445D-BC4E-2999584F15D7}.Debug|x64.Build.0 = Debug|x64
		{753B06D8-26A9-445D-BC4E-2999584F15D7}.Debug|x86.ActiveCfg = Debug|Win32
		{753B06D8-26A9-445D-BC4E-2999584F15D7}.Debug|x86.Build.0 = Debug|Win32
		{753B06D8-26A9-445D-BC4E-2999584F15D7}.Release|x64.ActiveCfg = Release|x64
		{753B06D8-26A9-445D-BC4E-2999584F15D7}.Release|x64.Build.0 = Release|x64
		{753B06D8-26A9-445D-BC4E-2999584F15D7}.Release|x86.ActiveCfg = Release|Win32
		{753B06D8-26A9-445D-BC4E-2999584F15D7}.Release|x86.Build.0 = Release|Win32
		{6B8F4D2F-26D8-412F-A521-933200033419}.Debug|x64.ActiveCfg = Debug|x64
		{6B8F4D2F-26D8-412F-A521-933200033419}.Debug|x64.Build.0 = Debug|x64
		{6B8F4D2F-26D8-412F-A521-933200033419}.Debug|x86.ActiveCfg = Debug|Win32
		{6B8F4D2F-26D8-412F-A521-933200033419}.Debug|x86.Build.0 = Debug|Win32
		{6B8F4D2F-26D8-412F-A521-933200033419}.Release|x64.ActiveCfg = Release|x64
		{6B8F4D2F-26D8-412F-A521-933200033419}.Release|x64.Build.0 = Release|x64
		{6B8F4D2F-26D8-412F-A521-933200033419}.Release|x86.ActiveCfg = Release|Win32
		{6B8F4D2F-26D8-412F-A521-933200033419}.Release|x86.Build.0 = Release|Win32
		{7E014DD6-AB4C-46CD-B381-1E3A66EAE7E8}.Debug|x64.ActiveCfg = Debug|x64
		{7E014DD6-AB4C-46CD-B381-1E3A66EAE7E8}.Debug|x64.Build.0 = Debug|x64
		{7E014DD6-AB4C-46CD-B381-1E3A66EAE7E8}.Debug|x86.ActiveCfg = Debug|Win32
		{7E014DD6-AB4C-46CD-B381-1E3A66EAE7E8}.Debug|x86.Build.0 = Debug|Win32
		{7E014DD6-AB4C-46CD-B381-1E3A66EAE7E8}.Release|x64.ActiveCfg = Release|x64
		{7E014DD6-AB4C-46CD-B381-1E3A66EAE7E8}.Release|x64.Build.0 = Release|x64
		{7E014DD6-AB4C-46CD-B381-1E3A66EAE7E8}.Release|x86.ActiveCfg = Release|Win32
		{7E014DD6-AB4C-46CD-B381-1E3A66EAE7E8}.Release|x86.Build.0 = Release|Win32
		{702988B4-8828-46E5-951F-AB5267DB3B38}.Debug|x64.ActiveCfg = Debug|x64
		{702988B4-8828-46E5-951F-AB5267DB3B38}.Debug|x64.Build.0 = Debug|x64
		{702988B4-8828-46E5-951F-AB5267DB3B38}.Debug|x86.ActiveCfg = Debug|Win32
		{702988B4-8828-46E5-951F-AB5267DB3B38}.Debug|x86.Build.0 = Debug|Win32
		{702988B4-8828-46E5-951F-AB5267DB3B38}.Release|x64.ActiveCfg = Release|x64
		{702988B4-8828-46E5-951F-AB5267DB3B38}.Release|x64.Build.0 = Release|x64
		{702988B4-8828-46E5-951F-AB5267DB3B38}.Release|x86.ActiveCfg = Release|Win32
		{702988B4-8828-46E5-951F-AB5267DB3B38}.Release|x86.Build.0 = Release|Win32
		{7436428B-CFF1-4302-A9A4-A40DAB79699A}.Debug|x64.ActiveCfg = Debug|x64
		{7436428B-CFF1-4302-A9A4-A40DAB79699A}.Debug|x64.Build.0 = Debug|x64
		{7436428B-CFF1-4302-A9A4-A40DAB79699A}.Debug|x86.ActiveCfg = Debug|Win32
		{7436428B-CFF1-4302-A9A4-A40DAB79699A}.Debug|x86.Build.0 = Debug|Win32
		{7436428B-CFF1-4302-A9A4-A40DAB79699A}.Release|x64.ActiveCfg = Release|x64
		{7436428B-CFF1-4302-A9A4-A40DAB79699A}.Release|x64.Build.0 = Release|x64
		{7436428B-CFF1-4302-A9A4-A40DAB79699A}.Release|x86.ActiveCfg = Release|Win32
		{7436428B-CFF1-4302-A9A4-A40DAB79699A}.Release|x86.Build.0 = Release|Win32
		{77DC11B7-EC8F-4732-9DB9-70F2DE1E04F8}.Debug|x64.ActiveCfg = Debug|x64
		{77DC11B7-EC8F-4732-9DB9-70F2DE1E04F8}.Debug|x64.Build.0 = Debug|x64
		{77DC11B7-EC8F-4732-9DB9-70F2DE1E04F8}.Debug|x86.ActiveCfg = Debug|Win32
		{77DC11B7-EC8F-4732-9DB9-70F2DE1E04F8}.Debug|x86.Build.0 = Debug|Win32
		{77DC11B7-EC8F-4732-9DB9-70F2DE1E04F8}.Release|x64.ActiveCfg = Release|x64
		{77DC11B7-EC8F-4732-9DB9-70F2DE1E04F8}.Release|x64.Build.0 = Release|x64
		{77DC11B7-EC8F-4732-9DB9-70F2DE1E04F8}.Release|x86.ActiveCfg = Release|Win32
		{77DC11B7-EC8F-4732-9DB9-70F2DE1E04F8}.Release|x86.Build.0 = Release|Win32
		{9F8A5C8E-5A45-47D6-9BBE-0E5FF3F90699}.Debug|x64.ActiveCfg = Debug|x64
		{9F8A5C8E-5A45-47D6-9BBE-0E5FF3F90699}.Debug|x64.Build.0 = Debug|x64
		{9F8A5C8E-5A45-47D6-9BBE-0E5FF3F90699}.Debug|x86.ActiveCfg = Debug|Win32
		{9F8A5C8E-5A45-47D6-9BBE-0E5FF3F90699}.Debug|x86.Build.0 = Debug|Win32
		{9F8A5C8E-5A45-47D6-9BBE-0E5FF3F90699}.Release|x64.ActiveCfg = Release|x64
		{9F8A5C8E-5A45-47D6-9BBE-0E5FF3F90699}.Release|x64.Build.0 = Release|x64
		{9F8A5C8E-5A45-47D6-9BBE-0E5FF3F90699}.Release|x86.ActiveCfg = Release|Win32
		{9F8A5C8E-5A45-47D6-9BBE-0E5FF3F90699}.Release|x86.Build.0 = Release|Win32
		{C026F32C-B005-436B-9F8F-48C7EA25D333}.Debug|x64.ActiveCfg = Debug|x64
		{C026F32C-B005-436B-9F8F-48C7EA25D333}.Debug|x64.Build.0 = Debug|x64
		{C026F32C-B005-436B-9F8F-48C7EA25D333}.Debug|x86.ActiveCfg = Debug|Win32
		{C026F32C-B005-436B-9F8F-48C7EA25D333}.Debug|x86.Build.0 = Debug|Win32
		{C026F32C-B005-436B-9F8F-48C7EA25D333}.Release|x64.ActiveCfg = Release|x64
		{C026F32C-B005-436B-9F8F-48C7EA25D333}.Release|x64.Build.0 = Release|x64
		{C026F32C-B005-436B-9F8F-48C7EA25D333}.Release|x86.ActiveCfg = Release|Win32
		{C026F32C-B005-436B-9F8F-48C7EA25D333}.Release|x86.Build.0 = Release|Win32
		{041D007C-81E7-4DC5-B9AF-152BD7F8B002}.Debug|x64.ActiveCfg = Debug|x64
		{041D007C-81E7-4DC5-B9AF-152BD7F8B002}.Debug|x64.Build.0 = Debug|x64
		{041D007C-81E7-4DC5-B9AF-152BD7F8B002}.Debug|x86.ActiveCfg = Debug|Win32
		{041D007C-81E7-4DC5-B9AF-152BD7F8B002}.Debug|x86.Build.0 = Debug|Win32
		{041D007C-81E7-4DC5-B9AF-152BD7F8B002}.Release|x64.ActiveCfg = Release|x64
		{041D007C-81E7-4DC5-B9AF-152BD7F8B002}.Release|x64.Build.0 = Release|x64
		{041D007C-81E7-4DC5-B9AF-152BD7F8B002}.Release|x86.ActiveCfg = Release|Win32
		{041D007C-81E7-4DC5-B9AF-152BD7F8B002}.Release|x86.Build.0 = Release|Win32
		{8F9C1318-DA44-43CE-8080-A3DB5CFFC0BA}.Debug|x64.ActiveCfg = Debug|x64
		{8F9C1318-DA44-43CE-8080-A3DB5CFFC0BA}.Debug|x64.Build.0 = Debug|x64
		{8F9C1318-DA44-43CE-8080-A3DB5CFFC0BA}.Debug|x86.ActiveCfg = Debug|Win32
		{8F9C1318-DA44-43CE-8080-A3DB5CFFC0BA}.Debug|x86.Build.0 = Debug|Win32
		{8F9C1318-DA44-43CE-8080-A3DB5CFFC0BA}.Release|x64.ActiveCfg = Release|x64
		{8F9C1318-DA44-43CE-8080-A3DB5CFFC0BA}.Release|x64.Build.0 = Release|x64
		{8F9C1318-DA44-43CE-8080-A3DB5CFFC0BA}.Release|x86.ActiveCfg = Release|Win32
		{8F9C1318-DA44-43CE-8080-A3DB5CFFC0BA}.Release|x86.Build.0 = Release|Win32
		{CC036510-BBB4-4B6E-8F64-C3AA6CAF7791}.Debug|x64.ActiveCfg = Debug|x64
		{CC036510-BBB4-4B6E-8F64-C3AA6CAF7791}.Debug|x64.Build.0 = Debug|x64
		{CC036510-BBB4-4B6E-8F64-C3AA6CAF7791}.Debug|x86.ActiveCfg = Debug|Win32
		{CC036510-BBB4-4B6E-8F64-C3AA6CAF7791}.Debug|x86.Build.0 = Debug|Win32
		{CC036510-BBB4-4B6E-8F64-C3AA6CAF7791}.Release|x64.ActiveCfg = Release|x64
		{CC036510-BBB4-4B6E-8F64-C3AA6CAF7791}.Release|x64.Build.0 = Release|x64
		{CC036510-BBB4-4B6E-8F64-C3AA6CAF7791}.Release|x86.ActiveCfg = Release|Win32
		{CC036510-BBB4-4B6E-8F64-C3AA6CAF7791}.Release|x86.Build.0 = Release|Win32
	EndGlobalSection
	GlobalSection(SolutionProperties) = preSolution
		HideSolutionNode = FALSE
	EndGlobalSection
	GlobalSection(ExtensibilityGlobals) = postSolution
		SolutionGuid = {E3AA50C5-BF09-45BA-8E9E-987BCDA6A5EB}
	EndGlobalSection
EndGlobal
