
Microsoft Visual Studio Solution File, Format Version 12.00
# Visual Studio Version 17
VisualStudioVersion = 17.0.31919.166
MinimumVisualStudioVersion = 10.0.40219.1
Project("{8BC9CEB8-8B4A-11D0-8D11-00A0C91BC942}") = "https_server", "https_server.vcxproj", "{641269F9-1340-449F-B2A8-A9A184C419A6}"
EndProject
Project("{8BC9CEB8-8B4A-11D0-8D11-00A0C91BC942}") = "co_core", "..\..\..\prj\msvc\co_core\co_core.vcxproj", "{4D32C6C5-283E-4610-AAC5-B64943BEDBBD}"
EndProject
Project("{8BC9CEB8-8B4A-11D0-8D11-00A0C91BC942}") = "co_http", "..\..\..\prj\msvc\co_http\co_http.vcxproj", "{702988B4-8828-46E5-951F-AB5267DB3B38}"
EndProject
Project("{8BC9CEB8-8B4A-11D0-8D11-00A0C91BC942}") = "co_net", "..\..\..\prj\msvc\co_net\co_net.vcxproj", "{BC7AFCD0-9685-4D50-949C-FC7A194E972F}"
EndProject
Project("{8BC9CEB8-8B4A-11D0-8D11-00A0C91BC942}") = "co_tls", "..\..\..\prj\msvc\co_tls\co_tls.vcxproj", "{325FD737-E9F2-4528-B106-E009D03B0788}"
EndProject
Global
	GlobalSection(SolutionConfigurationPlatforms) = preSolution
		Debug_static|x64 = Debug_static|x64
		Debug_static|x86 = Debug_static|x86
		Debug|x64 = Debug|x64
		Debug|x86 = Debug|x86
		Release_static|x64 = Release_static|x64
		Release_static|x86 = Release_static|x86
		Release|x64 = Release|x64
		Release|x86 = Release|x86
	EndGlobalSection
	GlobalSection(ProjectConfigurationPlatforms) = postSolution
		{641269F9-1340-449F-B2A8-A9A184C419A6}.Debug_static|x64.ActiveCfg = Debug|x64
		{641269F9-1340-449F-B2A8-A9A184C419A6}.Debug_static|x64.Build.0 = Debug|x64
		{641269F9-1340-449F-B2A8-A9A184C419A6}.Debug_static|x86.ActiveCfg = Debug|Win32
		{641269F9-1340-449F-B2A8-A9A184C419A6}.Debug_static|x86.Build.0 = Debug|Win32
		{641269F9-1340-449F-B2A8-A9A184C419A6}.Debug|x64.ActiveCfg = Debug|x64
		{641269F9-1340-449F-B2A8-A9A184C419A6}.Debug|x64.Build.0 = Debug|x64
		{641269F9-1340-449F-B2A8-A9A184C419A6}.Debug|x86.ActiveCfg = Debug|Win32
		{641269F9-1340-449F-B2A8-A9A184C419A6}.Debug|x86.Build.0 = Debug|Win32
		{641269F9-1340-449F-B2A8-A9A184C419A6}.Release_static|x64.ActiveCfg = Release|x64
		{641269F9-1340-449F-B2A8-A9A184C419A6}.Release_static|x64.Build.0 = Release|x64
		{641269F9-1340-449F-B2A8-A9A184C419A6}.Release_static|x86.ActiveCfg = Release|Win32
		{641269F9-1340-449F-B2A8-A9A184C419A6}.Release_static|x86.Build.0 = Release|Win32
		{641269F9-1340-449F-B2A8-A9A184C419A6}.Release|x64.ActiveCfg = Release|x64
		{641269F9-1340-449F-B2A8-A9A184C419A6}.Release|x64.Build.0 = Release|x64
		{641269F9-1340-449F-B2A8-A9A184C419A6}.Release|x86.ActiveCfg = Release|Win32
		{641269F9-1340-449F-B2A8-A9A184C419A6}.Release|x86.Build.0 = Release|Win32
		{4D32C6C5-283E-4610-AAC5-B64943BEDBBD}.Debug_static|x64.ActiveCfg = Debug_static|x64
		{4D32C6C5-283E-4610-AAC5-B64943BEDBBD}.Debug_static|x64.Build.0 = Debug_static|x64
		{4D32C6C5-283E-4610-AAC5-B64943BEDBBD}.Debug_static|x86.ActiveCfg = Debug_static|Win32
		{4D32C6C5-283E-4610-AAC5-B64943BEDBBD}.Debug_static|x86.Build.0 = Debug_static|Win32
		{4D32C6C5-283E-4610-AAC5-B64943BEDBBD}.Debug|x64.ActiveCfg = Debug|x64
		{4D32C6C5-283E-4610-AAC5-B64943BEDBBD}.Debug|x64.Build.0 = Debug|x64
		{4D32C6C5-283E-4610-AAC5-B64943BEDBBD}.Debug|x86.ActiveCfg = Debug|Win32
		{4D32C6C5-283E-4610-AAC5-B64943BEDBBD}.Debug|x86.Build.0 = Debug|Win32
		{4D32C6C5-283E-4610-AAC5-B64943BEDBBD}.Release_static|x64.ActiveCfg = Release_static|x64
		{4D32C6C5-283E-4610-AAC5-B64943BEDBBD}.Release_static|x64.Build.0 = Release_static|x64
		{4D32C6C5-283E-4610-AAC5-B64943BEDBBD}.Release_static|x86.ActiveCfg = Release_static|Win32
		{4D32C6C5-283E-4610-AAC5-B64943BEDBBD}.Release_static|x86.Build.0 = Release_static|Win32
		{4D32C6C5-283E-4610-AAC5-B64943BEDBBD}.Release|x64.ActiveCfg = Release|x64
		{4D32C6C5-283E-4610-AAC5-B64943BEDBBD}.Release|x64.Build.0 = Release|x64
		{4D32C6C5-283E-4610-AAC5-B64943BEDBBD}.Release|x86.ActiveCfg = Release|Win32
		{4D32C6C5-283E-4610-AAC5-B64943BEDBBD}.Release|x86.Build.0 = Release|Win32
		{702988B4-8828-46E5-951F-AB5267DB3B38}.Debug_static|x64.ActiveCfg = Debug_static|x64
		{702988B4-8828-46E5-951F-AB5267DB3B38}.Debug_static|x64.Build.0 = Debug_static|x64
		{702988B4-8828-46E5-951F-AB5267DB3B38}.Debug_static|x86.ActiveCfg = Debug_static|Win32
		{702988B4-8828-46E5-951F-AB5267DB3B38}.Debug_static|x86.Build.0 = Debug_static|Win32
		{702988B4-8828-46E5-951F-AB5267DB3B38}.Debug|x64.ActiveCfg = Debug|x64
		{702988B4-8828-46E5-951F-AB5267DB3B38}.Debug|x64.Build.0 = Debug|x64
		{702988B4-8828-46E5-951F-AB5267DB3B38}.Debug|x86.ActiveCfg = Debug|Win32
		{702988B4-8828-46E5-951F-AB5267DB3B38}.Debug|x86.Build.0 = Debug|Win32
		{702988B4-8828-46E5-951F-AB5267DB3B38}.Release_static|x64.ActiveCfg = Release_static|x64
		{702988B4-8828-46E5-951F-AB5267DB3B38}.Release_static|x64.Build.0 = Release_static|x64
		{702988B4-8828-46E5-951F-AB5267DB3B38}.Release_static|x86.ActiveCfg = Release_static|Win32
		{702988B4-8828-46E5-951F-AB5267DB3B38}.Release_static|x86.Build.0 = Release_static|Win32
		{702988B4-8828-46E5-951F-AB5267DB3B38}.Release|x64.ActiveCfg = Release|x64
		{702988B4-8828-46E5-951F-AB5267DB3B38}.Release|x64.Build.0 = Release|x64
		{702988B4-8828-46E5-951F-AB5267DB3B38}.Release|x86.ActiveCfg = Release|Win32
		{702988B4-8828-46E5-951F-AB5267DB3B38}.Release|x86.Build.0 = Release|Win32
		{BC7AFCD0-9685-4D50-949C-FC7A194E972F}.Debug_static|x64.ActiveCfg = Debug_static|x64
		{BC7AFCD0-9685-4D50-949C-FC7A194E972F}.Debug_static|x64.Build.0 = Debug_static|x64
		{BC7AFCD0-9685-4D50-949C-FC7A194E972F}.Debug_static|x86.ActiveCfg = Debug_static|Win32
		{BC7AFCD0-9685-4D50-949C-FC7A194E972F}.Debug_static|x86.Build.0 = Debug_static|Win32
		{BC7AFCD0-9685-4D50-949C-FC7A194E972F}.Debug|x64.ActiveCfg = Debug|x64
		{BC7AFCD0-9685-4D50-949C-FC7A194E972F}.Debug|x64.Build.0 = Debug|x64
		{BC7AFCD0-9685-4D50-949C-FC7A194E972F}.Debug|x86.ActiveCfg = Debug|Win32
		{BC7AFCD0-9685-4D50-949C-FC7A194E972F}.Debug|x86.Build.0 = Debug|Win32
		{BC7AFCD0-9685-4D50-949C-FC7A194E972F}.Release_static|x64.ActiveCfg = Release_static|x64
		{BC7AFCD0-9685-4D50-949C-FC7A194E972F}.Release_static|x64.Build.0 = Release_static|x64
		{BC7AFCD0-9685-4D50-949C-FC7A194E972F}.Release_static|x86.ActiveCfg = Release_static|Win32
		{BC7AFCD0-9685-4D50-949C-FC7A194E972F}.Release_static|x86.Build.0 = Release_static|Win32
		{BC7AFCD0-9685-4D50-949C-FC7A194E972F}.Release|x64.ActiveCfg = Release|x64
		{BC7AFCD0-9685-4D50-949C-FC7A194E972F}.Release|x64.Build.0 = Release|x64
		{BC7AFCD0-9685-4D50-949C-FC7A194E972F}.Release|x86.ActiveCfg = Release|Win32
		{BC7AFCD0-9685-4D50-949C-FC7A194E972F}.Release|x86.Build.0 = Release|Win32
		{325FD737-E9F2-4528-B106-E009D03B0788}.Debug_static|x64.ActiveCfg = Debug_static|x64
		{325FD737-E9F2-4528-B106-E009D03B0788}.Debug_static|x64.Build.0 = Debug_static|x64
		{325FD737-E9F2-4528-B106-E009D03B0788}.Debug_static|x86.ActiveCfg = Debug_static|Win32
		{325FD737-E9F2-4528-B106-E009D03B0788}.Debug_static|x86.Build.0 = Debug_static|Win32
		{325FD737-E9F2-4528-B106-E009D03B0788}.Debug|x64.ActiveCfg = Debug|x64
		{325FD737-E9F2-4528-B106-E009D03B0788}.Debug|x64.Build.0 = Debug|x64
		{325FD737-E9F2-4528-B106-E009D03B0788}.Debug|x86.ActiveCfg = Debug|Win32
		{325FD737-E9F2-4528-B106-E009D03B0788}.Debug|x86.Build.0 = Debug|Win32
		{325FD737-E9F2-4528-B106-E009D03B0788}.Release_static|x64.ActiveCfg = Release_static|x64
		{325FD737-E9F2-4528-B106-E009D03B0788}.Release_static|x64.Build.0 = Release_static|x64
		{325FD737-E9F2-4528-B106-E009D03B0788}.Release_static|x86.ActiveCfg = Release_static|Win32
		{325FD737-E9F2-4528-B106-E009D03B0788}.Release_static|x86.Build.0 = Release_static|Win32
		{325FD737-E9F2-4528-B106-E009D03B0788}.Release|x64.ActiveCfg = Release|x64
		{325FD737-E9F2-4528-B106-E009D03B0788}.Release|x64.Build.0 = Release|x64
		{325FD737-E9F2-4528-B106-E009D03B0788}.Release|x86.ActiveCfg = Release|Win32
		{325FD737-E9F2-4528-B106-E009D03B0788}.Release|x86.Build.0 = Release|Win32
	EndGlobalSection
	GlobalSection(SolutionProperties) = preSolution
		HideSolutionNode = FALSE
	EndGlobalSection
	GlobalSection(ExtensibilityGlobals) = postSolution
		SolutionGuid = {96C341A6-4EC3-4007-9A71-22F7C8AB7521}
	EndGlobalSection
EndGlobal
