
Microsoft Visual Studio Solution File, Format Version 12.00
# Visual Studio Version 16
VisualStudioVersion = 16.0.30717.126
MinimumVisualStudioVersion = 10.0.40219.1
Project("{8BC9CEB8-8B4A-11D0-8D11-00A0C91BC942}") = "udp_echo_server", "udp_echo_server.vcxproj", "{300717B8-7FC1-4AF6-B425-97126D9C6F47}"
EndProject
Project("{8BC9CEB8-8B4A-11D0-8D11-00A0C91BC942}") = "co", "..\..\..\..\prj\vs19\co_core\co.vcxproj", "{35F9BC66-C08B-46C0-BFDE-C9B42DEDAE15}"
EndProject
Project("{8BC9CEB8-8B4A-11D0-8D11-00A0C91BC942}") = "co_net", "..\..\..\..\prj\vs19\co_net\co_net.vcxproj", "{BC7AFCD0-9685-4D50-949C-FC7A194E972F}"
EndProject
Global
	GlobalSection(SolutionConfigurationPlatforms) = preSolution
		Debug|x64 = Debug|x64
		Debug|x86 = Debug|x86
		Release|x64 = Release|x64
		Release|x86 = Release|x86
	EndGlobalSection
	GlobalSection(ProjectConfigurationPlatforms) = postSolution
		{300717B8-7FC1-4AF6-B425-97126D9C6F47}.Debug|x64.ActiveCfg = Debug|x64
		{300717B8-7FC1-4AF6-B425-97126D9C6F47}.Debug|x64.Build.0 = Debug|x64
		{300717B8-7FC1-4AF6-B425-97126D9C6F47}.Debug|x86.ActiveCfg = Debug|Win32
		{300717B8-7FC1-4AF6-B425-97126D9C6F47}.Debug|x86.Build.0 = Debug|Win32
		{300717B8-7FC1-4AF6-B425-97126D9C6F47}.Release|x64.ActiveCfg = Release|x64
		{300717B8-7FC1-4AF6-B425-97126D9C6F47}.Release|x64.Build.0 = Release|x64
		{300717B8-7FC1-4AF6-B425-97126D9C6F47}.Release|x86.ActiveCfg = Release|Win32
		{300717B8-7FC1-4AF6-B425-97126D9C6F47}.Release|x86.Build.0 = Release|Win32
		{35F9BC66-C08B-46C0-BFDE-C9B42DEDAE15}.Debug|x64.ActiveCfg = Debug|x64
		{35F9BC66-C08B-46C0-BFDE-C9B42DEDAE15}.Debug|x64.Build.0 = Debug|x64
		{35F9BC66-C08B-46C0-BFDE-C9B42DEDAE15}.Debug|x86.ActiveCfg = Debug|Win32
		{35F9BC66-C08B-46C0-BFDE-C9B42DEDAE15}.Debug|x86.Build.0 = Debug|Win32
		{35F9BC66-C08B-46C0-BFDE-C9B42DEDAE15}.Release|x64.ActiveCfg = Release|x64
		{35F9BC66-C08B-46C0-BFDE-C9B42DEDAE15}.Release|x64.Build.0 = Release|x64
		{35F9BC66-C08B-46C0-BFDE-C9B42DEDAE15}.Release|x86.ActiveCfg = Release|Win32
		{35F9BC66-C08B-46C0-BFDE-C9B42DEDAE15}.Release|x86.Build.0 = Release|Win32
		{BC7AFCD0-9685-4D50-949C-FC7A194E972F}.Debug|x64.ActiveCfg = Debug|x64
		{BC7AFCD0-9685-4D50-949C-FC7A194E972F}.Debug|x64.Build.0 = Debug|x64
		{BC7AFCD0-9685-4D50-949C-FC7A194E972F}.Debug|x86.ActiveCfg = Debug|Win32
		{BC7AFCD0-9685-4D50-949C-FC7A194E972F}.Debug|x86.Build.0 = Debug|Win32
		{BC7AFCD0-9685-4D50-949C-FC7A194E972F}.Release|x64.ActiveCfg = Release|x64
		{BC7AFCD0-9685-4D50-949C-FC7A194E972F}.Release|x64.Build.0 = Release|x64
		{BC7AFCD0-9685-4D50-949C-FC7A194E972F}.Release|x86.ActiveCfg = Release|Win32
		{BC7AFCD0-9685-4D50-949C-FC7A194E972F}.Release|x86.Build.0 = Release|Win32
	EndGlobalSection
	GlobalSection(SolutionProperties) = preSolution
		HideSolutionNode = FALSE
	EndGlobalSection
	GlobalSection(ExtensibilityGlobals) = postSolution
		SolutionGuid = {BDFD6443-30F9-457C-986C-DDF54C59F5E8}
	EndGlobalSection
EndGlobal
