
Microsoft Visual Studio Solution File, Format Version 12.00
# Visual Studio Version 17
VisualStudioVersion = 17.0.31919.166
MinimumVisualStudioVersion = 10.0.40219.1
Project("{8BC9CEB8-8B4A-11D0-8D11-00A0C91BC942}") = "udp_echo_server", "udp_echo_server.vcxproj", "{8D709C82-E262-4DCA-A95A-201BD4B64ECA}"
EndProject
Project("{8BC9CEB8-8B4A-11D0-8D11-00A0C91BC942}") = "co_core", "..\..\..\prj\msvc\co_core\co_core.vcxproj", "{4D32C6C5-283E-4610-AAC5-B64943BEDBBD}"
EndProject
Project("{8BC9CEB8-8B4A-11D0-8D11-00A0C91BC942}") = "co_net", "..\..\..\prj\msvc\co_net\co_net.vcxproj", "{BC7AFCD0-9685-4D50-949C-FC7A194E972F}"
EndProject
Global
	GlobalSection(SolutionConfigurationPlatforms) = preSolution
		Debug_static|x64 = Debug_static|x64
		Debug_static|x86 = Debug_static|x86
		Debug|x64 = Debug|x64
		Debug|x86 = Debug|x86
		Release_static|x64 = Release_static|x64
		Release_static|x86 = Release_static|x86
		Release|x64 = Release|x64
		Release|x86 = Release|x86
	EndGlobalSection
	GlobalSection(ProjectConfigurationPlatforms) = postSolution
		{8D709C82-E262-4DCA-A95A-201BD4B64ECA}.Debug_static|x64.ActiveCfg = Debug|x64
		{8D709C82-E262-4DCA-A95A-201BD4B64ECA}.Debug_static|x64.Build.0 = Debug|x64
		{8D709C82-E262-4DCA-A95A-201BD4B64ECA}.Debug_static|x86.ActiveCfg = Debug|Win32
		{8D709C82-E262-4DCA-A95A-201BD4B64ECA}.Debug_static|x86.Build.0 = Debug|Win32
		{8D709C82-E262-4DCA-A95A-201BD4B64ECA}.Debug|x64.ActiveCfg = Debug|x64
		{8D709C82-E262-4DCA-A95A-201BD4B64ECA}.Debug|x64.Build.0 = Debug|x64
		{8D709C82-E262-4DCA-A95A-201BD4B64ECA}.Debug|x86.ActiveCfg = Debug|Win32
		{8D709C82-E262-4DCA-A95A-201BD4B64ECA}.Debug|x86.Build.0 = Debug|Win32
		{8D709C82-E262-4DCA-A95A-201BD4B64ECA}.Release_static|x64.ActiveCfg = Release|x64
		{8D709C82-E262-4DCA-A95A-201BD4B64ECA}.Release_static|x64.Build.0 = Release|x64
		{8D709C82-E262-4DCA-A95A-201BD4B64ECA}.Release_static|x86.ActiveCfg = Release|Win32
		{8D709C82-E262-4DCA-A95A-201BD4B64ECA}.Release_static|x86.Build.0 = Release|Win32
		{8D709C82-E262-4DCA-A95A-201BD4B64ECA}.Release|x64.ActiveCfg = Release|x64
		{8D709C82-E262-4DCA-A95A-201BD4B64ECA}.Release|x64.Build.0 = Release|x64
		{8D709C82-E262-4DCA-A95A-201BD4B64ECA}.Release|x86.ActiveCfg = Release|Win32
		{8D709C82-E262-4DCA-A95A-201BD4B64ECA}.Release|x86.Build.0 = Release|Win32
		{4D32C6C5-283E-4610-AAC5-B64943BEDBBD}.Debug_static|x64.ActiveCfg = Debug_static|x64
		{4D32C6C5-283E-4610-AAC5-B64943BEDBBD}.Debug_static|x64.Build.0 = Debug_static|x64
		{4D32C6C5-283E-4610-AAC5-B64943BEDBBD}.Debug_static|x86.ActiveCfg = Debug_static|Win32
		{4D32C6C5-283E-4610-AAC5-B64943BEDBBD}.Debug_static|x86.Build.0 = Debug_static|Win32
		{4D32C6C5-283E-4610-AAC5-B64943BEDBBD}.Debug|x64.ActiveCfg = Debug|x64
		{4D32C6C5-283E-4610-AAC5-B64943BEDBBD}.Debug|x64.Build.0 = Debug|x64
		{4D32C6C5-283E-4610-AAC5-B64943BEDBBD}.Debug|x86.ActiveCfg = Debug|Win32
		{4D32C6C5-283E-4610-AAC5-B64943BEDBBD}.Debug|x86.Build.0 = Debug|Win32
		{4D32C6C5-283E-4610-AAC5-B64943BEDBBD}.Release_static|x64.ActiveCfg = Release_static|x64
		{4D32C6C5-283E-4610-AAC5-B64943BEDBBD}.Release_static|x64.Build.0 = Release_static|x64
		{4D32C6C5-283E-4610-AAC5-B64943BEDBBD}.Release_static|x86.ActiveCfg = Release_static|Win32
		{4D32C6C5-283E-4610-AAC5-B64943BEDBBD}.Release_static|x86.Build.0 = Release_static|Win32
		{4D32C6C5-283E-4610-AAC5-B64943BEDBBD}.Release|x64.ActiveCfg = Release|x64
		{4D32C6C5-283E-4610-AAC5-B64943BEDBBD}.Release|x64.Build.0 = Release|x64
		{4D32C6C5-283E-4610-AAC5-B64943BEDBBD}.Release|x86.ActiveCfg = Release|Win32
		{4D32C6C5-283E-4610-AAC5-B64943BEDBBD}.Release|x86.Build.0 = Release|Win32
		{BC7AFCD0-9685-4D50-949C-FC7A194E972F}.Debug_static|x64.ActiveCfg = Debug_static|x64
		{BC7AFCD0-9685-4D50-949C-FC7A194E972F}.Debug_static|x64.Build.0 = Debug_static|x64
		{BC7AFCD0-9685-4D50-949C-FC7A194E972F}.Debug_static|x86.ActiveCfg = Debug_static|Win32
		{BC7AFCD0-9685-4D50-949C-FC7A194E972F}.Debug_static|x86.Build.0 = Debug_static|Win32
		{BC7AFCD0-9685-4D50-949C-FC7A194E972F}.Debug|x64.ActiveCfg = Debug|x64
		{BC7AFCD0-9685-4D50-949C-FC7A194E972F}.Debug|x64.Build.0 = Debug|x64
		{BC7AFCD0-9685-4D50-949C-FC7A194E972F}.Debug|x86.ActiveCfg = Debug|Win32
		{BC7AFCD0-9685-4D50-949C-FC7A194E972F}.Debug|x86.Build.0 = Debug|Win32
		{BC7AFCD0-9685-4D50-949C-FC7A194E972F}.Release_static|x64.ActiveCfg = Release_static|x64
		{BC7AFCD0-9685-4D50-949C-FC7A194E972F}.Release_static|x64.Build.0 = Release_static|x64
		{BC7AFCD0-9685-4D50-949C-FC7A194E972F}.Release_static|x86.ActiveCfg = Release_static|Win32
		{BC7AFCD0-9685-4D50-949C-FC7A194E972F}.Release_static|x86.Build.0 = Release_static|Win32
		{BC7AFCD0-9685-4D50-949C-FC7A194E972F}.Release|x64.ActiveCfg = Release|x64
		{BC7AFCD0-9685-4D50-949C-FC7A194E972F}.Release|x64.Build.0 = Release|x64
		{BC7AFCD0-9685-4D50-949C-FC7A194E972F}.Release|x86.ActiveCfg = Release|Win32
		{BC7AFCD0-9685-4D50-949C-FC7A194E972F}.Release|x86.Build.0 = Release|Win32
	EndGlobalSection
	GlobalSection(SolutionProperties) = preSolution
		HideSolutionNode = FALSE
	EndGlobalSection
	GlobalSection(ExtensibilityGlobals) = postSolution
		SolutionGuid = {6B540023-8907-4FD2-97C3-9700A5389569}
	EndGlobalSection
EndGlobal
