
Microsoft Visual Studio Solution File, Format Version 12.00
# Visual Studio Version 17
VisualStudioVersion = 17.0.31919.166
MinimumVisualStudioVersion = 10.0.40219.1
Project("{8BC9CEB8-8B4A-11D0-8D11-00A0C91BC942}") = "co_core", "..\prj\msvc\co_core\co_core.vcxproj", "{4D32C6C5-283E-4610-AAC5-B64943BEDBBD}"
EndProject
Project("{8BC9CEB8-8B4A-11D0-8D11-00A0C91BC942}") = "co_http", "..\prj\msvc\co_http\co_http.vcxproj", "{702988B4-8828-46E5-951F-AB5267DB3B38}"
EndProject
Project("{8BC9CEB8-8B4A-11D0-8D11-00A0C91BC942}") = "co_http2", "..\prj\msvc\co_http2\co_http2.vcxproj", "{C026F32C-B005-436B-9F8F-48C7EA25D333}"
EndProject
Project("{8BC9CEB8-8B4A-11D0-8D11-00A0C91BC942}") = "co_net", "..\prj\msvc\co_net\co_net.vcxproj", "{BC7AFCD0-9685-4D50-949C-FC7A194E972F}"
EndProject
Project("{8BC9CEB8-8B4A-11D0-8D11-00A0C91BC942}") = "co_tls", "..\prj\msvc\co_tls\co_tls.vcxproj", "{325FD737-E9F2-4528-B106-E009D03B0788}"
EndProject
Project("{8BC9CEB8-8B4A-11D0-8D11-00A0C91BC942}") = "co_ws", "..\prj\msvc\co_ws\co_ws.vcxproj", "{6D8C833F-5540-40FB-925E-428262AC2CA7}"
EndProject
Project("{8BC9CEB8-8B4A-11D0-8D11-00A0C91BC942}") = "co_ws_http2", "..\prj\msvc\co_ws_http2\co_ws_http2.vcxproj", "{31D82D22-EC96-4C52-A466-A246D53BB8C2}"
EndProject
Project("{8BC9CEB8-8B4A-11D0-8D11-00A0C91BC942}") = "http_client", "http_client\msvc\http_client.vcxproj", "{ACEF8505-AC5E-485E-B9C4-E9292025A227}"
EndProject
Project("{8BC9CEB8-8B4A-11D0-8D11-00A0C91BC942}") = "http_server", "http_server\msvc\http_server.vcxproj", "{3243EC00-FE6F-4418-AD6B-B936B4079D0E}"
EndProject
Project("{8BC9CEB8-8B4A-11D0-8D11-00A0C91BC942}") = "http1_http2_server", "http1_http2_server\msvc\http1_http2_server.vcxproj", "{028079B2-32A4-4834-A6F4-DB227875A38C}"
EndProject
Project("{8BC9CEB8-8B4A-11D0-8D11-00A0C91BC942}") = "http2_client", "http2_client\msvc\http2_client.vcxproj", "{9322342F-CAD8-4EB2-98F8-50962C108B94}"
EndProject
Project("{8BC9CEB8-8B4A-11D0-8D11-00A0C91BC942}") = "http2_server", "http2_server\msvc\http2_server.vcxproj", "{93E9A32B-A621-48B9-B6D9-9524786AD5FA}"
EndProject
Project("{8BC9CEB8-8B4A-11D0-8D11-00A0C91BC942}") = "https_server", "https_server\msvc\https_server.vcxproj", "{641269F9-1340-449F-B2A8-A9A184C419A6}"
EndProject
Project("{8BC9CEB8-8B4A-11D0-8D11-00A0C91BC942}") = "tcp_client", "tcp_client\msvc\tcp_client.vcxproj", "{7EA514E1-1721-4258-81F0-86B83C27938B}"
EndProject
Project("{8BC9CEB8-8B4A-11D0-8D11-00A0C91BC942}") = "tcp_echo_server", "tcp_echo_server\msvc\tcp_echo_server.vcxproj", "{717825B2-C321-4ECC-B44C-1A035B20B92C}"
EndProject
Project("{8BC9CEB8-8B4A-11D0-8D11-00A0C91BC942}") = "tcp_server_multi_thread", "tcp_server_multi_thread\msvc\tcp_server_multi_thread.vcxproj", "{A6E3C323-CABA-4776-A2DF-7058F72F24C0}"
EndProject
Project("{8BC9CEB8-8B4A-11D0-8D11-00A0C91BC942}") = "tls_client", "tls_client\msvc\tls_client.vcxproj", "{1250B2BF-77C8-4495-A89A-69F2F761963F}"
EndProject
Project("{8BC9CEB8-8B4A-11D0-8D11-00A0C91BC942}") = "tls_echo_server", "tls_echo_server\msvc\tls_echo_server.vcxproj", "{C0AC06F2-C56B-4474-8E4B-9CFE7844F6C4}"
EndProject
Project("{8BC9CEB8-8B4A-11D0-8D11-00A0C91BC942}") = "udp_echo_server", "udp_echo_server\msvc\udp_echo_server.vcxproj", "{8D709C82-E262-4DCA-A95A-201BD4B64ECA}"
EndProject
Project("{8BC9CEB8-8B4A-11D0-8D11-00A0C91BC942}") = "udp_sender", "udp_sender\msvc\udp_sender.vcxproj", "{F7253E9E-5936-4E4A-955F-09F71D33DE3D}"
EndProject
Project("{8BC9CEB8-8B4A-11D0-8D11-00A0C91BC942}") = "ws_client", "ws_client\msvc\ws_client.vcxproj", "{31A775C1-C8F3-46A3-8420-4C991AE8DEEA}"
EndProject
Project("{8BC9CEB8-8B4A-11D0-8D11-00A0C91BC942}") = "ws_server", "ws_server\msvc\ws_server.vcxproj", "{168F38A5-5C59-4918-AE84-D93D291A5861}"
EndProject
Project("{8BC9CEB8-8B4A-11D0-8D11-00A0C91BC942}") = "udp_conn_client", "udp_conn_client\msvc\udp_conn_client.vcxproj", "{DCB2E79D-CAB4-4B0E-AF20-62A9ABA71CD1}"
EndProject
Project("{8BC9CEB8-8B4A-11D0-8D11-00A0C91BC942}") = "udp_conn_server", "udp_conn_server\msvc\udp_conn_server.vcxproj", "{C11C9B8B-3940-4272-AE12-F79531278974}"
EndProject
Project("{8BC9CEB8-8B4A-11D0-8D11-00A0C91BC942}") = "dtls_client", "dtls_client\msvc\dtls_client.vcxproj", "{E2B10FE4-28C8-48D2-AAF4-CEE967509E84}"
EndProject
Project("{8BC9CEB8-8B4A-11D0-8D11-00A0C91BC942}") = "dtls_server", "dtls_server\msvc\dtls_server.vcxproj", "{D9F5CC5D-30D3-4B45-A40D-7D54F06BC1E1}"
EndProject
Global
	GlobalSection(SolutionConfigurationPlatforms) = preSolution
		Debug_static|x64 = Debug_static|x64
		Debug_static|x86 = Debug_static|x86
		Debug|x64 = Debug|x64
		Debug|x86 = Debug|x86
		Release_static|x64 = Release_static|x64
		Release_static|x86 = Release_static|x86
		Release|x64 = Release|x64
		Release|x86 = Release|x86
	EndGlobalSection
	GlobalSection(ProjectConfigurationPlatforms) = postSolution
		{4D32C6C5-283E-4610-AAC5-B64943BEDBBD}.Debug_static|x64.ActiveCfg = Debug_static|x64
		{4D32C6C5-283E-4610-AAC5-B64943BEDBBD}.Debug_static|x64.Build.0 = Debug_static|x64
		{4D32C6C5-283E-4610-AAC5-B64943BEDBBD}.Debug_static|x86.ActiveCfg = Debug_static|Win32
		{4D32C6C5-283E-4610-AAC5-B64943BEDBBD}.Debug_static|x86.Build.0 = Debug_static|Win32
		{4D32C6C5-283E-4610-AAC5-B64943BEDBBD}.Debug|x64.ActiveCfg = Debug|x64
		{4D32C6C5-283E-4610-AAC5-B64943BEDBBD}.Debug|x64.Build.0 = Debug|x64
		{4D32C6C5-283E-4610-AAC5-B64943BEDBBD}.Debug|x86.ActiveCfg = Debug|Win32
		{4D32C6C5-283E-4610-AAC5-B64943BEDBBD}.Debug|x86.Build.0 = Debug|Win32
		{4D32C6C5-283E-4610-AAC5-B64943BEDBBD}.Release_static|x64.ActiveCfg = Release_static|x64
		{4D32C6C5-283E-4610-AAC5-B64943BEDBBD}.Release_static|x64.Build.0 = Release_static|x64
		{4D32C6C5-283E-4610-AAC5-B64943BEDBBD}.Release_static|x86.ActiveCfg = Release_static|Win32
		{4D32C6C5-283E-4610-AAC5-B64943BEDBBD}.Release_static|x86.Build.0 = Release_static|Win32
		{4D32C6C5-283E-4610-AAC5-B64943BEDBBD}.Release|x64.ActiveCfg = Release|x64
		{4D32C6C5-283E-4610-AAC5-B64943BEDBBD}.Release|x64.Build.0 = Release|x64
		{4D32C6C5-283E-4610-AAC5-B64943BEDBBD}.Release|x86.ActiveCfg = Release|Win32
		{4D32C6C5-283E-4610-AAC5-B64943BEDBBD}.Release|x86.Build.0 = Release|Win32
		{702988B4-8828-46E5-951F-AB5267DB3B38}.Debug_static|x64.ActiveCfg = Debug_static|x64
		{702988B4-8828-46E5-951F-AB5267DB3B38}.Debug_static|x64.Build.0 = Debug_static|x64
		{702988B4-8828-46E5-951F-AB5267DB3B38}.Debug_static|x86.ActiveCfg = Debug_static|Win32
		{702988B4-8828-46E5-951F-AB5267DB3B38}.Debug_static|x86.Build.0 = Debug_static|Win32
		{702988B4-8828-46E5-951F-AB5267DB3B38}.Debug|x64.ActiveCfg = Debug|x64
		{702988B4-8828-46E5-951F-AB5267DB3B38}.Debug|x64.Build.0 = Debug|x64
		{702988B4-8828-46E5-951F-AB5267DB3B38}.Debug|x86.ActiveCfg = Debug|Win32
		{702988B4-8828-46E5-951F-AB5267DB3B38}.Debug|x86.Build.0 = Debug|Win32
		{702988B4-8828-46E5-951F-AB5267DB3B38}.Release_static|x64.ActiveCfg = Release_static|x64
		{702988B4-8828-46E5-951F-AB5267DB3B38}.Release_static|x64.Build.0 = Release_static|x64
		{702988B4-8828-46E5-951F-AB5267DB3B38}.Release_static|x86.ActiveCfg = Release_static|Win32
		{702988B4-8828-46E5-951F-AB5267DB3B38}.Release_static|x86.Build.0 = Release_static|Win32
		{702988B4-8828-46E5-951F-AB5267DB3B38}.Release|x64.ActiveCfg = Release|x64
		{702988B4-8828-46E5-951F-AB5267DB3B38}.Release|x64.Build.0 = Release|x64
		{702988B4-8828-46E5-951F-AB5267DB3B38}.Release|x86.ActiveCfg = Release|Win32
		{702988B4-8828-46E5-951F-AB5267DB3B38}.Release|x86.Build.0 = Release|Win32
		{C026F32C-B005-436B-9F8F-48C7EA25D333}.Debug_static|x64.ActiveCfg = Debug_static|x64
		{C026F32C-B005-436B-9F8F-48C7EA25D333}.Debug_static|x64.Build.0 = Debug_static|x64
		{C026F32C-B005-436B-9F8F-48C7EA25D333}.Debug_static|x86.ActiveCfg = Debug_static|Win32
		{C026F32C-B005-436B-9F8F-48C7EA25D333}.Debug_static|x86.Build.0 = Debug_static|Win32
		{C026F32C-B005-436B-9F8F-48C7EA25D333}.Debug|x64.ActiveCfg = Debug|x64
		{C026F32C-B005-436B-9F8F-48C7EA25D333}.Debug|x64.Build.0 = Debug|x64
		{C026F32C-B005-436B-9F8F-48C7EA25D333}.Debug|x86.ActiveCfg = Debug|Win32
		{C026F32C-B005-436B-9F8F-48C7EA25D333}.Debug|x86.Build.0 = Debug|Win32
		{C026F32C-B005-436B-9F8F-48C7EA25D333}.Release_static|x64.ActiveCfg = Release_static|x64
		{C026F32C-B005-436B-9F8F-48C7EA25D333}.Release_static|x64.Build.0 = Release_static|x64
		{C026F32C-B005-436B-9F8F-48C7EA25D333}.Release_static|x86.ActiveCfg = Release_static|Win32
		{C026F32C-B005-436B-9F8F-48C7EA25D333}.Release_static|x86.Build.0 = Release_static|Win32
		{C026F32C-B005-436B-9F8F-48C7EA25D333}.Release|x64.ActiveCfg = Release|x64
		{C026F32C-B005-436B-9F8F-48C7EA25D333}.Release|x64.Build.0 = Release|x64
		{C026F32C-B005-436B-9F8F-48C7EA25D333}.Release|x86.ActiveCfg = Release|Win32
		{C026F32C-B005-436B-9F8F-48C7EA25D333}.Release|x86.Build.0 = Release|Win32
		{BC7AFCD0-9685-4D50-949C-FC7A194E972F}.Debug_static|x64.ActiveCfg = Debug_static|x64
		{BC7AFCD0-9685-4D50-949C-FC7A194E972F}.Debug_static|x64.Build.0 = Debug_static|x64
		{BC7AFCD0-9685-4D50-949C-FC7A194E972F}.Debug_static|x86.ActiveCfg = Debug_static|Win32
		{BC7AFCD0-9685-4D50-949C-FC7A194E972F}.Debug_static|x86.Build.0 = Debug_static|Win32
		{BC7AFCD0-9685-4D50-949C-FC7A194E972F}.Debug|x64.ActiveCfg = Debug|x64
		{BC7AFCD0-9685-4D50-949C-FC7A194E972F}.Debug|x64.Build.0 = Debug|x64
		{BC7AFCD0-9685-4D50-949C-FC7A194E972F}.Debug|x86.ActiveCfg = Debug|Win32
		{BC7AFCD0-9685-4D50-949C-FC7A194E972F}.Debug|x86.Build.0 = Debug|Win32
		{BC7AFCD0-9685-4D50-949C-FC7A194E972F}.Release_static|x64.ActiveCfg = Release_static|x64
		{BC7AFCD0-9685-4D50-949C-FC7A194E972F}.Release_static|x64.Build.0 = Release_static|x64
		{BC7AFCD0-9685-4D50-949C-FC7A194E972F}.Release_static|x86.ActiveCfg = Release_static|Win32
		{BC7AFCD0-9685-4D50-949C-FC7A194E972F}.Release_static|x86.Build.0 = Release_static|Win32
		{BC7AFCD0-9685-4D50-949C-FC7A194E972F}.Release|x64.ActiveCfg = Release|x64
		{BC7AFCD0-9685-4D50-949C-FC7A194E972F}.Release|x64.Build.0 = Release|x64
		{BC7AFCD0-9685-4D50-949C-FC7A194E972F}.Release|x86.ActiveCfg = Release|Win32
		{BC7AFCD0-9685-4D50-949C-FC7A194E972F}.Release|x86.Build.0 = Release|Win32
		{325FD737-E9F2-4528-B106-E009D03B0788}.Debug_static|x64.ActiveCfg = Debug_static|x64
		{325FD737-E9F2-4528-B106-E009D03B0788}.Debug_static|x64.Build.0 = Debug_static|x64
		{325FD737-E9F2-4528-B106-E009D03B0788}.Debug_static|x86.ActiveCfg = Debug_static|Win32
		{325FD737-E9F2-4528-B106-E009D03B0788}.Debug_static|x86.Build.0 = Debug_static|Win32
		{325FD737-E9F2-4528-B106-E009D03B0788}.Debug|x64.ActiveCfg = Debug|x64
		{325FD737-E9F2-4528-B106-E009D03B0788}.Debug|x64.Build.0 = Debug|x64
		{325FD737-E9F2-4528-B106-E009D03B0788}.Debug|x86.ActiveCfg = Debug|Win32
		{325FD737-E9F2-4528-B106-E009D03B0788}.Debug|x86.Build.0 = Debug|Win32
		{325FD737-E9F2-4528-B106-E009D03B0788}.Release_static|x64.ActiveCfg = Release_static|x64
		{325FD737-E9F2-4528-B106-E009D03B0788}.Release_static|x64.Build.0 = Release_static|x64
		{325FD737-E9F2-4528-B106-E009D03B0788}.Release_static|x86.ActiveCfg = Release_static|Win32
		{325FD737-E9F2-4528-B106-E009D03B0788}.Release_static|x86.Build.0 = Release_static|Win32
		{325FD737-E9F2-4528-B106-E009D03B0788}.Release|x64.ActiveCfg = Release|x64
		{325FD737-E9F2-4528-B106-E009D03B0788}.Release|x64.Build.0 = Release|x64
		{325FD737-E9F2-4528-B106-E009D03B0788}.Release|x86.ActiveCfg = Release|Win32
		{325FD737-E9F2-4528-B106-E009D03B0788}.Release|x86.Build.0 = Release|Win32
		{6D8C833F-5540-40FB-925E-428262AC2CA7}.Debug_static|x64.ActiveCfg = Debug_static|x64
		{6D8C833F-5540-40FB-925E-428262AC2CA7}.Debug_static|x64.Build.0 = Debug_static|x64
		{6D8C833F-5540-40FB-925E-428262AC2CA7}.Debug_static|x86.ActiveCfg = Debug_static|Win32
		{6D8C833F-5540-40FB-925E-428262AC2CA7}.Debug_static|x86.Build.0 = Debug_static|Win32
		{6D8C833F-5540-40FB-925E-428262AC2CA7}.Debug|x64.ActiveCfg = Debug|x64
		{6D8C833F-5540-40FB-925E-428262AC2CA7}.Debug|x64.Build.0 = Debug|x64
		{6D8C833F-5540-40FB-925E-428262AC2CA7}.Debug|x86.ActiveCfg = Debug|Win32
		{6D8C833F-5540-40FB-925E-428262AC2CA7}.Debug|x86.Build.0 = Debug|Win32
		{6D8C833F-5540-40FB-925E-428262AC2CA7}.Release_static|x64.ActiveCfg = Release_static|x64
		{6D8C833F-5540-40FB-925E-428262AC2CA7}.Release_static|x64.Build.0 = Release_static|x64
		{6D8C833F-5540-40FB-925E-428262AC2CA7}.Release_static|x86.ActiveCfg = Release_static|Win32
		{6D8C833F-5540-40FB-925E-428262AC2CA7}.Release_static|x86.Build.0 = Release_static|Win32
		{6D8C833F-5540-40FB-925E-428262AC2CA7}.Release|x64.ActiveCfg = Release|x64
		{6D8C833F-5540-40FB-925E-428262AC2CA7}.Release|x64.Build.0 = Release|x64
		{6D8C833F-5540-40FB-925E-428262AC2CA7}.Release|x86.ActiveCfg = Release|Win32
		{6D8C833F-5540-40FB-925E-428262AC2CA7}.Release|x86.Build.0 = Release|Win32
		{31D82D22-EC96-4C52-A466-A246D53BB8C2}.Debug_static|x64.ActiveCfg = Debug_static|x64
		{31D82D22-EC96-4C52-A466-A246D53BB8C2}.Debug_static|x64.Build.0 = Debug_static|x64
		{31D82D22-EC96-4C52-A466-A246D53BB8C2}.Debug_static|x86.ActiveCfg = Debug_static|Win32
		{31D82D22-EC96-4C52-A466-A246D53BB8C2}.Debug_static|x86.Build.0 = Debug_static|Win32
		{31D82D22-EC96-4C52-A466-A246D53BB8C2}.Debug|x64.ActiveCfg = Debug|x64
		{31D82D22-EC96-4C52-A466-A246D53BB8C2}.Debug|x64.Build.0 = Debug|x64
		{31D82D22-EC96-4C52-A466-A246D53BB8C2}.Debug|x86.ActiveCfg = Debug|Win32
		{31D82D22-EC96-4C52-A466-A246D53BB8C2}.Debug|x86.Build.0 = Debug|Win32
		{31D82D22-EC96-4C52-A466-A246D53BB8C2}.Release_static|x64.ActiveCfg = Release_static|x64
		{31D82D22-EC96-4C52-A466-A246D53BB8C2}.Release_static|x64.Build.0 = Release_static|x64
		{31D82D22-EC96-4C52-A466-A246D53BB8C2}.Release_static|x86.ActiveCfg = Release_static|Win32
		{31D82D22-EC96-4C52-A466-A246D53BB8C2}.Release_static|x86.Build.0 = Release_static|Win32
		{31D82D22-EC96-4C52-A466-A246D53BB8C2}.Release|x64.ActiveCfg = Release|x64
		{31D82D22-EC96-4C52-A466-A246D53BB8C2}.Release|x64.Build.0 = Release|x64
		{31D82D22-EC96-4C52-A466-A246D53BB8C2}.Release|x86.ActiveCfg = Release|Win32
		{31D82D22-EC96-4C52-A466-A246D53BB8C2}.Release|x86.Build.0 = Release|Win32
		{ACEF8505-AC5E-485E-B9C4-E9292025A227}.Debug_static|x64.ActiveCfg = Debug|x64
		{ACEF8505-AC5E-485E-B9C4-E9292025A227}.Debug_static|x64.Build.0 = Debug|x64
		{ACEF8505-AC5E-485E-B9C4-E9292025A227}.Debug_static|x86.ActiveCfg = Debug|Win32
		{ACEF8505-AC5E-485E-B9C4-E9292025A227}.Debug_static|x86.Build.0 = Debug|Win32
		{ACEF8505-AC5E-485E-B9C4-E9292025A227}.Debug|x64.ActiveCfg = Debug|x64
		{ACEF8505-AC5E-485E-B9C4-E9292025A227}.Debug|x64.Build.0 = Debug|x64
		{ACEF8505-AC5E-485E-B9C4-E9292025A227}.Debug|x86.ActiveCfg = Debug|Win32
		{ACEF8505-AC5E-485E-B9C4-E9292025A227}.Debug|x86.Build.0 = Debug|Win32
		{ACEF8505-AC5E-485E-B9C4-E9292025A227}.Release_static|x64.ActiveCfg = Release|x64
		{ACEF8505-AC5E-485E-B9C4-E9292025A227}.Release_static|x64.Build.0 = Release|x64
		{ACEF8505-AC5E-485E-B9C4-E9292025A227}.Release_static|x86.ActiveCfg = Release|Win32
		{ACEF8505-AC5E-485E-B9C4-E9292025A227}.Release_static|x86.Build.0 = Release|Win32
		{ACEF8505-AC5E-485E-B9C4-E9292025A227}.Release|x64.ActiveCfg = Release|x64
		{ACEF8505-AC5E-485E-B9C4-E9292025A227}.Release|x64.Build.0 = Release|x64
		{ACEF8505-AC5E-485E-B9C4-E9292025A227}.Release|x86.ActiveCfg = Release|Win32
		{ACEF8505-AC5E-485E-B9C4-E9292025A227}.Release|x86.Build.0 = Release|Win32
		{3243EC00-FE6F-4418-AD6B-B936B4079D0E}.Debug_static|x64.ActiveCfg = Debug|x64
		{3243EC00-FE6F-4418-AD6B-B936B4079D0E}.Debug_static|x64.Build.0 = Debug|x64
		{3243EC00-FE6F-4418-AD6B-B936B4079D0E}.Debug_static|x86.ActiveCfg = Debug|Win32
		{3243EC00-FE6F-4418-AD6B-B936B4079D0E}.Debug_static|x86.Build.0 = Debug|Win32
		{3243EC00-FE6F-4418-AD6B-B936B4079D0E}.Debug|x64.ActiveCfg = Debug|x64
		{3243EC00-FE6F-4418-AD6B-B936B4079D0E}.Debug|x64.Build.0 = Debug|x64
		{3243EC00-FE6F-4418-AD6B-B936B4079D0E}.Debug|x86.ActiveCfg = Debug|Win32
		{3243EC00-FE6F-4418-AD6B-B936B4079D0E}.Debug|x86.Build.0 = Debug|Win32
		{3243EC00-FE6F-4418-AD6B-B936B4079D0E}.Release_static|x64.ActiveCfg = Release|x64
		{3243EC00-FE6F-4418-AD6B-B936B4079D0E}.Release_static|x64.Build.0 = Release|x64
		{3243EC00-FE6F-4418-AD6B-B936B4079D0E}.Release_static|x86.ActiveCfg = Release|Win32
		{3243EC00-FE6F-4418-AD6B-B936B4079D0E}.Release_static|x86.Build.0 = Release|Win32
		{3243EC00-FE6F-4418-AD6B-B936B4079D0E}.Release|x64.ActiveCfg = Release|x64
		{3243EC00-FE6F-4418-AD6B-B936B4079D0E}.Release|x64.Build.0 = Release|x64
		{3243EC00-FE6F-4418-AD6B-B936B4079D0E}.Release|x86.ActiveCfg = Release|Win32
		{3243EC00-FE6F-4418-AD6B-B936B4079D0E}.Release|x86.Build.0 = Release|Win32
		{028079B2-32A4-4834-A6F4-DB227875A38C}.Debug_static|x64.ActiveCfg = Debug|x64
		{028079B2-32A4-4834-A6F4-DB227875A38C}.Debug_static|x64.Build.0 = Debug|x64
		{028079B2-32A4-4834-A6F4-DB227875A38C}.Debug_static|x86.ActiveCfg = Debug|Win32
		{028079B2-32A4-4834-A6F4-DB227875A38C}.Debug_static|x86.Build.0 = Debug|Win32
		{028079B2-32A4-4834-A6F4-DB227875A38C}.Debug|x64.ActiveCfg = Debug|x64
		{028079B2-32A4-4834-A6F4-DB227875A38C}.Debug|x64.Build.0 = Debug|x64
		{028079B2-32A4-4834-A6F4-DB227875A38C}.Debug|x86.ActiveCfg = Debug|Win32
		{028079B2-32A4-4834-A6F4-DB227875A38C}.Debug|x86.Build.0 = Debug|Win32
		{028079B2-32A4-4834-A6F4-DB227875A38C}.Release_static|x64.ActiveCfg = Release|x64
		{028079B2-32A4-4834-A6F4-DB227875A38C}.Release_static|x64.Build.0 = Release|x64
		{028079B2-32A4-4834-A6F4-DB227875A38C}.Release_static|x86.ActiveCfg = Release|Win32
		{028079B2-32A4-4834-A6F4-DB227875A38C}.Release_static|x86.Build.0 = Release|Win32
		{028079B2-32A4-4834-A6F4-DB227875A38C}.Release|x64.ActiveCfg = Release|x64
		{028079B2-32A4-4834-A6F4-DB227875A38C}.Release|x64.Build.0 = Release|x64
		{028079B2-32A4-4834-A6F4-DB227875A38C}.Release|x86.ActiveCfg = Release|Win32
		{028079B2-32A4-4834-A6F4-DB227875A38C}.Release|x86.Build.0 = Release|Win32
		{9322342F-CAD8-4EB2-98F8-50962C108B94}.Debug_static|x64.ActiveCfg = Debug|x64
		{9322342F-CAD8-4EB2-98F8-50962C108B94}.Debug_static|x64.Build.0 = Debug|x64
		{9322342F-CAD8-4EB2-98F8-50962C108B94}.Debug_static|x86.ActiveCfg = Debug|Win32
		{9322342F-CAD8-4EB2-98F8-50962C108B94}.Debug_static|x86.Build.0 = Debug|Win32
		{9322342F-CAD8-4EB2-98F8-50962C108B94}.Debug|x64.ActiveCfg = Debug|x64
		{9322342F-CAD8-4EB2-98F8-50962C108B94}.Debug|x64.Build.0 = Debug|x64
		{9322342F-CAD8-4EB2-98F8-50962C108B94}.Debug|x86.ActiveCfg = Debug|Win32
		{9322342F-CAD8-4EB2-98F8-50962C108B94}.Debug|x86.Build.0 = Debug|Win32
		{9322342F-CAD8-4EB2-98F8-50962C108B94}.Release_static|x64.ActiveCfg = Release|x64
		{9322342F-CAD8-4EB2-98F8-50962C108B94}.Release_static|x64.Build.0 = Release|x64
		{9322342F-CAD8-4EB2-98F8-50962C108B94}.Release_static|x86.ActiveCfg = Release|Win32
		{9322342F-CAD8-4EB2-98F8-50962C108B94}.Release_static|x86.Build.0 = Release|Win32
		{9322342F-CAD8-4EB2-98F8-50962C108B94}.Release|x64.ActiveCfg = Release|x64
		{9322342F-CAD8-4EB2-98F8-50962C108B94}.Release|x64.Build.0 = Release|x64
		{9322342F-CAD8-4EB2-98F8-50962C108B94}.Release|x86.ActiveCfg = Release|Win32
		{9322342F-CAD8-4EB2-98F8-50962C108B94}.Release|x86.Build.0 = Release|Win32
		{93E9A32B-A621-48B9-B6D9-9524786AD5FA}.Debug_static|x64.ActiveCfg = Debug|x64
		{93E9A32B-A621-48B9-B6D9-9524786AD5FA}.Debug_static|x64.Build.0 = Debug|x64
		{93E9A32B-A621-48B9-B6D9-9524786AD5FA}.Debug_static|x86.ActiveCfg = Debug|Win32
		{93E9A32B-A621-48B9-B6D9-9524786AD5FA}.Debug_static|x86.Build.0 = Debug|Win32
		{93E9A32B-A621-48B9-B6D9-9524786AD5FA}.Debug|x64.ActiveCfg = Debug|x64
		{93E9A32B-A621-48B9-B6D9-9524786AD5FA}.Debug|x64.Build.0 = Debug|x64
		{93E9A32B-A621-48B9-B6D9-9524786AD5FA}.Debug|x86.ActiveCfg = Debug|Win32
		{93E9A32B-A621-48B9-B6D9-9524786AD5FA}.Debug|x86.Build.0 = Debug|Win32
		{93E9A32B-A621-48B9-B6D9-9524786AD5FA}.Release_static|x64.ActiveCfg = Release|x64
		{93E9A32B-A621-48B9-B6D9-9524786AD5FA}.Release_static|x64.Build.0 = Release|x64
		{93E9A32B-A621-48B9-B6D9-9524786AD5FA}.Release_static|x86.ActiveCfg = Release|Win32
		{93E9A32B-A621-48B9-B6D9-9524786AD5FA}.Release_static|x86.Build.0 = Release|Win32
		{93E9A32B-A621-48B9-B6D9-9524786AD5FA}.Release|x64.ActiveCfg = Release|x64
		{93E9A32B-A621-48B9-B6D9-9524786AD5FA}.Release|x64.Build.0 = Release|x64
		{93E9A32B-A621-48B9-B6D9-9524786AD5FA}.Release|x86.ActiveCfg = Release|Win32
		{93E9A32B-A621-48B9-B6D9-9524786AD5FA}.Release|x86.Build.0 = Release|Win32
		{641269F9-1340-449F-B2A8-A9A184C419A6}.Debug_static|x64.ActiveCfg = Debug|x64
		{641269F9-1340-449F-B2A8-A9A184C419A6}.Debug_static|x64.Build.0 = Debug|x64
		{641269F9-1340-449F-B2A8-A9A184C419A6}.Debug_static|x86.ActiveCfg = Debug|Win32
		{641269F9-1340-449F-B2A8-A9A184C419A6}.Debug_static|x86.Build.0 = Debug|Win32
		{641269F9-1340-449F-B2A8-A9A184C419A6}.Debug|x64.ActiveCfg = Debug|x64
		{641269F9-1340-449F-B2A8-A9A184C419A6}.Debug|x64.Build.0 = Debug|x64
		{641269F9-1340-449F-B2A8-A9A184C419A6}.Debug|x86.ActiveCfg = Debug|Win32
		{641269F9-1340-449F-B2A8-A9A184C419A6}.Debug|x86.Build.0 = Debug|Win32
		{641269F9-1340-449F-B2A8-A9A184C419A6}.Release_static|x64.ActiveCfg = Release|x64
		{641269F9-1340-449F-B2A8-A9A184C419A6}.Release_static|x64.Build.0 = Release|x64
		{641269F9-1340-449F-B2A8-A9A184C419A6}.Release_static|x86.ActiveCfg = Release|Win32
		{641269F9-1340-449F-B2A8-A9A184C419A6}.Release_static|x86.Build.0 = Release|Win32
		{641269F9-1340-449F-B2A8-A9A184C419A6}.Release|x64.ActiveCfg = Release|x64
		{641269F9-1340-449F-B2A8-A9A184C419A6}.Release|x64.Build.0 = Release|x64
		{641269F9-1340-449F-B2A8-A9A184C419A6}.Release|x86.ActiveCfg = Release|Win32
		{641269F9-1340-449F-B2A8-A9A184C419A6}.Release|x86.Build.0 = Release|Win32
		{7EA514E1-1721-4258-81F0-86B83C27938B}.Debug_static|x64.ActiveCfg = Debug|x64
		{7EA514E1-1721-4258-81F0-86B83C27938B}.Debug_static|x64.Build.0 = Debug|x64
		{7EA514E1-1721-4258-81F0-86B83C27938B}.Debug_static|x86.ActiveCfg = Debug|Win32
		{7EA514E1-1721-4258-81F0-86B83C27938B}.Debug_static|x86.Build.0 = Debug|Win32
		{7EA514E1-1721-4258-81F0-86B83C27938B}.Debug|x64.ActiveCfg = Debug|x64
		{7EA514E1-1721-4258-81F0-86B83C27938B}.Debug|x64.Build.0 = Debug|x64
		{7EA514E1-1721-4258-81F0-86B83C27938B}.Debug|x86.ActiveCfg = Debug|Win32
		{7EA514E1-1721-4258-81F0-86B83C27938B}.Debug|x86.Build.0 = Debug|Win32
		{7EA514E1-1721-4258-81F0-86B83C27938B}.Release_static|x64.ActiveCfg = Release|x64
		{7EA514E1-1721-4258-81F0-86B83C27938B}.Release_static|x64.Build.0 = Release|x64
		{7EA514E1-1721-4258-81F0-86B83C27938B}.Release_static|x86.ActiveCfg = Release|Win32
		{7EA514E1-1721-4258-81F0-86B83C27938B}.Release_static|x86.Build.0 = Release|Win32
		{7EA514E1-1721-4258-81F0-86B83C27938B}.Release|x64.ActiveCfg = Release|x64
		{7EA514E1-1721-4258-81F0-86B83C27938B}.Release|x64.Build.0 = Release|x64
		{7EA514E1-1721-4258-81F0-86B83C27938B}.Release|x86.ActiveCfg = Release|Win32
		{7EA514E1-1721-4258-81F0-86B83C27938B}.Release|x86.Build.0 = Release|Win32
		{717825B2-C321-4ECC-B44C-1A035B20B92C}.Debug_static|x64.ActiveCfg = Debug|x64
		{717825B2-C321-4ECC-B44C-1A035B20B92C}.Debug_static|x64.Build.0 = Debug|x64
		{717825B2-C321-4ECC-B44C-1A035B20B92C}.Debug_static|x86.ActiveCfg = Debug|Win32
		{717825B2-C321-4ECC-B44C-1A035B20B92C}.Debug_static|x86.Build.0 = Debug|Win32
		{717825B2-C321-4ECC-B44C-1A035B20B92C}.Debug|x64.ActiveCfg = Debug|x64
		{717825B2-C321-4ECC-B44C-1A035B20B92C}.Debug|x64.Build.0 = Debug|x64
		{717825B2-C321-4ECC-B44C-1A035B20B92C}.Debug|x86.ActiveCfg = Debug|Win32
		{717825B2-C321-4ECC-B44C-1A035B20B92C}.Debug|x86.Build.0 = Debug|Win32
		{717825B2-C321-4ECC-B44C-1A035B20B92C}.Release_static|x64.ActiveCfg = Release|x64
		{717825B2-C321-4ECC-B44C-1A035B20B92C}.Release_static|x64.Build.0 = Release|x64
		{717825B2-C321-4ECC-B44C-1A035B20B92C}.Release_static|x86.ActiveCfg = Release|Win32
		{717825B2-C321-4ECC-B44C-1A035B20B92C}.Release_static|x86.Build.0 = Release|Win32
		{717825B2-C321-4ECC-B44C-1A035B20B92C}.Release|x64.ActiveCfg = Release|x64
		{717825B2-C321-4ECC-B44C-1A035B20B92C}.Release|x64.Build.0 = Release|x64
		{717825B2-C321-4ECC-B44C-1A035B20B92C}.Release|x86.ActiveCfg = Release|Win32
		{717825B2-C321-4ECC-B44C-1A035B20B92C}.Release|x86.Build.0 = Release|Win32
		{A6E3C323-CABA-4776-A2DF-7058F72F24C0}.Debug_static|x64.ActiveCfg = Debug|x64
		{A6E3C323-CABA-4776-A2DF-7058F72F24C0}.Debug_static|x64.Build.0 = Debug|x64
		{A6E3C323-CABA-4776-A2DF-7058F72F24C0}.Debug_static|x86.ActiveCfg = Debug|Win32
		{A6E3C323-CABA-4776-A2DF-7058F72F24C0}.Debug_static|x86.Build.0 = Debug|Win32
		{A6E3C323-CABA-4776-A2DF-7058F72F24C0}.Debug|x64.ActiveCfg = Debug|x64
		{A6E3C323-CABA-4776-A2DF-7058F72F24C0}.Debug|x64.Build.0 = Debug|x64
		{A6E3C323-CABA-4776-A2DF-7058F72F24C0}.Debug|x86.ActiveCfg = Debug|Win32
		{A6E3C323-CABA-4776-A2DF-7058F72F24C0}.Debug|x86.Build.0 = Debug|Win32
		{A6E3C323-CABA-4776-A2DF-7058F72F24C0}.Release_static|x64.ActiveCfg = Release|x64
		{A6E3C323-CABA-4776-A2DF-7058F72F24C0}.Release_static|x64.Build.0 = Release|x64
		{A6E3C323-CABA-4776-A2DF-7058F72F24C0}.Release_static|x86.ActiveCfg = Release|Win32
		{A6E3C323-CABA-4776-A2DF-7058F72F24C0}.Release_static|x86.Build.0 = Release|Win32
		{A6E3C323-CABA-4776-A2DF-7058F72F24C0}.Release|x64.ActiveCfg = Release|x64
		{A6E3C323-CABA-4776-A2DF-7058F72F24C0}.Release|x64.Build.0 = Release|x64
		{A6E3C323-CABA-4776-A2DF-7058F72F24C0}.Release|x86.ActiveCfg = Release|Win32
		{A6E3C323-CABA-4776-A2DF-7058F72F24C0}.Release|x86.Build.0 = Release|Win32
		{1250B2BF-77C8-4495-A89A-69F2F761963F}.Debug_static|x64.ActiveCfg = Debug|x64
		{1250B2BF-77C8-4495-A89A-69F2F761963F}.Debug_static|x64.Build.0 = Debug|x64
		{1250B2BF-77C8-4495-A89A-69F2F761963F}.Debug_static|x86.ActiveCfg = Debug|Win32
		{1250B2BF-77C8-4495-A89A-69F2F761963F}.Debug_static|x86.Build.0 = Debug|Win32
		{1250B2BF-77C8-4495-A89A-69F2F761963F}.Debug|x64.ActiveCfg = Debug|x64
		{1250B2BF-77C8-4495-A89A-69F2F761963F}.Debug|x64.Build.0 = Debug|x64
		{1250B2BF-77C8-4495-A89A-69F2F761963F}.Debug|x86.ActiveCfg = Debug|Win32
		{1250B2BF-77C8-4495-A89A-69F2F761963F}.Debug|x86.Build.0 = Debug|Win32
		{1250B2BF-77C8-4495-A89A-69F2F761963F}.Release_static|x64.ActiveCfg = Release|x64
		{1250B2BF-77C8-4495-A89A-69F2F761963F}.Release_static|x64.Build.0 = Release|x64
		{1250B2BF-77C8-4495-A89A-69F2F761963F}.Release_static|x86.ActiveCfg = Release|Win32
		{1250B2BF-77C8-4495-A89A-69F2F761963F}.Release_static|x86.Build.0 = Release|Win32
		{1250B2BF-77C8-4495-A89A-69F2F761963F}.Release|x64.ActiveCfg = Release|x64
		{1250B2BF-77C8-4495-A89A-69F2F761963F}.Release|x64.Build.0 = Release|x64
		{1250B2BF-77C8-4495-A89A-69F2F761963F}.Release|x86.ActiveCfg = Release|Win32
		{1250B2BF-77C8-4495-A89A-69F2F761963F}.Release|x86.Build.0 = Release|Win32
		{C0AC06F2-C56B-4474-8E4B-9CFE7844F6C4}.Debug_static|x64.ActiveCfg = Debug|x64
		{C0AC06F2-C56B-4474-8E4B-9CFE7844F6C4}.Debug_static|x64.Build.0 = Debug|x64
		{C0AC06F2-C56B-4474-8E4B-9CFE7844F6C4}.Debug_static|x86.ActiveCfg = Debug|Win32
		{C0AC06F2-C56B-4474-8E4B-9CFE7844F6C4}.Debug_static|x86.Build.0 = Debug|Win32
		{C0AC06F2-C56B-4474-8E4B-9CFE7844F6C4}.Debug|x64.ActiveCfg = Debug|x64
		{C0AC06F2-C56B-4474-8E4B-9CFE7844F6C4}.Debug|x64.Build.0 = Debug|x64
		{C0AC06F2-C56B-4474-8E4B-9CFE7844F6C4}.Debug|x86.ActiveCfg = Debug|Win32
		{C0AC06F2-C56B-4474-8E4B-9CFE7844F6C4}.Debug|x86.Build.0 = Debug|Win32
		{C0AC06F2-C56B-4474-8E4B-9CFE7844F6C4}.Release_static|x64.ActiveCfg = Release|x64
		{C0AC06F2-C56B-4474-8E4B-9CFE7844F6C4}.Release_static|x64.Build.0 = Release|x64
		{C0AC06F2-C56B-4474-8E4B-9CFE7844F6C4}.Release_static|x86.ActiveCfg = Release|Win32
		{C0AC06F2-C56B-4474-8E4B-9CFE7844F6C4}.Release_static|x86.Build.0 = Release|Win32
		{C0AC06F2-C56B-4474-8E4B-9CFE7844F6C4}.Release|x64.ActiveCfg = Release|x64
		{C0AC06F2-C56B-4474-8E4B-9CFE7844F6C4}.Release|x64.Build.0 = Release|x64
		{C0AC06F2-C56B-4474-8E4B-9CFE7844F6C4}.Release|x86.ActiveCfg = Release|Win32
		{C0AC06F2-C56B-4474-8E4B-9CFE7844F6C4}.Release|x86.Build.0 = Release|Win32
		{8D709C82-E262-4DCA-A95A-201BD4B64ECA}.Debug_static|x64.ActiveCfg = Debug|x64
		{8D709C82-E262-4DCA-A95A-201BD4B64ECA}.Debug_static|x64.Build.0 = Debug|x64
		{8D709C82-E262-4DCA-A95A-201BD4B64ECA}.Debug_static|x86.ActiveCfg = Debug|Win32
		{8D709C82-E262-4DCA-A95A-201BD4B64ECA}.Debug_static|x86.Build.0 = Debug|Win32
		{8D709C82-E262-4DCA-A95A-201BD4B64ECA}.Debug|x64.ActiveCfg = Debug|x64
		{8D709C82-E262-4DCA-A95A-201BD4B64ECA}.Debug|x64.Build.0 = Debug|x64
		{8D709C82-E262-4DCA-A95A-201BD4B64ECA}.Debug|x86.ActiveCfg = Debug|Win32
		{8D709C82-E262-4DCA-A95A-201BD4B64ECA}.Debug|x86.Build.0 = Debug|Win32
		{8D709C82-E262-4DCA-A95A-201BD4B64ECA}.Release_static|x64.ActiveCfg = Release|x64
		{8D709C82-E262-4DCA-A95A-201BD4B64ECA}.Release_static|x64.Build.0 = Release|x64
		{8D709C82-E262-4DCA-A95A-201BD4B64ECA}.Release_static|x86.ActiveCfg = Release|Win32
		{8D709C82-E262-4DCA-A95A-201BD4B64ECA}.Release_static|x86.Build.0 = Release|Win32
		{8D709C82-E262-4DCA-A95A-201BD4B64ECA}.Release|x64.ActiveCfg = Release|x64
		{8D709C82-E262-4DCA-A95A-201BD4B64ECA}.Release|x64.Build.0 = Release|x64
		{8D709C82-E262-4DCA-A95A-201BD4B64ECA}.Release|x86.ActiveCfg = Release|Win32
		{8D709C82-E262-4DCA-A95A-201BD4B64ECA}.Release|x86.Build.0 = Release|Win32
		{F7253E9E-5936-4E4A-955F-09F71D33DE3D}.Debug_static|x64.ActiveCfg = Debug|x64
		{F7253E9E-5936-4E4A-955F-09F71D33DE3D}.Debug_static|x64.Build.0 = Debug|x64
		{F7253E9E-5936-4E4A-955F-09F71D33DE3D}.Debug_static|x86.ActiveCfg = Debug|Win32
		{F7253E9E-5936-4E4A-955F-09F71D33DE3D}.Debug_static|x86.Build.0 = Debug|Win32
		{F7253E9E-5936-4E4A-955F-09F71D33DE3D}.Debug|x64.ActiveCfg = Debug|x64
		{F7253E9E-5936-4E4A-955F-09F71D33DE3D}.Debug|x64.Build.0 = Debug|x64
		{F7253E9E-5936-4E4A-955F-09F71D33DE3D}.Debug|x86.ActiveCfg = Debug|Win32
		{F7253E9E-5936-4E4A-955F-09F71D33DE3D}.Debug|x86.Build.0 = Debug|Win32
		{F7253E9E-5936-4E4A-955F-09F71D33DE3D}.Release_static|x64.ActiveCfg = Release|x64
		{F7253E9E-5936-4E4A-955F-09F71D33DE3D}.Release_static|x64.Build.0 = Release|x64
		{F7253E9E-5936-4E4A-955F-09F71D33DE3D}.Release_static|x86.ActiveCfg = Release|Win32
		{F7253E9E-5936-4E4A-955F-09F71D33DE3D}.Release_static|x86.Build.0 = Release|Win32
		{F7253E9E-5936-4E4A-955F-09F71D33DE3D}.Release|x64.ActiveCfg = Release|x64
		{F7253E9E-5936-4E4A-955F-09F71D33DE3D}.Release|x64.Build.0 = Release|x64
		{F7253E9E-5936-4E4A-955F-09F71D33DE3D}.Release|x86.ActiveCfg = Release|Win32
		{F7253E9E-5936-4E4A-955F-09F71D33DE3D}.Release|x86.Build.0 = Release|Win32
		{31A775C1-C8F3-46A3-8420-4C991AE8DEEA}.Debug_static|x64.ActiveCfg = Debug|x64
		{31A775C1-C8F3-46A3-8420-4C991AE8DEEA}.Debug_static|x64.Build.0 = Debug|x64
		{31A775C1-C8F3-46A3-8420-4C991AE8DEEA}.Debug_static|x86.ActiveCfg = Debug|Win32
		{31A775C1-C8F3-46A3-8420-4C991AE8DEEA}.Debug_static|x86.Build.0 = Debug|Win32
		{31A775C1-C8F3-46A3-8420-4C991AE8DEEA}.Debug|x64.ActiveCfg = Debug|x64
		{31A775C1-C8F3-46A3-8420-4C991AE8DEEA}.Debug|x64.Build.0 = Debug|x64
		{31A775C1-C8F3-46A3-8420-4C991AE8DEEA}.Debug|x86.ActiveCfg = Debug|Win32
		{31A775C1-C8F3-46A3-8420-4C991AE8DEEA}.Debug|x86.Build.0 = Debug|Win32
		{31A775C1-C8F3-46A3-8420-4C991AE8DEEA}.Release_static|x64.ActiveCfg = Release|x64
		{31A775C1-C8F3-46A3-8420-4C991AE8DEEA}.Release_static|x64.Build.0 = Release|x64
		{31A775C1-C8F3-46A3-8420-4C991AE8DEEA}.Release_static|x86.ActiveCfg = Release|Win32
		{31A775C1-C8F3-46A3-8420-4C991AE8DEEA}.Release_static|x86.Build.0 = Release|Win32
		{31A775C1-C8F3-46A3-8420-4C991AE8DEEA}.Release|x64.ActiveCfg = Release|x64
		{31A775C1-C8F3-46A3-8420-4C991AE8DEEA}.Release|x64.Build.0 = Release|x64
		{31A775C1-C8F3-46A3-8420-4C991AE8DEEA}.Release|x86.ActiveCfg = Release|Win32
		{31A775C1-C8F3-46A3-8420-4C991AE8DEEA}.Release|x86.Build.0 = Release|Win32
		{168F38A5-5C59-4918-AE84-D93D291A5861}.Debug_static|x64.ActiveCfg = Debug|x64
		{168F38A5-5C59-4918-AE84-D93D291A5861}.Debug_static|x64.Build.0 = Debug|x64
		{168F38A5-5C59-4918-AE84-D93D291A5861}.Debug_static|x86.ActiveCfg = Debug|Win32
		{168F38A5-5C59-4918-AE84-D93D291A5861}.Debug_static|x86.Build.0 = Debug|Win32
		{168F38A5-5C59-4918-AE84-D93D291A5861}.Debug|x64.ActiveCfg = Debug|x64
		{168F38A5-5C59-4918-AE84-D93D291A5861}.Debug|x64.Build.0 = Debug|x64
		{168F38A5-5C59-4918-AE84-D93D291A5861}.Debug|x86.ActiveCfg = Debug|Win32
		{168F38A5-5C59-4918-AE84-D93D291A5861}.Debug|x86.Build.0 = Debug|Win32
		{168F38A5-5C59-4918-AE84-D93D291A5861}.Release_static|x64.ActiveCfg = Release|x64
		{168F38A5-5C59-4918-AE84-D93D291A5861}.Release_static|x64.Build.0 = Release|x64
		{168F38A5-5C59-4918-AE84-D93D291A5861}.Release_static|x86.ActiveCfg = Release|Win32
		{168F38A5-5C59-4918-AE84-D93D291A5861}.Release_static|x86.Build.0 = Release|Win32
		{168F38A5-5C59-4918-AE84-D93D291A5861}.Release|x64.ActiveCfg = Release|x64
		{168F38A5-5C59-4918-AE84-D93D291A5861}.Release|x64.Build.0 = Release|x64
		{168F38A5-5C59-4918-AE84-D93D291A5861}.Release|x86.ActiveCfg = Release|Win32
		{168F38A5-5C59-4918-AE84-D93D291A5861}.Release|x86.Build.0 = Release|Win32
		{DCB2E79D-CAB4-4B0E-AF20-62A9ABA71CD1}.Debug_static|x64.ActiveCfg = Debug|x64
		{DCB2E79D-CAB4-4B0E-AF20-62A9ABA71CD1}.Debug_static|x64.Build.0 = Debug|x64
		{DCB2E79D-CAB4-4B0E-AF20-62A9ABA71CD1}.Debug_static|x86.ActiveCfg = Debug|Win32
		{DCB2E79D-CAB4-4B0E-AF20-62A9ABA71CD1}.Debug_static|x86.Build.0 = Debug|Win32
		{DCB2E79D-CAB4-4B0E-AF20-62A9ABA71CD1}.Debug|x64.ActiveCfg = Debug|x64
		{DCB2E79D-CAB4-4B0E-AF20-62A9ABA71CD1}.Debug|x64.Build.0 = Debug|x64
		{DCB2E79D-CAB4-4B0E-AF20-62A9ABA71CD1}.Debug|x86.ActiveCfg = Debug|Win32
		{DCB2E79D-CAB4-4B0E-AF20-62A9ABA71CD1}.Debug|x86.Build.0 = Debug|Win32
		{DCB2E79D-CAB4-4B0E-AF20-62A9ABA71CD1}.Release_static|x64.ActiveCfg = Release|x64
		{DCB2E79D-CAB4-4B0E-AF20-62A9ABA71CD1}.Release_static|x64.Build.0 = Release|x64
		{DCB2E79D-CAB4-4B0E-AF20-62A9ABA71CD1}.Release_static|x86.ActiveCfg = Release|Win32
		{DCB2E79D-CAB4-4B0E-AF20-62A9ABA71CD1}.Release_static|x86.Build.0 = Release|Win32
		{DCB2E79D-CAB4-4B0E-AF20-62A9ABA71CD1}.Release|x64.ActiveCfg = Release|x64
		{DCB2E79D-CAB4-4B0E-AF20-62A9ABA71CD1}.Release|x64.Build.0 = Release|x64
		{DCB2E79D-CAB4-4B0E-AF20-62A9ABA71CD1}.Release|x86.ActiveCfg = Release|Win32
		{DCB2E79D-CAB4-4B0E-AF20-62A9ABA71CD1}.Release|x86.Build.0 = Release|Win32
		{C11C9B8B-3940-4272-AE12-F79531278974}.Debug_static|x64.ActiveCfg = Debug|x64
		{C11C9B8B-3940-4272-AE12-F79531278974}.Debug_static|x64.Build.0 = Debug|x64
		{C11C9B8B-3940-4272-AE12-F79531278974}.Debug_static|x86.ActiveCfg = Debug|Win32
		{C11C9B8B-3940-4272-AE12-F79531278974}.Debug_static|x86.Build.0 = Debug|Win32
		{C11C9B8B-3940-4272-AE12-F79531278974}.Debug|x64.ActiveCfg = Debug|x64
		{C11C9B8B-3940-4272-AE12-F79531278974}.Debug|x64.Build.0 = Debug|x64
		{C11C9B8B-3940-4272-AE12-F79531278974}.Debug|x86.ActiveCfg = Debug|Win32
		{C11C9B8B-3940-4272-AE12-F79531278974}.Debug|x86.Build.0 = Debug|Win32
		{C11C9B8B-3940-4272-AE12-F79531278974}.Release_static|x64.ActiveCfg = Release|x64
		{C11C9B8B-3940-4272-AE12-F79531278974}.Release_static|x64.Build.0 = Release|x64
		{C11C9B8B-3940-4272-AE12-F79531278974}.Release_static|x86.ActiveCfg = Release|Win32
		{C11C9B8B-3940-4272-AE12-F79531278974}.Release_static|x86.Build.0 = Release|Win32
		{C11C9B8B-3940-4272-AE12-F79531278974}.Release|x64.ActiveCfg = Release|x64
		{C11C9B8B-3940-4272-AE12-F79531278974}.Release|x64.Build.0 = Release|x64
		{C11C9B8B-3940-4272-AE12-F79531278974}.Release|x86.ActiveCfg = Release|Win32
		{C11C9B8B-3940-4272-AE12-F79531278974}.Release|x86.Build.0 = Release|Win32
		{E2B10FE4-28C8-48D2-AAF4-CEE967509E84}.Debug_static|x64.ActiveCfg = Debug|x64
		{E2B10FE4-28C8-48D2-AAF4-CEE967509E84}.Debug_static|x64.Build.0 = Debug|x64
		{E2B10FE4-28C8-48D2-AAF4-CEE967509E84}.Debug_static|x86.ActiveCfg = Debug|Win32
		{E2B10FE4-28C8-48D2-AAF4-CEE967509E84}.Debug_static|x86.Build.0 = Debug|Win32
		{E2B10FE4-28C8-48D2-AAF4-CEE967509E84}.Debug|x64.ActiveCfg = Debug|x64
		{E2B10FE4-28C8-48D2-AAF4-CEE967509E84}.Debug|x64.Build.0 = Debug|x64
		{E2B10FE4-28C8-48D2-AAF4-CEE967509E84}.Debug|x86.ActiveCfg = Debug|Win32
		{E2B10FE4-28C8-48D2-AAF4-CEE967509E84}.Debug|x86.Build.0 = Debug|Win32
		{E2B10FE4-28C8-48D2-AAF4-CEE967509E84}.Release_static|x64.ActiveCfg = Release|x64
		{E2B10FE4-28C8-48D2-AAF4-CEE967509E84}.Release_static|x64.Build.0 = Release|x64
		{E2B10FE4-28C8-48D2-AAF4-CEE967509E84}.Release_static|x86.ActiveCfg = Release|Win32
		{E2B10FE4-28C8-48D2-AAF4-CEE967509E84}.Release_static|x86.Build.0 = Release|Win32
		{E2B10FE4-28C8-48D2-AAF4-CEE967509E84}.Release|x64.ActiveCfg = Release|x64
		{E2B10FE4-28C8-48D2-AAF4-CEE967509E84}.Release|x64.Build.0 = Release|x64
		{E2B10FE4-28C8-48D2-AAF4-CEE967509E84}.Release|x86.ActiveCfg = Release|Win32
		{E2B10FE4-28C8-48D2-AAF4-CEE967509E84}.Release|x86.Build.0 = Release|Win32
		{D9F5CC5D-30D3-4B45-A40D-7D54F06BC1E1}.Debug_static|x64.ActiveCfg = Debug|x64
		{D9F5CC5D-30D3-4B45-A40D-7D54F06BC1E1}.Debug_static|x64.Build.0 = Debug|x64
		{D9F5CC5D-30D3-4B45-A40D-7D54F06BC1E1}.Debug_static|x86.ActiveCfg = Debug|Win32
		{D9F5CC5D-30D3-4B45-A40D-7D54F06BC1E1}.Debug_static|x86.Build.0 = Debug|Win32
		{D9F5CC5D-30D3-4B45-A40D-7D54F06BC1E1}.Debug|x64.ActiveCfg = Debug|x64
		{D9F5CC5D-30D3-4B45-A40D-7D54F06BC1E1}.Debug|x64.Build.0 = Debug|x64
		{D9F5CC5D-30D3-4B45-A40D-7D54F06BC1E1}.Debug|x86.ActiveCfg = Debug|Win32
		{D9F5CC5D-30D3-4B45-A40D-7D54F06BC1E1}.Debug|x86.Build.0 = Debug|Win32
		{D9F5CC5D-30D3-4B45-A40D-7D54F06BC1E1}.Release_static|x64.ActiveCfg = Release|x64
		{D9F5CC5D-30D3-4B45-A40D-7D54F06BC1E1}.Release_static|x64.Build.0 = Release|x64
		{D9F5CC5D-30D3-4B45-A40D-7D54F06BC1E1}.Release_static|x86.ActiveCfg = Release|Win32
		{D9F5CC5D-30D3-4B45-A40D-7D54F06BC1E1}.Release_static|x86.Build.0 = Release|Win32
		{D9F5CC5D-30D3-4B45-A40D-7D54F06BC1E1}.Release|x64.ActiveCfg = Release|x64
		{D9F5CC5D-30D3-4B45-A40D-7D54F06BC1E1}.Release|x64.Build.0 = Release|x64
		{D9F5CC5D-30D3-4B45-A40D-7D54F06BC1E1}.Release|x86.ActiveCfg = Release|Win32
		{D9F5CC5D-30D3-4B45-A40D-7D54F06BC1E1}.Release|x86.Build.0 = Release|Win32
	EndGlobalSection
	GlobalSection(SolutionProperties) = preSolution
		HideSolutionNode = FALSE
	EndGlobalSection
	GlobalSection(ExtensibilityGlobals) = postSolution
		SolutionGuid = {E3AA50C5-BF09-45BA-8E9E-987BCDA6A5EB}
	EndGlobalSection
EndGlobal
