// !$*UTF8*$!
{
	archiveVersion = 1;
	classes = {
	};
	objectVersion = 50;
	objects = {

/* Begin PBXBuildFile section */
		4A23C24225F249F600D3E910 /* co_ws_config.c in Sources */ = {isa = PBXBuildFile; fileRef = 4A23C23B25F249F600D3E910 /* co_ws_config.c */; };
		4A23C24325F249F600D3E910 /* co_random.c in Sources */ = {isa = PBXBuildFile; fileRef = 4A23C23C25F249F600D3E910 /* co_random.c */; };
		4A23C24425F249F600D3E910 /* co_ws_http_extension.c in Sources */ = {isa = PBXBuildFile; fileRef = 4A23C23D25F249F600D3E910 /* co_ws_http_extension.c */; };
		4A23C24525F249F600D3E910 /* co_ws.c in Sources */ = {isa = PBXBuildFile; fileRef = 4A23C23E25F249F600D3E910 /* co_ws.c */; };
		4A23C24625F249F600D3E910 /* co_ws_server.c in Sources */ = {isa = PBXBuildFile; fileRef = 4A23C23F25F249F600D3E910 /* co_ws_server.c */; };
		4A23C24725F249F600D3E910 /* co_ws_client.c in Sources */ = {isa = PBXBuildFile; fileRef = 4A23C24025F249F600D3E910 /* co_ws_client.c */; };
		4A23C24825F249F600D3E910 /* co_ws_frame.c in Sources */ = {isa = PBXBuildFile; fileRef = 4A23C24125F249F600D3E910 /* co_ws_frame.c */; };
		4AA4ACB12875A362006DE558 /* co_ws_log.c in Sources */ = {isa = PBXBuildFile; fileRef = 4AA4ACB02875A362006DE558 /* co_ws_log.c */; };
/* End PBXBuildFile section */

/* Begin PBXFileReference section */
		4A23C22D25F2491C00D3E910 /* libco_ws.a */ = {isa = PBXFileReference; explicitFileType = archive.ar; includeInIndex = 0; path = libco_ws.a; sourceTree = BUILT_PRODUCTS_DIR; };
		4A23C23B25F249F600D3E910 /* co_ws_config.c */ = {isa = PBXFileReference; fileEncoding = 4; lastKnownFileType = sourcecode.c.c; name = co_ws_config.c; path = ../../../src/ws/co_ws_config.c; sourceTree = "<group>"; };
		4A23C23C25F249F600D3E910 /* co_random.c */ = {isa = PBXFileReference; fileEncoding = 4; lastKnownFileType = sourcecode.c.c; name = co_random.c; path = ../../../src/ws/co_random.c; sourceTree = "<group>"; };
		4A23C23D25F249F600D3E910 /* co_ws_http_extension.c */ = {isa = PBXFileReference; fileEncoding = 4; lastKnownFileType = sourcecode.c.c; name = co_ws_http_extension.c; path = ../../../src/ws/co_ws_http_extension.c; sourceTree = "<group>"; };
		4A23C23E25F249F600D3E910 /* co_ws.c */ = {isa = PBXFileReference; fileEncoding = 4; lastKnownFileType = sourcecode.c.c; name = co_ws.c; path = ../../../src/ws/co_ws.c; sourceTree = "<group>"; };
		4A23C23F25F249F600D3E910 /* co_ws_server.c */ = {isa = PBXFileReference; fileEncoding = 4; lastKnownFileType = sourcecode.c.c; name = co_ws_server.c; path = ../../../src/ws/co_ws_server.c; sourceTree = "<group>"; };
		4A23C24025F249F600D3E910 /* co_ws_client.c */ = {isa = PBXFileReference; fileEncoding = 4; lastKnownFileType = sourcecode.c.c; name = co_ws_client.c; path = ../../../src/ws/co_ws_client.c; sourceTree = "<group>"; };
		4A23C24125F249F600D3E910 /* co_ws_frame.c */ = {isa = PBXFileReference; fileEncoding = 4; lastKnownFileType = sourcecode.c.c; name = co_ws_frame.c; path = ../../../src/ws/co_ws_frame.c; sourceTree = "<group>"; };
		4A23C24A25F24A0D00D3E910 /* ws */ = {isa = PBXFileReference; lastKnownFileType = folder; name = ws; path = ../../../inc/coldforce/ws; sourceTree = "<group>"; };
		4A23C25125F24D0000D3E910 /* common_config.xcconfig */ = {isa = PBXFileReference; fileEncoding = 4; lastKnownFileType = text.xcconfig; name = common_config.xcconfig; path = ../common_config.xcconfig; sourceTree = "<group>"; };
		4AA4ACB02875A362006DE558 /* co_ws_log.c */ = {isa = PBXFileReference; fileEncoding = 4; lastKnownFileType = sourcecode.c.c; name = co_ws_log.c; path = ../../../src/ws/co_ws_log.c; sourceTree = "<group>"; };
/* End PBXFileReference section */

/* Begin PBXFrameworksBuildPhase section */
		4A23C22B25F2491C00D3E910 /* Frameworks */ = {
			isa = PBXFrameworksBuildPhase;
			buildActionMask = 2147483647;
			files = (
			);
			runOnlyForDeploymentPostprocessing = 0;
		};
/* End PBXFrameworksBuildPhase section */

/* Begin PBXGroup section */
		4A23C22425F2491C00D3E910 = {
			isa = PBXGroup;
			children = (
				4A23C25125F24D0000D3E910 /* common_config.xcconfig */,
				4A23C23A25F249D500D3E910 /* Source Files */,
				4A23C23925F249C900D3E910 /* Header Files */,
				4A23C22E25F2491C00D3E910 /* Products */,
			);
			sourceTree = "<group>";
		};
		4A23C22E25F2491C00D3E910 /* Products */ = {
			isa = PBXGroup;
			children = (
				4A23C22D25F2491C00D3E910 /* libco_ws.a */,
			);
			name = Products;
			sourceTree = "<group>";
		};
		4A23C23925F249C900D3E910 /* Header Files */ = {
			isa = PBXGroup;
			children = (
				4A23C24A25F24A0D00D3E910 /* ws */,
			);
			name = "Header Files";
			sourceTree = "<group>";
		};
		4A23C23A25F249D500D3E910 /* Source Files */ = {
			isa = PBXGroup;
			children = (
				4AA4ACB02875A362006DE558 /* co_ws_log.c */,
				4A23C23C25F249F600D3E910 /* co_random.c */,
				4A23C24025F249F600D3E910 /* co_ws_client.c */,
				4A23C23B25F249F600D3E910 /* co_ws_config.c */,
				4A23C24125F249F600D3E910 /* co_ws_frame.c */,
				4A23C23D25F249F600D3E910 /* co_ws_http_extension.c */,
				4A23C23F25F249F600D3E910 /* co_ws_server.c */,
				4A23C23E25F249F600D3E910 /* co_ws.c */,
			);
			name = "Source Files";
			sourceTree = "<group>";
		};
/* End PBXGroup section */

/* Begin PBXHeadersBuildPhase section */
		4A23C22925F2491C00D3E910 /* Headers */ = {
			isa = PBXHeadersBuildPhase;
			buildActionMask = 2147483647;
			files = (
			);
			runOnlyForDeploymentPostprocessing = 0;
		};
/* End PBXHeadersBuildPhase section */

/* Begin PBXNativeTarget section */
		4A23C22C25F2491C00D3E910 /* co_ws */ = {
			isa = PBXNativeTarget;
			buildConfigurationList = 4A23C23125F2491C00D3E910 /* Build configuration list for PBXNativeTarget "co_ws" */;
			buildPhases = (
				4A23C22925F2491C00D3E910 /* Headers */,
				4A23C22A25F2491C00D3E910 /* Sources */,
				4A23C22B25F2491C00D3E910 /* Frameworks */,
			);
			buildRules = (
			);
			dependencies = (
			);
			name = co_ws;
			productName = co_ws;
			productReference = 4A23C22D25F2491C00D3E910 /* libco_ws.a */;
			productType = "com.apple.product-type.library.static";
		};
/* End PBXNativeTarget section */

/* Begin PBXProject section */
		4A23C22525F2491C00D3E910 /* Project object */ = {
			isa = PBXProject;
			attributes = {
				LastUpgradeCheck = 1200;
				TargetAttributes = {
					4A23C22C25F2491C00D3E910 = {
						CreatedOnToolsVersion = 12.0.1;
					};
				};
			};
			buildConfigurationList = 4A23C22825F2491C00D3E910 /* Build configuration list for PBXProject "co_ws" */;
			compatibilityVersion = "Xcode 9.3";
			developmentRegion = en;
			hasScannedForEncodings = 0;
			knownRegions = (
				en,
				Base,
			);
			mainGroup = 4A23C22425F2491C00D3E910;
			productRefGroup = 4A23C22E25F2491C00D3E910 /* Products */;
			projectDirPath = "";
			projectRoot = "";
			targets = (
				4A23C22C25F2491C00D3E910 /* co_ws */,
			);
		};
/* End PBXProject section */

/* Begin PBXSourcesBuildPhase section */
		4A23C22A25F2491C00D3E910 /* Sources */ = {
			isa = PBXSourcesBuildPhase;
			buildActionMask = 2147483647;
			files = (
				4AA4ACB12875A362006DE558 /* co_ws_log.c in Sources */,
				4A23C24725F249F600D3E910 /* co_ws_client.c in Sources */,
				4A23C24325F249F600D3E910 /* co_random.c in Sources */,
				4A23C24825F249F600D3E910 /* co_ws_frame.c in Sources */,
				4A23C24225F249F600D3E910 /* co_ws_config.c in Sources */,
				4A23C24625F249F600D3E910 /* co_ws_server.c in Sources */,
				4A23C24425F249F600D3E910 /* co_ws_http_extension.c in Sources */,
				4A23C24525F249F600D3E910 /* co_ws.c in Sources */,
			);
			runOnlyForDeploymentPostprocessing = 0;
		};
/* End PBXSourcesBuildPhase section */

/* Begin XCBuildConfiguration section */
		4A23C22F25F2491C00D3E910 /* Debug */ = {
			isa = XCBuildConfiguration;
			buildSettings = {
				ALWAYS_SEARCH_USER_PATHS = NO;
				CLANG_ANALYZER_NONNULL = YES;
				CLANG_ANALYZER_NUMBER_OBJECT_CONVERSION = YES_AGGRESSIVE;
				CLANG_CXX_LANGUAGE_STANDARD = "gnu++14";
				CLANG_CXX_LIBRARY = "libc++";
				CLANG_ENABLE_MODULES = YES;
				CLANG_ENABLE_OBJC_ARC = YES;
				CLANG_ENABLE_OBJC_WEAK = YES;
				CLANG_WARN_BLOCK_CAPTURE_AUTORELEASING = YES;
				CLANG_WARN_BOOL_CONVERSION = YES;
				CLANG_WARN_COMMA = YES;
				CLANG_WARN_CONSTANT_CONVERSION = YES;
				CLANG_WARN_DEPRECATED_OBJC_IMPLEMENTATIONS = YES;
				CLANG_WARN_DIRECT_OBJC_ISA_USAGE = YES_ERROR;
				CLANG_WARN_DOCUMENTATION_COMMENTS = YES;
				CLANG_WARN_EMPTY_BODY = YES;
				CLANG_WARN_ENUM_CONVERSION = YES;
				CLANG_WARN_INFINITE_RECURSION = YES;
				CLANG_WARN_INT_CONVERSION = YES;
				CLANG_WARN_NON_LITERAL_NULL_CONVERSION = YES;
				CLANG_WARN_OBJC_IMPLICIT_RETAIN_SELF = YES;
				CLANG_WARN_OBJC_LITERAL_CONVERSION = YES;
				CLANG_WARN_OBJC_ROOT_CLASS = YES_ERROR;
				CLANG_WARN_QUOTED_INCLUDE_IN_FRAMEWORK_HEADER = YES;
				CLANG_WARN_RANGE_LOOP_ANALYSIS = YES;
				CLANG_WARN_STRICT_PROTOTYPES = YES;
				CLANG_WARN_SUSPICIOUS_MOVE = YES;
				CLANG_WARN_UNGUARDED_AVAILABILITY = YES_AGGRESSIVE;
				CLANG_WARN_UNREACHABLE_CODE = YES;
				CLANG_WARN__DUPLICATE_METHOD_MATCH = YES;
				COPY_PHASE_STRIP = NO;
				DEBUG_INFORMATION_FORMAT = dwarf;
				ENABLE_STRICT_OBJC_MSGSEND = YES;
				ENABLE_TESTABILITY = YES;
				GCC_C_LANGUAGE_STANDARD = gnu11;
				GCC_DYNAMIC_NO_PIC = NO;
				GCC_NO_COMMON_BLOCKS = YES;
				GCC_OPTIMIZATION_LEVEL = 0;
				GCC_PREPROCESSOR_DEFINITIONS = (
					"DEBUG=1",
					"$(inherited)",
				);
				GCC_WARN_64_TO_32_BIT_CONVERSION = YES;
				GCC_WARN_ABOUT_RETURN_TYPE = YES_ERROR;
				GCC_WARN_UNDECLARED_SELECTOR = YES;
				GCC_WARN_UNINITIALIZED_AUTOS = YES_AGGRESSIVE;
				GCC_WARN_UNUSED_FUNCTION = YES;
				GCC_WARN_UNUSED_VARIABLE = YES;
				MACOSX_DEPLOYMENT_TARGET = 10.15;
				MTL_ENABLE_DEBUG_INFO = INCLUDE_SOURCE;
				MTL_FAST_MATH = YES;
				ONLY_ACTIVE_ARCH = YES;
				SDKROOT = macosx;
			};
			name = Debug;
		};
		4A23C23025F2491C00D3E910 /* Release */ = {
			isa = XCBuildConfiguration;
			buildSettings = {
				ALWAYS_SEARCH_USER_PATHS = NO;
				CLANG_ANALYZER_NONNULL = YES;
				CLANG_ANALYZER_NUMBER_OBJECT_CONVERSION = YES_AGGRESSIVE;
				CLANG_CXX_LANGUAGE_STANDARD = "gnu++14";
				CLANG_CXX_LIBRARY = "libc++";
				CLANG_ENABLE_MODULES = YES;
				CLANG_ENABLE_OBJC_ARC = YES;
				CLANG_ENABLE_OBJC_WEAK = YES;
				CLANG_WARN_BLOCK_CAPTURE_AUTORELEASING = YES;
				CLANG_WARN_BOOL_CONVERSION = YES;
				CLANG_WARN_COMMA = YES;
				CLANG_WARN_CONSTANT_CONVERSION = YES;
				CLANG_WARN_DEPRECATED_OBJC_IMPLEMENTATIONS = YES;
				CLANG_WARN_DIRECT_OBJC_ISA_USAGE = YES_ERROR;
				CLANG_WARN_DOCUMENTATION_COMMENTS = YES;
				CLANG_WARN_EMPTY_BODY = YES;
				CLANG_WARN_ENUM_CONVERSION = YES;
				CLANG_WARN_INFINITE_RECURSION = YES;
				CLANG_WARN_INT_CONVERSION = YES;
				CLANG_WARN_NON_LITERAL_NULL_CONVERSION = YES;
				CLANG_WARN_OBJC_IMPLICIT_RETAIN_SELF = YES;
				CLANG_WARN_OBJC_LITERAL_CONVERSION = YES;
				CLANG_WARN_OBJC_ROOT_CLASS = YES_ERROR;
				CLANG_WARN_QUOTED_INCLUDE_IN_FRAMEWORK_HEADER = YES;
				CLANG_WARN_RANGE_LOOP_ANALYSIS = YES;
				CLANG_WARN_STRICT_PROTOTYPES = YES;
				CLANG_WARN_SUSPICIOUS_MOVE = YES;
				CLANG_WARN_UNGUARDED_AVAILABILITY = YES_AGGRESSIVE;
				CLANG_WARN_UNREACHABLE_CODE = YES;
				CLANG_WARN__DUPLICATE_METHOD_MATCH = YES;
				COPY_PHASE_STRIP = NO;
				DEBUG_INFORMATION_FORMAT = "dwarf-with-dsym";
				ENABLE_NS_ASSERTIONS = NO;
				ENABLE_STRICT_OBJC_MSGSEND = YES;
				GCC_C_LANGUAGE_STANDARD = gnu11;
				GCC_NO_COMMON_BLOCKS = YES;
				GCC_WARN_64_TO_32_BIT_CONVERSION = YES;
				GCC_WARN_ABOUT_RETURN_TYPE = YES_ERROR;
				GCC_WARN_UNDECLARED_SELECTOR = YES;
				GCC_WARN_UNINITIALIZED_AUTOS = YES_AGGRESSIVE;
				GCC_WARN_UNUSED_FUNCTION = YES;
				GCC_WARN_UNUSED_VARIABLE = YES;
				MACOSX_DEPLOYMENT_TARGET = 10.15;
				MTL_ENABLE_DEBUG_INFO = NO;
				MTL_FAST_MATH = YES;
				SDKROOT = macosx;
			};
			name = Release;
		};
		4A23C23225F2491C00D3E910 /* Debug */ = {
			isa = XCBuildConfiguration;
			baseConfigurationReference = 4A23C25125F24D0000D3E910 /* common_config.xcconfig */;
			buildSettings = {
				CODE_SIGN_STYLE = Automatic;
				EXECUTABLE_PREFIX = lib;
				PRODUCT_NAME = "$(TARGET_NAME)";
				SKIP_INSTALL = YES;
			};
			name = Debug;
		};
		4A23C23325F2491C00D3E910 /* Release */ = {
			isa = XCBuildConfiguration;
			baseConfigurationReference = 4A23C25125F24D0000D3E910 /* common_config.xcconfig */;
			buildSettings = {
				CODE_SIGN_STYLE = Automatic;
				EXECUTABLE_PREFIX = lib;
				PRODUCT_NAME = "$(TARGET_NAME)";
				SKIP_INSTALL = YES;
			};
			name = Release;
		};
/* End XCBuildConfiguration section */

/* Begin XCConfigurationList section */
		4A23C22825F2491C00D3E910 /* Build configuration list for PBXProject "co_ws" */ = {
			isa = XCConfigurationList;
			buildConfigurations = (
				4A23C22F25F2491C00D3E910 /* Debug */,
				4A23C23025F2491C00D3E910 /* Release */,
			);
			defaultConfigurationIsVisible = 0;
			defaultConfigurationName = Release;
		};
		4A23C23125F2491C00D3E910 /* Build configuration list for PBXNativeTarget "co_ws" */ = {
			isa = XCConfigurationList;
			buildConfigurations = (
				4A23C23225F2491C00D3E910 /* Debug */,
				4A23C23325F2491C00D3E910 /* Release */,
			);
			defaultConfigurationIsVisible = 0;
			defaultConfigurationName = Release;
		};
/* End XCConfigurationList section */
	};
	rootObject = 4A23C22525F2491C00D3E910 /* Project object */;
}
