// !$*UTF8*$!
{
	archiveVersion = 1;
	classes = {
	};
	objectVersion = 50;
	objects = {

/* Begin PBXBuildFile section */
		4ACE0B1925B5D24100674D6C /* co_tls.c in Sources */ = {isa = PBXBuildFile; fileRef = 4ACE0B1625B5D24000674D6C /* co_tls.c */; };
		4ACF4BB325F498AE00C45318 /* co_tls_server.c in Sources */ = {isa = PBXBuildFile; fileRef = 4ACF4BB125F498AE00C45318 /* co_tls_server.c */; };
		4ACF4BB425F498AE00C45318 /* co_tls_client.c in Sources */ = {isa = PBXBuildFile; fileRef = 4ACF4BB225F498AE00C45318 /* co_tls_client.c */; };
/* End PBXBuildFile section */

/* Begin PBXFileReference section */
		4A23C25525F24E1000D3E910 /* common_config.xcconfig */ = {isa = PBXFileReference; fileEncoding = 4; lastKnownFileType = text.xcconfig; name = common_config.xcconfig; path = ../common_config.xcconfig; sourceTree = "<group>"; };
		4ACE0B0C25B5D1BC00674D6C /* libco_tls.a */ = {isa = PBXFileReference; explicitFileType = archive.ar; includeInIndex = 0; path = libco_tls.a; sourceTree = BUILT_PRODUCTS_DIR; };
		4ACE0B1625B5D24000674D6C /* co_tls.c */ = {isa = PBXFileReference; fileEncoding = 4; lastKnownFileType = sourcecode.c.c; name = co_tls.c; path = ../../../src/tls/co_tls.c; sourceTree = "<group>"; };
		4ACF4BB125F498AE00C45318 /* co_tls_server.c */ = {isa = PBXFileReference; fileEncoding = 4; lastKnownFileType = sourcecode.c.c; name = co_tls_server.c; path = ../../../src/tls/co_tls_server.c; sourceTree = "<group>"; };
		4ACF4BB225F498AE00C45318 /* co_tls_client.c */ = {isa = PBXFileReference; fileEncoding = 4; lastKnownFileType = sourcecode.c.c; name = co_tls_client.c; path = ../../../src/tls/co_tls_client.c; sourceTree = "<group>"; };
		4AFA7E7825B5E475006D1AD7 /* tls */ = {isa = PBXFileReference; lastKnownFileType = folder; name = tls; path = ../../../inc/coldforce/tls; sourceTree = "<group>"; };
/* End PBXFileReference section */

/* Begin PBXFrameworksBuildPhase section */
		4ACE0B0A25B5D1BC00674D6C /* Frameworks */ = {
			isa = PBXFrameworksBuildPhase;
			buildActionMask = 2147483647;
			files = (
			);
			runOnlyForDeploymentPostprocessing = 0;
		};
/* End PBXFrameworksBuildPhase section */

/* Begin PBXGroup section */
		4ACE0B0325B5D1BC00674D6C = {
			isa = PBXGroup;
			children = (
				4A23C25525F24E1000D3E910 /* common_config.xcconfig */,
				4ACE0B1425B5D20400674D6C /* Source Files */,
				4ACE0B1525B5D21600674D6C /* Header Files */,
				4ACE0B0D25B5D1BC00674D6C /* Products */,
			);
			sourceTree = "<group>";
		};
		4ACE0B0D25B5D1BC00674D6C /* Products */ = {
			isa = PBXGroup;
			children = (
				4ACE0B0C25B5D1BC00674D6C /* libco_tls.a */,
			);
			name = Products;
			sourceTree = "<group>";
		};
		4ACE0B1425B5D20400674D6C /* Source Files */ = {
			isa = PBXGroup;
			children = (
				4ACF4BB225F498AE00C45318 /* co_tls_client.c */,
				4ACF4BB125F498AE00C45318 /* co_tls_server.c */,
				4ACE0B1625B5D24000674D6C /* co_tls.c */,
			);
			name = "Source Files";
			sourceTree = "<group>";
		};
		4ACE0B1525B5D21600674D6C /* Header Files */ = {
			isa = PBXGroup;
			children = (
				4AFA7E7825B5E475006D1AD7 /* tls */,
			);
			name = "Header Files";
			sourceTree = "<group>";
		};
/* End PBXGroup section */

/* Begin PBXHeadersBuildPhase section */
		4ACE0B0825B5D1BC00674D6C /* Headers */ = {
			isa = PBXHeadersBuildPhase;
			buildActionMask = 2147483647;
			files = (
			);
			runOnlyForDeploymentPostprocessing = 0;
		};
/* End PBXHeadersBuildPhase section */

/* Begin PBXNativeTarget section */
		4ACE0B0B25B5D1BC00674D6C /* co_tls */ = {
			isa = PBXNativeTarget;
			buildConfigurationList = 4ACE0B1025B5D1BC00674D6C /* Build configuration list for PBXNativeTarget "co_tls" */;
			buildPhases = (
				4ACE0B0825B5D1BC00674D6C /* Headers */,
				4ACE0B0925B5D1BC00674D6C /* Sources */,
				4ACE0B0A25B5D1BC00674D6C /* Frameworks */,
			);
			buildRules = (
			);
			dependencies = (
			);
			name = co_tls;
			productName = co_tls;
			productReference = 4ACE0B0C25B5D1BC00674D6C /* libco_tls.a */;
			productType = "com.apple.product-type.library.static";
		};
/* End PBXNativeTarget section */

/* Begin PBXProject section */
		4ACE0B0425B5D1BC00674D6C /* Project object */ = {
			isa = PBXProject;
			attributes = {
				LastUpgradeCheck = 1200;
				TargetAttributes = {
					4ACE0B0B25B5D1BC00674D6C = {
						CreatedOnToolsVersion = 12.0.1;
					};
				};
			};
			buildConfigurationList = 4ACE0B0725B5D1BC00674D6C /* Build configuration list for PBXProject "co_tls" */;
			compatibilityVersion = "Xcode 9.3";
			developmentRegion = en;
			hasScannedForEncodings = 0;
			knownRegions = (
				en,
				Base,
			);
			mainGroup = 4ACE0B0325B5D1BC00674D6C;
			productRefGroup = 4ACE0B0D25B5D1BC00674D6C /* Products */;
			projectDirPath = "";
			projectRoot = "";
			targets = (
				4ACE0B0B25B5D1BC00674D6C /* co_tls */,
			);
		};
/* End PBXProject section */

/* Begin PBXSourcesBuildPhase section */
		4ACE0B0925B5D1BC00674D6C /* Sources */ = {
			isa = PBXSourcesBuildPhase;
			buildActionMask = 2147483647;
			files = (
				4ACF4BB325F498AE00C45318 /* co_tls_server.c in Sources */,
				4ACE0B1925B5D24100674D6C /* co_tls.c in Sources */,
				4ACF4BB425F498AE00C45318 /* co_tls_client.c in Sources */,
			);
			runOnlyForDeploymentPostprocessing = 0;
		};
/* End PBXSourcesBuildPhase section */

/* Begin XCBuildConfiguration section */
		4ACE0B0E25B5D1BC00674D6C /* Debug */ = {
			isa = XCBuildConfiguration;
			buildSettings = {
				ALWAYS_SEARCH_USER_PATHS = NO;
				CLANG_ANALYZER_NONNULL = YES;
				CLANG_ANALYZER_NUMBER_OBJECT_CONVERSION = YES_AGGRESSIVE;
				CLANG_CXX_LANGUAGE_STANDARD = "gnu++14";
				CLANG_CXX_LIBRARY = "libc++";
				CLANG_ENABLE_MODULES = YES;
				CLANG_ENABLE_OBJC_ARC = YES;
				CLANG_ENABLE_OBJC_WEAK = YES;
				CLANG_WARN_BLOCK_CAPTURE_AUTORELEASING = YES;
				CLANG_WARN_BOOL_CONVERSION = YES;
				CLANG_WARN_COMMA = YES;
				CLANG_WARN_CONSTANT_CONVERSION = YES;
				CLANG_WARN_DEPRECATED_OBJC_IMPLEMENTATIONS = YES;
				CLANG_WARN_DIRECT_OBJC_ISA_USAGE = YES_ERROR;
				CLANG_WARN_DOCUMENTATION_COMMENTS = YES;
				CLANG_WARN_EMPTY_BODY = YES;
				CLANG_WARN_ENUM_CONVERSION = YES;
				CLANG_WARN_INFINITE_RECURSION = YES;
				CLANG_WARN_INT_CONVERSION = YES;
				CLANG_WARN_NON_LITERAL_NULL_CONVERSION = YES;
				CLANG_WARN_OBJC_IMPLICIT_RETAIN_SELF = YES;
				CLANG_WARN_OBJC_LITERAL_CONVERSION = YES;
				CLANG_WARN_OBJC_ROOT_CLASS = YES_ERROR;
				CLANG_WARN_QUOTED_INCLUDE_IN_FRAMEWORK_HEADER = YES;
				CLANG_WARN_RANGE_LOOP_ANALYSIS = YES;
				CLANG_WARN_STRICT_PROTOTYPES = YES;
				CLANG_WARN_SUSPICIOUS_MOVE = YES;
				CLANG_WARN_UNGUARDED_AVAILABILITY = YES_AGGRESSIVE;
				CLANG_WARN_UNREACHABLE_CODE = YES;
				CLANG_WARN__DUPLICATE_METHOD_MATCH = YES;
				COPY_PHASE_STRIP = NO;
				DEBUG_INFORMATION_FORMAT = dwarf;
				ENABLE_STRICT_OBJC_MSGSEND = YES;
				ENABLE_TESTABILITY = YES;
				GCC_C_LANGUAGE_STANDARD = gnu11;
				GCC_DYNAMIC_NO_PIC = NO;
				GCC_NO_COMMON_BLOCKS = YES;
				GCC_OPTIMIZATION_LEVEL = 0;
				GCC_PREPROCESSOR_DEFINITIONS = (
					"DEBUG=1",
					"$(inherited)",
				);
				GCC_WARN_64_TO_32_BIT_CONVERSION = YES;
				GCC_WARN_ABOUT_RETURN_TYPE = YES_ERROR;
				GCC_WARN_UNDECLARED_SELECTOR = YES;
				GCC_WARN_UNINITIALIZED_AUTOS = YES_AGGRESSIVE;
				GCC_WARN_UNUSED_FUNCTION = YES;
				GCC_WARN_UNUSED_VARIABLE = YES;
				HEADER_SEARCH_PATHS = (
					"../../../inc/**",
					"/usr/local/opt/openssl/include/**",
				);
				MACOSX_DEPLOYMENT_TARGET = 10.15;
				MTL_ENABLE_DEBUG_INFO = INCLUDE_SOURCE;
				MTL_FAST_MATH = YES;
				ONLY_ACTIVE_ARCH = YES;
				SDKROOT = macosx;
			};
			name = Debug;
		};
		4ACE0B0F25B5D1BC00674D6C /* Release */ = {
			isa = XCBuildConfiguration;
			buildSettings = {
				ALWAYS_SEARCH_USER_PATHS = NO;
				CLANG_ANALYZER_NONNULL = YES;
				CLANG_ANALYZER_NUMBER_OBJECT_CONVERSION = YES_AGGRESSIVE;
				CLANG_CXX_LANGUAGE_STANDARD = "gnu++14";
				CLANG_CXX_LIBRARY = "libc++";
				CLANG_ENABLE_MODULES = YES;
				CLANG_ENABLE_OBJC_ARC = YES;
				CLANG_ENABLE_OBJC_WEAK = YES;
				CLANG_WARN_BLOCK_CAPTURE_AUTORELEASING = YES;
				CLANG_WARN_BOOL_CONVERSION = YES;
				CLANG_WARN_COMMA = YES;
				CLANG_WARN_CONSTANT_CONVERSION = YES;
				CLANG_WARN_DEPRECATED_OBJC_IMPLEMENTATIONS = YES;
				CLANG_WARN_DIRECT_OBJC_ISA_USAGE = YES_ERROR;
				CLANG_WARN_DOCUMENTATION_COMMENTS = YES;
				CLANG_WARN_EMPTY_BODY = YES;
				CLANG_WARN_ENUM_CONVERSION = YES;
				CLANG_WARN_INFINITE_RECURSION = YES;
				CLANG_WARN_INT_CONVERSION = YES;
				CLANG_WARN_NON_LITERAL_NULL_CONVERSION = YES;
				CLANG_WARN_OBJC_IMPLICIT_RETAIN_SELF = YES;
				CLANG_WARN_OBJC_LITERAL_CONVERSION = YES;
				CLANG_WARN_OBJC_ROOT_CLASS = YES_ERROR;
				CLANG_WARN_QUOTED_INCLUDE_IN_FRAMEWORK_HEADER = YES;
				CLANG_WARN_RANGE_LOOP_ANALYSIS = YES;
				CLANG_WARN_STRICT_PROTOTYPES = YES;
				CLANG_WARN_SUSPICIOUS_MOVE = YES;
				CLANG_WARN_UNGUARDED_AVAILABILITY = YES_AGGRESSIVE;
				CLANG_WARN_UNREACHABLE_CODE = YES;
				CLANG_WARN__DUPLICATE_METHOD_MATCH = YES;
				COPY_PHASE_STRIP = NO;
				DEBUG_INFORMATION_FORMAT = "dwarf-with-dsym";
				ENABLE_NS_ASSERTIONS = NO;
				ENABLE_STRICT_OBJC_MSGSEND = YES;
				GCC_C_LANGUAGE_STANDARD = gnu11;
				GCC_NO_COMMON_BLOCKS = YES;
				GCC_WARN_64_TO_32_BIT_CONVERSION = YES;
				GCC_WARN_ABOUT_RETURN_TYPE = YES_ERROR;
				GCC_WARN_UNDECLARED_SELECTOR = YES;
				GCC_WARN_UNINITIALIZED_AUTOS = YES_AGGRESSIVE;
				GCC_WARN_UNUSED_FUNCTION = YES;
				GCC_WARN_UNUSED_VARIABLE = YES;
				HEADER_SEARCH_PATHS = (
					"../../../inc/**",
					"/usr/local/opt/openssl/include/**",
				);
				MACOSX_DEPLOYMENT_TARGET = 10.15;
				MTL_ENABLE_DEBUG_INFO = NO;
				MTL_FAST_MATH = YES;
				SDKROOT = macosx;
			};
			name = Release;
		};
		4ACE0B1125B5D1BC00674D6C /* Debug */ = {
			isa = XCBuildConfiguration;
			buildSettings = {
				CODE_SIGN_STYLE = Automatic;
				EXECUTABLE_PREFIX = lib;
				PRODUCT_NAME = "$(TARGET_NAME)";
				SKIP_INSTALL = YES;
			};
			name = Debug;
		};
		4ACE0B1225B5D1BC00674D6C /* Release */ = {
			isa = XCBuildConfiguration;
			buildSettings = {
				CODE_SIGN_STYLE = Automatic;
				EXECUTABLE_PREFIX = lib;
				PRODUCT_NAME = "$(TARGET_NAME)";
				SKIP_INSTALL = YES;
			};
			name = Release;
		};
/* End XCBuildConfiguration section */

/* Begin XCConfigurationList section */
		4ACE0B0725B5D1BC00674D6C /* Build configuration list for PBXProject "co_tls" */ = {
			isa = XCConfigurationList;
			buildConfigurations = (
				4ACE0B0E25B5D1BC00674D6C /* Debug */,
				4ACE0B0F25B5D1BC00674D6C /* Release */,
			);
			defaultConfigurationIsVisible = 0;
			defaultConfigurationName = Release;
		};
		4ACE0B1025B5D1BC00674D6C /* Build configuration list for PBXNativeTarget "co_tls" */ = {
			isa = XCConfigurationList;
			buildConfigurations = (
				4ACE0B1125B5D1BC00674D6C /* Debug */,
				4ACE0B1225B5D1BC00674D6C /* Release */,
			);
			defaultConfigurationIsVisible = 0;
			defaultConfigurationName = Release;
		};
/* End XCConfigurationList section */
	};
	rootObject = 4ACE0B0425B5D1BC00674D6C /* Project object */;
}
