// !$*UTF8*$!
{
	archiveVersion = 1;
	classes = {
	};
	objectVersion = 50;
	objects = {

/* Begin PBXBuildFile section */
		4A09F3F425AABEEB00AC987D /* co_udp.c in Sources */ = {isa = PBXBuildFile; fileRef = 4A09F3E325AABEEB00AC987D /* co_udp.c */; };
		4A09F3F525AABEEB00AC987D /* co_net_app.c in Sources */ = {isa = PBXBuildFile; fileRef = 4A09F3E425AABEEB00AC987D /* co_net_app.c */; };
		4A09F3F725AABEEB00AC987D /* co_socket_option.c in Sources */ = {isa = PBXBuildFile; fileRef = 4A09F3E625AABEEB00AC987D /* co_socket_option.c */; };
		4A09F3F825AABEEB00AC987D /* co_tcp_server.c in Sources */ = {isa = PBXBuildFile; fileRef = 4A09F3E725AABEEB00AC987D /* co_tcp_server.c */; };
		4A09F3F925AABEEB00AC987D /* co_net_addr_resolve.c in Sources */ = {isa = PBXBuildFile; fileRef = 4A09F3E825AABEEB00AC987D /* co_net_addr_resolve.c */; };
		4A09F3FA25AABEEB00AC987D /* co_net.c in Sources */ = {isa = PBXBuildFile; fileRef = 4A09F3E925AABEEB00AC987D /* co_net.c */; };
		4A09F3FB25AABEEB00AC987D /* co_socket.c in Sources */ = {isa = PBXBuildFile; fileRef = 4A09F3EA25AABEEB00AC987D /* co_socket.c */; };
		4A09F3FC25AABEEB00AC987D /* co_socket_handle.c in Sources */ = {isa = PBXBuildFile; fileRef = 4A09F3EB25AABEEB00AC987D /* co_socket_handle.c */; };
		4A09F3FE25AABEEB00AC987D /* co_net_thread.c in Sources */ = {isa = PBXBuildFile; fileRef = 4A09F3ED25AABEEB00AC987D /* co_net_thread.c */; };
		4A09F3FF25AABEEB00AC987D /* co_tcp_client.c in Sources */ = {isa = PBXBuildFile; fileRef = 4A09F3EE25AABEEB00AC987D /* co_tcp_client.c */; };
		4A09F40125AABEEB00AC987D /* co_net_addr.c in Sources */ = {isa = PBXBuildFile; fileRef = 4A09F3F025AABEEB00AC987D /* co_net_addr.c */; };
		4A09F40325AABEEB00AC987D /* co_net_win.c in Sources */ = {isa = PBXBuildFile; fileRef = 4A09F3F225AABEEB00AC987D /* co_net_win.c */; };
		4A09F40425AABEEB00AC987D /* co_net_worker.c in Sources */ = {isa = PBXBuildFile; fileRef = 4A09F3F325AABEEB00AC987D /* co_net_worker.c */; };
		4A09FD3525AACB9400AC987D /* co_net_selector_mac.c in Sources */ = {isa = PBXBuildFile; fileRef = 4A09FD3425AACB9400AC987D /* co_net_selector_mac.c */; };
/* End PBXBuildFile section */

/* Begin PBXFileReference section */
		4A09F3DB25AABEA100AC987D /* libco_net.a */ = {isa = PBXFileReference; explicitFileType = archive.ar; includeInIndex = 0; path = libco_net.a; sourceTree = BUILT_PRODUCTS_DIR; };
		4A09F3E325AABEEB00AC987D /* co_udp.c */ = {isa = PBXFileReference; lastKnownFileType = sourcecode.c.c; name = co_udp.c; path = ../../../src/net/co_udp.c; sourceTree = "<group>"; };
		4A09F3E425AABEEB00AC987D /* co_net_app.c */ = {isa = PBXFileReference; lastKnownFileType = sourcecode.c.c; name = co_net_app.c; path = ../../../src/net/co_net_app.c; sourceTree = "<group>"; };
		4A09F3E625AABEEB00AC987D /* co_socket_option.c */ = {isa = PBXFileReference; lastKnownFileType = sourcecode.c.c; name = co_socket_option.c; path = ../../../src/net/co_socket_option.c; sourceTree = "<group>"; };
		4A09F3E725AABEEB00AC987D /* co_tcp_server.c */ = {isa = PBXFileReference; lastKnownFileType = sourcecode.c.c; name = co_tcp_server.c; path = ../../../src/net/co_tcp_server.c; sourceTree = "<group>"; };
		4A09F3E825AABEEB00AC987D /* co_net_addr_resolve.c */ = {isa = PBXFileReference; lastKnownFileType = sourcecode.c.c; name = co_net_addr_resolve.c; path = ../../../src/net/co_net_addr_resolve.c; sourceTree = "<group>"; };
		4A09F3E925AABEEB00AC987D /* co_net.c */ = {isa = PBXFileReference; lastKnownFileType = sourcecode.c.c; name = co_net.c; path = ../../../src/net/co_net.c; sourceTree = "<group>"; };
		4A09F3EA25AABEEB00AC987D /* co_socket.c */ = {isa = PBXFileReference; lastKnownFileType = sourcecode.c.c; name = co_socket.c; path = ../../../src/net/co_socket.c; sourceTree = "<group>"; };
		4A09F3EB25AABEEB00AC987D /* co_socket_handle.c */ = {isa = PBXFileReference; lastKnownFileType = sourcecode.c.c; name = co_socket_handle.c; path = ../../../src/net/co_socket_handle.c; sourceTree = "<group>"; };
		4A09F3ED25AABEEB00AC987D /* co_net_thread.c */ = {isa = PBXFileReference; lastKnownFileType = sourcecode.c.c; name = co_net_thread.c; path = ../../../src/net/co_net_thread.c; sourceTree = "<group>"; };
		4A09F3EE25AABEEB00AC987D /* co_tcp_client.c */ = {isa = PBXFileReference; lastKnownFileType = sourcecode.c.c; name = co_tcp_client.c; path = ../../../src/net/co_tcp_client.c; sourceTree = "<group>"; };
		4A09F3F025AABEEB00AC987D /* co_net_addr.c */ = {isa = PBXFileReference; lastKnownFileType = sourcecode.c.c; name = co_net_addr.c; path = ../../../src/net/co_net_addr.c; sourceTree = "<group>"; };
		4A09F3F225AABEEB00AC987D /* co_net_win.c */ = {isa = PBXFileReference; lastKnownFileType = sourcecode.c.c; name = co_net_win.c; path = ../../../src/net/co_net_win.c; sourceTree = "<group>"; };
		4A09F3F325AABEEB00AC987D /* co_net_worker.c */ = {isa = PBXFileReference; lastKnownFileType = sourcecode.c.c; name = co_net_worker.c; path = ../../../src/net/co_net_worker.c; sourceTree = "<group>"; };
		4A09FD3225AACB7000AC987D /* net */ = {isa = PBXFileReference; lastKnownFileType = folder; name = net; path = ../../../inc/coldforce/net; sourceTree = "<group>"; };
		4A09FD3425AACB9400AC987D /* co_net_selector_mac.c */ = {isa = PBXFileReference; fileEncoding = 4; lastKnownFileType = sourcecode.c.c; name = co_net_selector_mac.c; path = ../../../src/net/co_net_selector_mac.c; sourceTree = "<group>"; };
/* End PBXFileReference section */

/* Begin PBXFrameworksBuildPhase section */
		4A09F3D925AABEA100AC987D /* Frameworks */ = {
			isa = PBXFrameworksBuildPhase;
			buildActionMask = 2147483647;
			files = (
			);
			runOnlyForDeploymentPostprocessing = 0;
		};
/* End PBXFrameworksBuildPhase section */

/* Begin PBXGroup section */
		4A09F3D225AABEA100AC987D = {
			isa = PBXGroup;
			children = (
				4A09FD3025AACB3900AC987D /* Source Files */,
				4A09FD3125AACB4F00AC987D /* Header Files */,
				4A09F3DC25AABEA100AC987D /* Products */,
			);
			sourceTree = "<group>";
		};
		4A09F3DC25AABEA100AC987D /* Products */ = {
			isa = PBXGroup;
			children = (
				4A09F3DB25AABEA100AC987D /* libco_net.a */,
			);
			name = Products;
			sourceTree = "<group>";
		};
		4A09FD3025AACB3900AC987D /* Source Files */ = {
			isa = PBXGroup;
			children = (
				4A09FD3425AACB9400AC987D /* co_net_selector_mac.c */,
				4A09F3E825AABEEB00AC987D /* co_net_addr_resolve.c */,
				4A09F3F025AABEEB00AC987D /* co_net_addr.c */,
				4A09F3E425AABEEB00AC987D /* co_net_app.c */,
				4A09F3ED25AABEEB00AC987D /* co_net_thread.c */,
				4A09F3F225AABEEB00AC987D /* co_net_win.c */,
				4A09F3F325AABEEB00AC987D /* co_net_worker.c */,
				4A09F3E925AABEEB00AC987D /* co_net.c */,
				4A09F3EB25AABEEB00AC987D /* co_socket_handle.c */,
				4A09F3E625AABEEB00AC987D /* co_socket_option.c */,
				4A09F3EA25AABEEB00AC987D /* co_socket.c */,
				4A09F3EE25AABEEB00AC987D /* co_tcp_client.c */,
				4A09F3E725AABEEB00AC987D /* co_tcp_server.c */,
				4A09F3E325AABEEB00AC987D /* co_udp.c */,
			);
			name = "Source Files";
			sourceTree = "<group>";
		};
		4A09FD3125AACB4F00AC987D /* Header Files */ = {
			isa = PBXGroup;
			children = (
				4A09FD3225AACB7000AC987D /* net */,
			);
			name = "Header Files";
			sourceTree = "<group>";
		};
/* End PBXGroup section */

/* Begin PBXHeadersBuildPhase section */
		4A09F3D725AABEA100AC987D /* Headers */ = {
			isa = PBXHeadersBuildPhase;
			buildActionMask = 2147483647;
			files = (
			);
			runOnlyForDeploymentPostprocessing = 0;
		};
/* End PBXHeadersBuildPhase section */

/* Begin PBXNativeTarget section */
		4A09F3DA25AABEA100AC987D /* co_net */ = {
			isa = PBXNativeTarget;
			buildConfigurationList = 4A09F3DF25AABEA100AC987D /* Build configuration list for PBXNativeTarget "co_net" */;
			buildPhases = (
				4A09F3D725AABEA100AC987D /* Headers */,
				4A09F3D825AABEA100AC987D /* Sources */,
				4A09F3D925AABEA100AC987D /* Frameworks */,
			);
			buildRules = (
			);
			dependencies = (
			);
			name = co_net;
			productName = co_net;
			productReference = 4A09F3DB25AABEA100AC987D /* libco_net.a */;
			productType = "com.apple.product-type.library.static";
		};
/* End PBXNativeTarget section */

/* Begin PBXProject section */
		4A09F3D325AABEA100AC987D /* Project object */ = {
			isa = PBXProject;
			attributes = {
				LastUpgradeCheck = 1200;
				TargetAttributes = {
					4A09F3DA25AABEA100AC987D = {
						CreatedOnToolsVersion = 12.0.1;
					};
				};
			};
			buildConfigurationList = 4A09F3D625AABEA100AC987D /* Build configuration list for PBXProject "co_net" */;
			compatibilityVersion = "Xcode 9.3";
			developmentRegion = en;
			hasScannedForEncodings = 0;
			knownRegions = (
				en,
				Base,
			);
			mainGroup = 4A09F3D225AABEA100AC987D;
			productRefGroup = 4A09F3DC25AABEA100AC987D /* Products */;
			projectDirPath = "";
			projectRoot = "";
			targets = (
				4A09F3DA25AABEA100AC987D /* co_net */,
			);
		};
/* End PBXProject section */

/* Begin PBXSourcesBuildPhase section */
		4A09F3D825AABEA100AC987D /* Sources */ = {
			isa = PBXSourcesBuildPhase;
			buildActionMask = 2147483647;
			files = (
				4A09F3F425AABEEB00AC987D /* co_udp.c in Sources */,
				4A09F3F525AABEEB00AC987D /* co_net_app.c in Sources */,
				4A09F3F725AABEEB00AC987D /* co_socket_option.c in Sources */,
				4A09F3F825AABEEB00AC987D /* co_tcp_server.c in Sources */,
				4A09F3F925AABEEB00AC987D /* co_net_addr_resolve.c in Sources */,
				4A09F3FA25AABEEB00AC987D /* co_net.c in Sources */,
				4A09F3FB25AABEEB00AC987D /* co_socket.c in Sources */,
				4A09F3FC25AABEEB00AC987D /* co_socket_handle.c in Sources */,
				4A09F3FE25AABEEB00AC987D /* co_net_thread.c in Sources */,
				4A09F3FF25AABEEB00AC987D /* co_tcp_client.c in Sources */,
				4A09FD3525AACB9400AC987D /* co_net_selector_mac.c in Sources */,
				4A09F40125AABEEB00AC987D /* co_net_addr.c in Sources */,
				4A09F40325AABEEB00AC987D /* co_net_win.c in Sources */,
				4A09F40425AABEEB00AC987D /* co_net_worker.c in Sources */,
			);
			runOnlyForDeploymentPostprocessing = 0;
		};
/* End PBXSourcesBuildPhase section */

/* Begin XCBuildConfiguration section */
		4A09F3DD25AABEA100AC987D /* Debug */ = {
			isa = XCBuildConfiguration;
			buildSettings = {
				ALWAYS_SEARCH_USER_PATHS = NO;
				CLANG_ANALYZER_NONNULL = YES;
				CLANG_ANALYZER_NUMBER_OBJECT_CONVERSION = YES_AGGRESSIVE;
				CLANG_CXX_LANGUAGE_STANDARD = "gnu++14";
				CLANG_CXX_LIBRARY = "libc++";
				CLANG_ENABLE_MODULES = YES;
				CLANG_ENABLE_OBJC_ARC = YES;
				CLANG_ENABLE_OBJC_WEAK = YES;
				CLANG_WARN_BLOCK_CAPTURE_AUTORELEASING = YES;
				CLANG_WARN_BOOL_CONVERSION = YES;
				CLANG_WARN_COMMA = YES;
				CLANG_WARN_CONSTANT_CONVERSION = YES;
				CLANG_WARN_DEPRECATED_OBJC_IMPLEMENTATIONS = YES;
				CLANG_WARN_DIRECT_OBJC_ISA_USAGE = YES_ERROR;
				CLANG_WARN_DOCUMENTATION_COMMENTS = YES;
				CLANG_WARN_EMPTY_BODY = YES;
				CLANG_WARN_ENUM_CONVERSION = YES;
				CLANG_WARN_INFINITE_RECURSION = YES;
				CLANG_WARN_INT_CONVERSION = YES;
				CLANG_WARN_NON_LITERAL_NULL_CONVERSION = YES;
				CLANG_WARN_OBJC_IMPLICIT_RETAIN_SELF = YES;
				CLANG_WARN_OBJC_LITERAL_CONVERSION = YES;
				CLANG_WARN_OBJC_ROOT_CLASS = YES_ERROR;
				CLANG_WARN_QUOTED_INCLUDE_IN_FRAMEWORK_HEADER = YES;
				CLANG_WARN_RANGE_LOOP_ANALYSIS = YES;
				CLANG_WARN_STRICT_PROTOTYPES = YES;
				CLANG_WARN_SUSPICIOUS_MOVE = YES;
				CLANG_WARN_UNGUARDED_AVAILABILITY = YES_AGGRESSIVE;
				CLANG_WARN_UNREACHABLE_CODE = YES;
				CLANG_WARN__DUPLICATE_METHOD_MATCH = YES;
				COPY_PHASE_STRIP = NO;
				DEBUG_INFORMATION_FORMAT = dwarf;
				ENABLE_STRICT_OBJC_MSGSEND = YES;
				ENABLE_TESTABILITY = YES;
				GCC_C_LANGUAGE_STANDARD = gnu11;
				GCC_DYNAMIC_NO_PIC = NO;
				GCC_NO_COMMON_BLOCKS = YES;
				GCC_OPTIMIZATION_LEVEL = 0;
				GCC_PREPROCESSOR_DEFINITIONS = (
					"DEBUG=1",
					"$(inherited)",
				);
				GCC_WARN_64_TO_32_BIT_CONVERSION = YES;
				GCC_WARN_ABOUT_RETURN_TYPE = YES_ERROR;
				GCC_WARN_UNDECLARED_SELECTOR = YES;
				GCC_WARN_UNINITIALIZED_AUTOS = YES_AGGRESSIVE;
				GCC_WARN_UNUSED_FUNCTION = YES;
				GCC_WARN_UNUSED_VARIABLE = YES;
				MACOSX_DEPLOYMENT_TARGET = 10.15;
				MTL_ENABLE_DEBUG_INFO = INCLUDE_SOURCE;
				MTL_FAST_MATH = YES;
				ONLY_ACTIVE_ARCH = YES;
				SDKROOT = macosx;
			};
			name = Debug;
		};
		4A09F3DE25AABEA100AC987D /* Release */ = {
			isa = XCBuildConfiguration;
			buildSettings = {
				ALWAYS_SEARCH_USER_PATHS = NO;
				CLANG_ANALYZER_NONNULL = YES;
				CLANG_ANALYZER_NUMBER_OBJECT_CONVERSION = YES_AGGRESSIVE;
				CLANG_CXX_LANGUAGE_STANDARD = "gnu++14";
				CLANG_CXX_LIBRARY = "libc++";
				CLANG_ENABLE_MODULES = YES;
				CLANG_ENABLE_OBJC_ARC = YES;
				CLANG_ENABLE_OBJC_WEAK = YES;
				CLANG_WARN_BLOCK_CAPTURE_AUTORELEASING = YES;
				CLANG_WARN_BOOL_CONVERSION = YES;
				CLANG_WARN_COMMA = YES;
				CLANG_WARN_CONSTANT_CONVERSION = YES;
				CLANG_WARN_DEPRECATED_OBJC_IMPLEMENTATIONS = YES;
				CLANG_WARN_DIRECT_OBJC_ISA_USAGE = YES_ERROR;
				CLANG_WARN_DOCUMENTATION_COMMENTS = YES;
				CLANG_WARN_EMPTY_BODY = YES;
				CLANG_WARN_ENUM_CONVERSION = YES;
				CLANG_WARN_INFINITE_RECURSION = YES;
				CLANG_WARN_INT_CONVERSION = YES;
				CLANG_WARN_NON_LITERAL_NULL_CONVERSION = YES;
				CLANG_WARN_OBJC_IMPLICIT_RETAIN_SELF = YES;
				CLANG_WARN_OBJC_LITERAL_CONVERSION = YES;
				CLANG_WARN_OBJC_ROOT_CLASS = YES_ERROR;
				CLANG_WARN_QUOTED_INCLUDE_IN_FRAMEWORK_HEADER = YES;
				CLANG_WARN_RANGE_LOOP_ANALYSIS = YES;
				CLANG_WARN_STRICT_PROTOTYPES = YES;
				CLANG_WARN_SUSPICIOUS_MOVE = YES;
				CLANG_WARN_UNGUARDED_AVAILABILITY = YES_AGGRESSIVE;
				CLANG_WARN_UNREACHABLE_CODE = YES;
				CLANG_WARN__DUPLICATE_METHOD_MATCH = YES;
				COPY_PHASE_STRIP = NO;
				DEBUG_INFORMATION_FORMAT = "dwarf-with-dsym";
				ENABLE_NS_ASSERTIONS = NO;
				ENABLE_STRICT_OBJC_MSGSEND = YES;
				GCC_C_LANGUAGE_STANDARD = gnu11;
				GCC_NO_COMMON_BLOCKS = YES;
				GCC_WARN_64_TO_32_BIT_CONVERSION = YES;
				GCC_WARN_ABOUT_RETURN_TYPE = YES_ERROR;
				GCC_WARN_UNDECLARED_SELECTOR = YES;
				GCC_WARN_UNINITIALIZED_AUTOS = YES_AGGRESSIVE;
				GCC_WARN_UNUSED_FUNCTION = YES;
				GCC_WARN_UNUSED_VARIABLE = YES;
				MACOSX_DEPLOYMENT_TARGET = 10.15;
				MTL_ENABLE_DEBUG_INFO = NO;
				MTL_FAST_MATH = YES;
				SDKROOT = macosx;
			};
			name = Release;
		};
		4A09F3E025AABEA100AC987D /* Debug */ = {
			isa = XCBuildConfiguration;
			buildSettings = {
				CODE_SIGN_STYLE = Automatic;
				EXECUTABLE_PREFIX = lib;
				HEADER_SEARCH_PATHS = "../../../inc/**";
				PRODUCT_NAME = "$(TARGET_NAME)";
				SKIP_INSTALL = YES;
			};
			name = Debug;
		};
		4A09F3E125AABEA100AC987D /* Release */ = {
			isa = XCBuildConfiguration;
			buildSettings = {
				CODE_SIGN_STYLE = Automatic;
				EXECUTABLE_PREFIX = lib;
				HEADER_SEARCH_PATHS = "../../../inc/**";
				PRODUCT_NAME = "$(TARGET_NAME)";
				SKIP_INSTALL = YES;
			};
			name = Release;
		};
/* End XCBuildConfiguration section */

/* Begin XCConfigurationList section */
		4A09F3D625AABEA100AC987D /* Build configuration list for PBXProject "co_net" */ = {
			isa = XCConfigurationList;
			buildConfigurations = (
				4A09F3DD25AABEA100AC987D /* Debug */,
				4A09F3DE25AABEA100AC987D /* Release */,
			);
			defaultConfigurationIsVisible = 0;
			defaultConfigurationName = Release;
		};
		4A09F3DF25AABEA100AC987D /* Build configuration list for PBXNativeTarget "co_net" */ = {
			isa = XCConfigurationList;
			buildConfigurations = (
				4A09F3E025AABEA100AC987D /* Debug */,
				4A09F3E125AABEA100AC987D /* Release */,
			);
			defaultConfigurationIsVisible = 0;
			defaultConfigurationName = Release;
		};
/* End XCConfigurationList section */
	};
	rootObject = 4A09F3D325AABEA100AC987D /* Project object */;
}
