
Microsoft Visual Studio Solution File, Format Version 12.00
# Visual Studio Version 16
VisualStudioVersion = 16.0.30717.126
MinimumVisualStudioVersion = 10.0.40219.1
Project("{8BC9CEB8-8B4A-11D0-8D11-00A0C91BC942}") = "co_http2", "co_http2.vcxproj", "{C026F32C-B005-436B-9F8F-48C7EA25D333}"
EndProject
Global
	GlobalSection(SolutionConfigurationPlatforms) = preSolution
		Debug|x64 = Debug|x64
		Debug|x86 = Debug|x86
		Release|x64 = Release|x64
		Release|x86 = Release|x86
	EndGlobalSection
	GlobalSection(ProjectConfigurationPlatforms) = postSolution
		{C026F32C-B005-436B-9F8F-48C7EA25D333}.Debug|x64.ActiveCfg = Debug|x64
		{C026F32C-B005-436B-9F8F-48C7EA25D333}.Debug|x64.Build.0 = Debug|x64
		{C026F32C-B005-436B-9F8F-48C7EA25D333}.Debug|x86.ActiveCfg = Debug|Win32
		{C026F32C-B005-436B-9F8F-48C7EA25D333}.Debug|x86.Build.0 = Debug|Win32
		{C026F32C-B005-436B-9F8F-48C7EA25D333}.Release|x64.ActiveCfg = Release|x64
		{C026F32C-B005-436B-9F8F-48C7EA25D333}.Release|x64.Build.0 = Release|x64
		{C026F32C-B005-436B-9F8F-48C7EA25D333}.Release|x86.ActiveCfg = Release|Win32
		{C026F32C-B005-436B-9F8F-48C7EA25D333}.Release|x86.Build.0 = Release|Win32
	EndGlobalSection
	GlobalSection(SolutionProperties) = preSolution
		HideSolutionNode = FALSE
	EndGlobalSection
	GlobalSection(ExtensibilityGlobals) = postSolution
		SolutionGuid = {980D2D6A-4A89-437F-BACA-7DD0EE9642E9}
	EndGlobalSection
EndGlobal
