
Microsoft Visual Studio Solution File, Format Version 12.00
# Visual Studio Version 16
VisualStudioVersion = 16.0.30717.126
MinimumVisualStudioVersion = 10.0.40219.1
Project("{8BC9CEB8-8B4A-11D0-8D11-00A0C91BC942}") = "http_client", "http_client.vcxproj", "{7436428B-CFF1-4302-A9A4-A40DAB79699A}"
EndProject
Project("{8BC9CEB8-8B4A-11D0-8D11-00A0C91BC942}") = "co", "..\..\..\..\..\prj\vs19\co_core\co.vcxproj", "{35F9BC66-C08B-46C0-BFDE-C9B42DEDAE15}"
EndProject
Project("{8BC9CEB8-8B4A-11D0-8D11-00A0C91BC942}") = "co_net", "..\..\..\..\..\prj\vs19\co_net\co_net.vcxproj", "{BC7AFCD0-9685-4D50-949C-FC7A194E972F}"
EndProject
Project("{8BC9CEB8-8B4A-11D0-8D11-00A0C91BC942}") = "co_http", "..\..\..\..\..\prj\vs19\co_http\co_http.vcxproj", "{702988B4-8828-46E5-951F-AB5267DB3B38}"
EndProject
Project("{8BC9CEB8-8B4A-11D0-8D11-00A0C91BC942}") = "co_tls", "..\..\..\..\..\prj\vs19\co_tls\co_tls.vcxproj", "{325FD737-E9F2-4528-B106-E009D03B0788}"
EndProject
Global
	GlobalSection(SolutionConfigurationPlatforms) = preSolution
		Debug|x64 = Debug|x64
		Debug|x86 = Debug|x86
		Release|x64 = Release|x64
		Release|x86 = Release|x86
	EndGlobalSection
	GlobalSection(ProjectConfigurationPlatforms) = postSolution
		{7436428B-CFF1-4302-A9A4-A40DAB79699A}.Debug|x64.ActiveCfg = Debug|x64
		{7436428B-CFF1-4302-A9A4-A40DAB79699A}.Debug|x64.Build.0 = Debug|x64
		{7436428B-CFF1-4302-A9A4-A40DAB79699A}.Debug|x86.ActiveCfg = Debug|Win32
		{7436428B-CFF1-4302-A9A4-A40DAB79699A}.Debug|x86.Build.0 = Debug|Win32
		{7436428B-CFF1-4302-A9A4-A40DAB79699A}.Release|x64.ActiveCfg = Release|x64
		{7436428B-CFF1-4302-A9A4-A40DAB79699A}.Release|x64.Build.0 = Release|x64
		{7436428B-CFF1-4302-A9A4-A40DAB79699A}.Release|x86.ActiveCfg = Release|Win32
		{7436428B-CFF1-4302-A9A4-A40DAB79699A}.Release|x86.Build.0 = Release|Win32
		{35F9BC66-C08B-46C0-BFDE-C9B42DEDAE15}.Debug|x64.ActiveCfg = Debug|x64
		{35F9BC66-C08B-46C0-BFDE-C9B42DEDAE15}.Debug|x64.Build.0 = Debug|x64
		{35F9BC66-C08B-46C0-BFDE-C9B42DEDAE15}.Debug|x86.ActiveCfg = Debug|Win32
		{35F9BC66-C08B-46C0-BFDE-C9B42DEDAE15}.Debug|x86.Build.0 = Debug|Win32
		{35F9BC66-C08B-46C0-BFDE-C9B42DEDAE15}.Release|x64.ActiveCfg = Release|x64
		{35F9BC66-C08B-46C0-BFDE-C9B42DEDAE15}.Release|x64.Build.0 = Release|x64
		{35F9BC66-C08B-46C0-BFDE-C9B42DEDAE15}.Release|x86.ActiveCfg = Release|Win32
		{35F9BC66-C08B-46C0-BFDE-C9B42DEDAE15}.Release|x86.Build.0 = Release|Win32
		{BC7AFCD0-9685-4D50-949C-FC7A194E972F}.Debug|x64.ActiveCfg = Debug|x64
		{BC7AFCD0-9685-4D50-949C-FC7A194E972F}.Debug|x64.Build.0 = Debug|x64
		{BC7AFCD0-9685-4D50-949C-FC7A194E972F}.Debug|x86.ActiveCfg = Debug|Win32
		{BC7AFCD0-9685-4D50-949C-FC7A194E972F}.Debug|x86.Build.0 = Debug|Win32
		{BC7AFCD0-9685-4D50-949C-FC7A194E972F}.Release|x64.ActiveCfg = Release|x64
		{BC7AFCD0-9685-4D50-949C-FC7A194E972F}.Release|x64.Build.0 = Release|x64
		{BC7AFCD0-9685-4D50-949C-FC7A194E972F}.Release|x86.ActiveCfg = Release|Win32
		{BC7AFCD0-9685-4D50-949C-FC7A194E972F}.Release|x86.Build.0 = Release|Win32
		{702988B4-8828-46E5-951F-AB5267DB3B38}.Debug|x64.ActiveCfg = Debug|x64
		{702988B4-8828-46E5-951F-AB5267DB3B38}.Debug|x64.Build.0 = Debug|x64
		{702988B4-8828-46E5-951F-AB5267DB3B38}.Debug|x86.ActiveCfg = Debug|Win32
		{702988B4-8828-46E5-951F-AB5267DB3B38}.Debug|x86.Build.0 = Debug|Win32
		{702988B4-8828-46E5-951F-AB5267DB3B38}.Release|x64.ActiveCfg = Release|x64
		{702988B4-8828-46E5-951F-AB5267DB3B38}.Release|x64.Build.0 = Release|x64
		{702988B4-8828-46E5-951F-AB5267DB3B38}.Release|x86.ActiveCfg = Release|Win32
		{702988B4-8828-46E5-951F-AB5267DB3B38}.Release|x86.Build.0 = Release|Win32
		{325FD737-E9F2-4528-B106-E009D03B0788}.Debug|x64.ActiveCfg = Debug|x64
		{325FD737-E9F2-4528-B106-E009D03B0788}.Debug|x64.Build.0 = Debug|x64
		{325FD737-E9F2-4528-B106-E009D03B0788}.Debug|x86.ActiveCfg = Debug|Win32
		{325FD737-E9F2-4528-B106-E009D03B0788}.Debug|x86.Build.0 = Debug|Win32
		{325FD737-E9F2-4528-B106-E009D03B0788}.Release|x64.ActiveCfg = Release|x64
		{325FD737-E9F2-4528-B106-E009D03B0788}.Release|x64.Build.0 = Release|x64
		{325FD737-E9F2-4528-B106-E009D03B0788}.Release|x86.ActiveCfg = Release|Win32
		{325FD737-E9F2-4528-B106-E009D03B0788}.Release|x86.Build.0 = Release|Win32
	EndGlobalSection
	GlobalSection(SolutionProperties) = preSolution
		HideSolutionNode = FALSE
	EndGlobalSection
	GlobalSection(ExtensibilityGlobals) = postSolution
		SolutionGuid = {C2D39EEF-A5F4-46E2-B157-D8D3CA763E6B}
	EndGlobalSection
EndGlobal
