// !$*UTF8*$!
{
	archiveVersion = 1;
	classes = {
	};
	objectVersion = 50;
	objects = {

/* Begin PBXBuildFile section */
		4A23C2AA25F253A500D3E910 /* libco_core.a in Frameworks */ = {isa = PBXBuildFile; fileRef = 4A23C28525F2530900D3E910 /* libco_core.a */; };
		4A23C2AB25F253A500D3E910 /* libco_http.a in Frameworks */ = {isa = PBXBuildFile; fileRef = 4A23C28D25F2531F00D3E910 /* libco_http.a */; };
		4A23C2AC25F253A500D3E910 /* libco_net.a in Frameworks */ = {isa = PBXBuildFile; fileRef = 4A23C29525F2533700D3E910 /* libco_net.a */; };
		4A23C2AD25F253A500D3E910 /* libco_tls.a in Frameworks */ = {isa = PBXBuildFile; fileRef = 4A23C29D25F2534E00D3E910 /* libco_tls.a */; };
		4A23C2AE25F253A500D3E910 /* libco_ws.a in Frameworks */ = {isa = PBXBuildFile; fileRef = 4A23C2A525F2536200D3E910 /* libco_ws.a */; };
		4A23C2B025F253BD00D3E910 /* main.c in Sources */ = {isa = PBXBuildFile; fileRef = 4A23C2AF25F253BD00D3E910 /* main.c */; };
/* End PBXBuildFile section */

/* Begin PBXContainerItemProxy section */
		4A23C28425F2530900D3E910 /* PBXContainerItemProxy */ = {
			isa = PBXContainerItemProxy;
			containerPortal = 4A23C28025F2530900D3E910 /* co_core.xcodeproj */;
			proxyType = 2;
			remoteGlobalIDString = 4AFA7EDE25B5E88F006D1AD7;
			remoteInfo = co_core;
		};
		4A23C28C25F2531F00D3E910 /* PBXContainerItemProxy */ = {
			isa = PBXContainerItemProxy;
			containerPortal = 4A23C28825F2531E00D3E910 /* co_http.xcodeproj */;
			proxyType = 2;
			remoteGlobalIDString = 4AFA7E8325B5E500006D1AD7;
			remoteInfo = co_http;
		};
		4A23C29425F2533700D3E910 /* PBXContainerItemProxy */ = {
			isa = PBXContainerItemProxy;
			containerPortal = 4A23C29025F2533700D3E910 /* co_net.xcodeproj */;
			proxyType = 2;
			remoteGlobalIDString = 4A09F3DB25AABEA100AC987D;
			remoteInfo = co_net;
		};
		4A23C29C25F2534E00D3E910 /* PBXContainerItemProxy */ = {
			isa = PBXContainerItemProxy;
			containerPortal = 4A23C29825F2534E00D3E910 /* co_tls.xcodeproj */;
			proxyType = 2;
			remoteGlobalIDString = 4ACE0B0C25B5D1BC00674D6C;
			remoteInfo = co_tls;
		};
		4A23C2A425F2536200D3E910 /* PBXContainerItemProxy */ = {
			isa = PBXContainerItemProxy;
			containerPortal = 4A23C2A025F2536200D3E910 /* co_ws.xcodeproj */;
			proxyType = 2;
			remoteGlobalIDString = 4A23C22D25F2491C00D3E910;
			remoteInfo = co_ws;
		};
/* End PBXContainerItemProxy section */

/* Begin PBXCopyFilesBuildPhase section */
		4A23C26E25F2528800D3E910 /* CopyFiles */ = {
			isa = PBXCopyFilesBuildPhase;
			buildActionMask = 2147483647;
			dstPath = /usr/share/man/man1/;
			dstSubfolderSpec = 0;
			files = (
			);
			runOnlyForDeploymentPostprocessing = 1;
		};
/* End PBXCopyFilesBuildPhase section */

/* Begin PBXFileReference section */
		4A23C27025F2528800D3E910 /* ws_client */ = {isa = PBXFileReference; explicitFileType = "compiled.mach-o.executable"; includeInIndex = 0; path = ws_client; sourceTree = BUILT_PRODUCTS_DIR; };
		4A23C28025F2530900D3E910 /* co_core.xcodeproj */ = {isa = PBXFileReference; lastKnownFileType = "wrapper.pb-project"; name = co_core.xcodeproj; path = ../../../../prj/xcode/co_core/co_core.xcodeproj; sourceTree = "<group>"; };
		4A23C28825F2531E00D3E910 /* co_http.xcodeproj */ = {isa = PBXFileReference; lastKnownFileType = "wrapper.pb-project"; name = co_http.xcodeproj; path = ../../../../prj/xcode/co_http/co_http.xcodeproj; sourceTree = "<group>"; };
		4A23C29025F2533700D3E910 /* co_net.xcodeproj */ = {isa = PBXFileReference; lastKnownFileType = "wrapper.pb-project"; name = co_net.xcodeproj; path = ../../../../prj/xcode/co_net/co_net.xcodeproj; sourceTree = "<group>"; };
		4A23C29825F2534E00D3E910 /* co_tls.xcodeproj */ = {isa = PBXFileReference; lastKnownFileType = "wrapper.pb-project"; name = co_tls.xcodeproj; path = ../../../../prj/xcode/co_tls/co_tls.xcodeproj; sourceTree = "<group>"; };
		4A23C2A025F2536200D3E910 /* co_ws.xcodeproj */ = {isa = PBXFileReference; lastKnownFileType = "wrapper.pb-project"; name = co_ws.xcodeproj; path = ../../../../prj/xcode/co_ws/co_ws.xcodeproj; sourceTree = "<group>"; };
		4A23C2A825F2537600D3E910 /* example_openssl.xcconfig */ = {isa = PBXFileReference; fileEncoding = 4; lastKnownFileType = text.xcconfig; name = example_openssl.xcconfig; path = ../../../example_openssl.xcconfig; sourceTree = "<group>"; };
		4A23C2AF25F253BD00D3E910 /* main.c */ = {isa = PBXFileReference; fileEncoding = 4; lastKnownFileType = sourcecode.c.c; name = main.c; path = ../../main.c; sourceTree = "<group>"; };
/* End PBXFileReference section */

/* Begin PBXFrameworksBuildPhase section */
		4A23C26D25F2528800D3E910 /* Frameworks */ = {
			isa = PBXFrameworksBuildPhase;
			buildActionMask = 2147483647;
			files = (
				4A23C2AC25F253A500D3E910 /* libco_net.a in Frameworks */,
				4A23C2AE25F253A500D3E910 /* libco_ws.a in Frameworks */,
				4A23C2AD25F253A500D3E910 /* libco_tls.a in Frameworks */,
				4A23C2AA25F253A500D3E910 /* libco_core.a in Frameworks */,
				4A23C2AB25F253A500D3E910 /* libco_http.a in Frameworks */,
			);
			runOnlyForDeploymentPostprocessing = 0;
		};
/* End PBXFrameworksBuildPhase section */

/* Begin PBXGroup section */
		4A23C26725F2528700D3E910 = {
			isa = PBXGroup;
			children = (
				4A23C2A825F2537600D3E910 /* example_openssl.xcconfig */,
				4A23C2A025F2536200D3E910 /* co_ws.xcodeproj */,
				4A23C29825F2534E00D3E910 /* co_tls.xcodeproj */,
				4A23C29025F2533700D3E910 /* co_net.xcodeproj */,
				4A23C28825F2531E00D3E910 /* co_http.xcodeproj */,
				4A23C28025F2530900D3E910 /* co_core.xcodeproj */,
				4A23C2AF25F253BD00D3E910 /* main.c */,
				4A23C27125F2528800D3E910 /* Products */,
				4A23C2A925F253A500D3E910 /* Frameworks */,
			);
			sourceTree = "<group>";
		};
		4A23C27125F2528800D3E910 /* Products */ = {
			isa = PBXGroup;
			children = (
				4A23C27025F2528800D3E910 /* ws_client */,
			);
			name = Products;
			sourceTree = "<group>";
		};
		4A23C28125F2530900D3E910 /* Products */ = {
			isa = PBXGroup;
			children = (
				4A23C28525F2530900D3E910 /* libco_core.a */,
			);
			name = Products;
			sourceTree = "<group>";
		};
		4A23C28925F2531E00D3E910 /* Products */ = {
			isa = PBXGroup;
			children = (
				4A23C28D25F2531F00D3E910 /* libco_http.a */,
			);
			name = Products;
			sourceTree = "<group>";
		};
		4A23C29125F2533700D3E910 /* Products */ = {
			isa = PBXGroup;
			children = (
				4A23C29525F2533700D3E910 /* libco_net.a */,
			);
			name = Products;
			sourceTree = "<group>";
		};
		4A23C29925F2534E00D3E910 /* Products */ = {
			isa = PBXGroup;
			children = (
				4A23C29D25F2534E00D3E910 /* libco_tls.a */,
			);
			name = Products;
			sourceTree = "<group>";
		};
		4A23C2A125F2536200D3E910 /* Products */ = {
			isa = PBXGroup;
			children = (
				4A23C2A525F2536200D3E910 /* libco_ws.a */,
			);
			name = Products;
			sourceTree = "<group>";
		};
		4A23C2A925F253A500D3E910 /* Frameworks */ = {
			isa = PBXGroup;
			children = (
			);
			name = Frameworks;
			sourceTree = "<group>";
		};
/* End PBXGroup section */

/* Begin PBXNativeTarget section */
		4A23C26F25F2528800D3E910 /* ws_client */ = {
			isa = PBXNativeTarget;
			buildConfigurationList = 4A23C27725F2528800D3E910 /* Build configuration list for PBXNativeTarget "ws_client" */;
			buildPhases = (
				4A23C26C25F2528800D3E910 /* Sources */,
				4A23C26D25F2528800D3E910 /* Frameworks */,
				4A23C26E25F2528800D3E910 /* CopyFiles */,
			);
			buildRules = (
			);
			dependencies = (
			);
			name = ws_client;
			productName = ws_client;
			productReference = 4A23C27025F2528800D3E910 /* ws_client */;
			productType = "com.apple.product-type.tool";
		};
/* End PBXNativeTarget section */

/* Begin PBXProject section */
		4A23C26825F2528700D3E910 /* Project object */ = {
			isa = PBXProject;
			attributes = {
				LastUpgradeCheck = 1200;
				TargetAttributes = {
					4A23C26F25F2528800D3E910 = {
						CreatedOnToolsVersion = 12.0.1;
					};
				};
			};
			buildConfigurationList = 4A23C26B25F2528700D3E910 /* Build configuration list for PBXProject "ws_client" */;
			compatibilityVersion = "Xcode 9.3";
			developmentRegion = en;
			hasScannedForEncodings = 0;
			knownRegions = (
				en,
				Base,
			);
			mainGroup = 4A23C26725F2528700D3E910;
			productRefGroup = 4A23C27125F2528800D3E910 /* Products */;
			projectDirPath = "";
			projectReferences = (
				{
					ProductGroup = 4A23C28125F2530900D3E910 /* Products */;
					ProjectRef = 4A23C28025F2530900D3E910 /* co_core.xcodeproj */;
				},
				{
					ProductGroup = 4A23C28925F2531E00D3E910 /* Products */;
					ProjectRef = 4A23C28825F2531E00D3E910 /* co_http.xcodeproj */;
				},
				{
					ProductGroup = 4A23C29125F2533700D3E910 /* Products */;
					ProjectRef = 4A23C29025F2533700D3E910 /* co_net.xcodeproj */;
				},
				{
					ProductGroup = 4A23C29925F2534E00D3E910 /* Products */;
					ProjectRef = 4A23C29825F2534E00D3E910 /* co_tls.xcodeproj */;
				},
				{
					ProductGroup = 4A23C2A125F2536200D3E910 /* Products */;
					ProjectRef = 4A23C2A025F2536200D3E910 /* co_ws.xcodeproj */;
				},
			);
			projectRoot = "";
			targets = (
				4A23C26F25F2528800D3E910 /* ws_client */,
			);
		};
/* End PBXProject section */

/* Begin PBXReferenceProxy section */
		4A23C28525F2530900D3E910 /* libco_core.a */ = {
			isa = PBXReferenceProxy;
			fileType = archive.ar;
			path = libco_core.a;
			remoteRef = 4A23C28425F2530900D3E910 /* PBXContainerItemProxy */;
			sourceTree = BUILT_PRODUCTS_DIR;
		};
		4A23C28D25F2531F00D3E910 /* libco_http.a */ = {
			isa = PBXReferenceProxy;
			fileType = archive.ar;
			path = libco_http.a;
			remoteRef = 4A23C28C25F2531F00D3E910 /* PBXContainerItemProxy */;
			sourceTree = BUILT_PRODUCTS_DIR;
		};
		4A23C29525F2533700D3E910 /* libco_net.a */ = {
			isa = PBXReferenceProxy;
			fileType = archive.ar;
			path = libco_net.a;
			remoteRef = 4A23C29425F2533700D3E910 /* PBXContainerItemProxy */;
			sourceTree = BUILT_PRODUCTS_DIR;
		};
		4A23C29D25F2534E00D3E910 /* libco_tls.a */ = {
			isa = PBXReferenceProxy;
			fileType = archive.ar;
			path = libco_tls.a;
			remoteRef = 4A23C29C25F2534E00D3E910 /* PBXContainerItemProxy */;
			sourceTree = BUILT_PRODUCTS_DIR;
		};
		4A23C2A525F2536200D3E910 /* libco_ws.a */ = {
			isa = PBXReferenceProxy;
			fileType = archive.ar;
			path = libco_ws.a;
			remoteRef = 4A23C2A425F2536200D3E910 /* PBXContainerItemProxy */;
			sourceTree = BUILT_PRODUCTS_DIR;
		};
/* End PBXReferenceProxy section */

/* Begin PBXSourcesBuildPhase section */
		4A23C26C25F2528800D3E910 /* Sources */ = {
			isa = PBXSourcesBuildPhase;
			buildActionMask = 2147483647;
			files = (
				4A23C2B025F253BD00D3E910 /* main.c in Sources */,
			);
			runOnlyForDeploymentPostprocessing = 0;
		};
/* End PBXSourcesBuildPhase section */

/* Begin XCBuildConfiguration section */
		4A23C27525F2528800D3E910 /* Debug */ = {
			isa = XCBuildConfiguration;
			buildSettings = {
				ALWAYS_SEARCH_USER_PATHS = NO;
				CLANG_ANALYZER_NONNULL = YES;
				CLANG_ANALYZER_NUMBER_OBJECT_CONVERSION = YES_AGGRESSIVE;
				CLANG_CXX_LANGUAGE_STANDARD = "gnu++14";
				CLANG_CXX_LIBRARY = "libc++";
				CLANG_ENABLE_MODULES = YES;
				CLANG_ENABLE_OBJC_ARC = YES;
				CLANG_ENABLE_OBJC_WEAK = YES;
				CLANG_WARN_BLOCK_CAPTURE_AUTORELEASING = YES;
				CLANG_WARN_BOOL_CONVERSION = YES;
				CLANG_WARN_COMMA = YES;
				CLANG_WARN_CONSTANT_CONVERSION = YES;
				CLANG_WARN_DEPRECATED_OBJC_IMPLEMENTATIONS = YES;
				CLANG_WARN_DIRECT_OBJC_ISA_USAGE = YES_ERROR;
				CLANG_WARN_DOCUMENTATION_COMMENTS = YES;
				CLANG_WARN_EMPTY_BODY = YES;
				CLANG_WARN_ENUM_CONVERSION = YES;
				CLANG_WARN_INFINITE_RECURSION = YES;
				CLANG_WARN_INT_CONVERSION = YES;
				CLANG_WARN_NON_LITERAL_NULL_CONVERSION = YES;
				CLANG_WARN_OBJC_IMPLICIT_RETAIN_SELF = YES;
				CLANG_WARN_OBJC_LITERAL_CONVERSION = YES;
				CLANG_WARN_OBJC_ROOT_CLASS = YES_ERROR;
				CLANG_WARN_QUOTED_INCLUDE_IN_FRAMEWORK_HEADER = YES;
				CLANG_WARN_RANGE_LOOP_ANALYSIS = YES;
				CLANG_WARN_STRICT_PROTOTYPES = YES;
				CLANG_WARN_SUSPICIOUS_MOVE = YES;
				CLANG_WARN_UNGUARDED_AVAILABILITY = YES_AGGRESSIVE;
				CLANG_WARN_UNREACHABLE_CODE = YES;
				CLANG_WARN__DUPLICATE_METHOD_MATCH = YES;
				COPY_PHASE_STRIP = NO;
				DEBUG_INFORMATION_FORMAT = dwarf;
				ENABLE_STRICT_OBJC_MSGSEND = YES;
				ENABLE_TESTABILITY = YES;
				GCC_C_LANGUAGE_STANDARD = gnu11;
				GCC_DYNAMIC_NO_PIC = NO;
				GCC_NO_COMMON_BLOCKS = YES;
				GCC_OPTIMIZATION_LEVEL = 0;
				GCC_PREPROCESSOR_DEFINITIONS = (
					"DEBUG=1",
					"$(inherited)",
				);
				GCC_WARN_64_TO_32_BIT_CONVERSION = YES;
				GCC_WARN_ABOUT_RETURN_TYPE = YES_ERROR;
				GCC_WARN_UNDECLARED_SELECTOR = YES;
				GCC_WARN_UNINITIALIZED_AUTOS = YES_AGGRESSIVE;
				GCC_WARN_UNUSED_FUNCTION = YES;
				GCC_WARN_UNUSED_VARIABLE = YES;
				MACOSX_DEPLOYMENT_TARGET = 10.15;
				MTL_ENABLE_DEBUG_INFO = INCLUDE_SOURCE;
				MTL_FAST_MATH = YES;
				ONLY_ACTIVE_ARCH = YES;
				SDKROOT = macosx;
			};
			name = Debug;
		};
		4A23C27625F2528800D3E910 /* Release */ = {
			isa = XCBuildConfiguration;
			buildSettings = {
				ALWAYS_SEARCH_USER_PATHS = NO;
				CLANG_ANALYZER_NONNULL = YES;
				CLANG_ANALYZER_NUMBER_OBJECT_CONVERSION = YES_AGGRESSIVE;
				CLANG_CXX_LANGUAGE_STANDARD = "gnu++14";
				CLANG_CXX_LIBRARY = "libc++";
				CLANG_ENABLE_MODULES = YES;
				CLANG_ENABLE_OBJC_ARC = YES;
				CLANG_ENABLE_OBJC_WEAK = YES;
				CLANG_WARN_BLOCK_CAPTURE_AUTORELEASING = YES;
				CLANG_WARN_BOOL_CONVERSION = YES;
				CLANG_WARN_COMMA = YES;
				CLANG_WARN_CONSTANT_CONVERSION = YES;
				CLANG_WARN_DEPRECATED_OBJC_IMPLEMENTATIONS = YES;
				CLANG_WARN_DIRECT_OBJC_ISA_USAGE = YES_ERROR;
				CLANG_WARN_DOCUMENTATION_COMMENTS = YES;
				CLANG_WARN_EMPTY_BODY = YES;
				CLANG_WARN_ENUM_CONVERSION = YES;
				CLANG_WARN_INFINITE_RECURSION = YES;
				CLANG_WARN_INT_CONVERSION = YES;
				CLANG_WARN_NON_LITERAL_NULL_CONVERSION = YES;
				CLANG_WARN_OBJC_IMPLICIT_RETAIN_SELF = YES;
				CLANG_WARN_OBJC_LITERAL_CONVERSION = YES;
				CLANG_WARN_OBJC_ROOT_CLASS = YES_ERROR;
				CLANG_WARN_QUOTED_INCLUDE_IN_FRAMEWORK_HEADER = YES;
				CLANG_WARN_RANGE_LOOP_ANALYSIS = YES;
				CLANG_WARN_STRICT_PROTOTYPES = YES;
				CLANG_WARN_SUSPICIOUS_MOVE = YES;
				CLANG_WARN_UNGUARDED_AVAILABILITY = YES_AGGRESSIVE;
				CLANG_WARN_UNREACHABLE_CODE = YES;
				CLANG_WARN__DUPLICATE_METHOD_MATCH = YES;
				COPY_PHASE_STRIP = NO;
				DEBUG_INFORMATION_FORMAT = "dwarf-with-dsym";
				ENABLE_NS_ASSERTIONS = NO;
				ENABLE_STRICT_OBJC_MSGSEND = YES;
				GCC_C_LANGUAGE_STANDARD = gnu11;
				GCC_NO_COMMON_BLOCKS = YES;
				GCC_WARN_64_TO_32_BIT_CONVERSION = YES;
				GCC_WARN_ABOUT_RETURN_TYPE = YES_ERROR;
				GCC_WARN_UNDECLARED_SELECTOR = YES;
				GCC_WARN_UNINITIALIZED_AUTOS = YES_AGGRESSIVE;
				GCC_WARN_UNUSED_FUNCTION = YES;
				GCC_WARN_UNUSED_VARIABLE = YES;
				MACOSX_DEPLOYMENT_TARGET = 10.15;
				MTL_ENABLE_DEBUG_INFO = NO;
				MTL_FAST_MATH = YES;
				SDKROOT = macosx;
			};
			name = Release;
		};
		4A23C27825F2528800D3E910 /* Debug */ = {
			isa = XCBuildConfiguration;
			baseConfigurationReference = 4A23C2A825F2537600D3E910 /* example_openssl.xcconfig */;
			buildSettings = {
				CODE_SIGN_STYLE = Automatic;
				PRODUCT_NAME = "$(TARGET_NAME)";
			};
			name = Debug;
		};
		4A23C27925F2528800D3E910 /* Release */ = {
			isa = XCBuildConfiguration;
			baseConfigurationReference = 4A23C2A825F2537600D3E910 /* example_openssl.xcconfig */;
			buildSettings = {
				CODE_SIGN_STYLE = Automatic;
				PRODUCT_NAME = "$(TARGET_NAME)";
			};
			name = Release;
		};
/* End XCBuildConfiguration section */

/* Begin XCConfigurationList section */
		4A23C26B25F2528700D3E910 /* Build configuration list for PBXProject "ws_client" */ = {
			isa = XCConfigurationList;
			buildConfigurations = (
				4A23C27525F2528800D3E910 /* Debug */,
				4A23C27625F2528800D3E910 /* Release */,
			);
			defaultConfigurationIsVisible = 0;
			defaultConfigurationName = Release;
		};
		4A23C27725F2528800D3E910 /* Build configuration list for PBXNativeTarget "ws_client" */ = {
			isa = XCConfigurationList;
			buildConfigurations = (
				4A23C27825F2528800D3E910 /* Debug */,
				4A23C27925F2528800D3E910 /* Release */,
			);
			defaultConfigurationIsVisible = 0;
			defaultConfigurationName = Release;
		};
/* End XCConfigurationList section */
	};
	rootObject = 4A23C26825F2528700D3E910 /* Project object */;
}
